Microsoft Visual Studio Solution File, Format Version 8.00
Project("{8BC9CEB8-8B4A-11D0-8D11-00A0C91BC942}") = "cpfg", "cpfg.vcproj", "{AFC21E4C-800D-48EB-8E3F-4048DB8C73E4}"
	ProjectSection(ProjectDependencies) = postProject
		{08349937-831B-45CB-842C-00FBAEACBE7B} = {08349937-831B-45CB-842C-00FBAEACBE7B}
		{8AD42689-9FF0-40BB-9088-1FA0E8383DA3} = {8AD42689-9FF0-40BB-9088-1FA0E8383DA3}
		{3B5AD0A0-64CF-475C-8D32-14339B9C53BD} = {3B5AD0A0-64CF-475C-8D32-14339B9C53BD}
	EndProjectSection
EndProject
Project("{8BC9CEB8-8B4A-11D0-8D11-00A0C91BC942}") = "scramble", "..\libs\scramble\scramble.vcproj", "{3B5AD0A0-64CF-475C-8D32-14339B9C53BD}"
	ProjectSection(ProjectDependencies) = postProject
	EndProjectSection
EndProject
Project("{8BC9CEB8-8B4A-11D0-8D11-00A0C91BC942}") = "comm_lib", "..\libs\comm\comm_lib.vcproj", "{8AD42689-9FF0-40BB-9088-1FA0E8383DA3}"
	ProjectSection(ProjectDependencies) = postProject
	EndProjectSection
EndProject
Project("{8BC9CEB8-8B4A-11D0-8D11-00A0C91BC942}") = "rand48", "..\libs\rand48\rand48.vcproj", "{08349937-831B-45CB-842C-00FBAEACBE7B}"
	ProjectSection(ProjectDependencies) = postProject
	EndProjectSection
EndProject
Project("{8BC9CEB8-8B4A-11D0-8D11-00A0C91BC942}") = "image", "..\libs\image\image.vcproj", "{FE34FD43-7DD2-4B13-9532-0CD918AD9B0E}"
	ProjectSection(ProjectDependencies) = postProject
	EndProjectSection
EndProject
Global
	GlobalSection(SolutionConfiguration) = preSolution
		cpfgv = cpfgv
		Debug = Debug
		DebugMT = DebugMT
		Eval = Eval
		JimDebug = JimDebug
		Release = Release
		ReleaseMT = ReleaseMT
		ReleaseST = ReleaseST
	EndGlobalSection
	GlobalSection(ProjectConfiguration) = postSolution
		{AFC21E4C-800D-48EB-8E3F-4048DB8C73E4}.cpfgv.ActiveCfg = cpfgv|Win32
		{AFC21E4C-800D-48EB-8E3F-4048DB8C73E4}.cpfgv.Build.0 = cpfgv|Win32
		{AFC21E4C-800D-48EB-8E3F-4048DB8C73E4}.Debug.ActiveCfg = JimDebug|Win32
		{AFC21E4C-800D-48EB-8E3F-4048DB8C73E4}.Debug.Build.0 = JimDebug|Win32
		{AFC21E4C-800D-48EB-8E3F-4048DB8C73E4}.DebugMT.ActiveCfg = Debug|Win32
		{AFC21E4C-800D-48EB-8E3F-4048DB8C73E4}.DebugMT.Build.0 = Debug|Win32
		{AFC21E4C-800D-48EB-8E3F-4048DB8C73E4}.Eval.ActiveCfg = Eval|Win32
		{AFC21E4C-800D-48EB-8E3F-4048DB8C73E4}.Eval.Build.0 = Eval|Win32
		{AFC21E4C-800D-48EB-8E3F-4048DB8C73E4}.JimDebug.ActiveCfg = JimDebug|Win32
		{AFC21E4C-800D-48EB-8E3F-4048DB8C73E4}.JimDebug.Build.0 = JimDebug|Win32
		{AFC21E4C-800D-48EB-8E3F-4048DB8C73E4}.Release.ActiveCfg = Release|Win32
		{AFC21E4C-800D-48EB-8E3F-4048DB8C73E4}.Release.Build.0 = Release|Win32
		{AFC21E4C-800D-48EB-8E3F-4048DB8C73E4}.ReleaseMT.ActiveCfg = Release|Win32
		{AFC21E4C-800D-48EB-8E3F-4048DB8C73E4}.ReleaseMT.Build.0 = Release|Win32
		{AFC21E4C-800D-48EB-8E3F-4048DB8C73E4}.ReleaseST.ActiveCfg = Release|Win32
		{AFC21E4C-800D-48EB-8E3F-4048DB8C73E4}.ReleaseST.Build.0 = Release|Win32
		{3B5AD0A0-64CF-475C-8D32-14339B9C53BD}.cpfgv.ActiveCfg = ReleaseST|Win32
		{3B5AD0A0-64CF-475C-8D32-14339B9C53BD}.cpfgv.Build.0 = ReleaseST|Win32
		{3B5AD0A0-64CF-475C-8D32-14339B9C53BD}.Debug.ActiveCfg = DebugST|Win32
		{3B5AD0A0-64CF-475C-8D32-14339B9C53BD}.Debug.Build.0 = DebugST|Win32
		{3B5AD0A0-64CF-475C-8D32-14339B9C53BD}.DebugMT.ActiveCfg = DebugST|Win32
		{3B5AD0A0-64CF-475C-8D32-14339B9C53BD}.DebugMT.Build.0 = DebugST|Win32
		{3B5AD0A0-64CF-475C-8D32-14339B9C53BD}.Eval.ActiveCfg = ReleaseST|Win32
		{3B5AD0A0-64CF-475C-8D32-14339B9C53BD}.Eval.Build.0 = ReleaseST|Win32
		{3B5AD0A0-64CF-475C-8D32-14339B9C53BD}.JimDebug.ActiveCfg = Debug|Win32
		{3B5AD0A0-64CF-475C-8D32-14339B9C53BD}.JimDebug.Build.0 = Debug|Win32
		{3B5AD0A0-64CF-475C-8D32-14339B9C53BD}.Release.ActiveCfg = Release|Win32
		{3B5AD0A0-64CF-475C-8D32-14339B9C53BD}.Release.Build.0 = Release|Win32
		{3B5AD0A0-64CF-475C-8D32-14339B9C53BD}.ReleaseMT.ActiveCfg = ReleaseST|Win32
		{3B5AD0A0-64CF-475C-8D32-14339B9C53BD}.ReleaseMT.Build.0 = ReleaseST|Win32
		{3B5AD0A0-64CF-475C-8D32-14339B9C53BD}.ReleaseST.ActiveCfg = ReleaseST|Win32
		{3B5AD0A0-64CF-475C-8D32-14339B9C53BD}.ReleaseST.Build.0 = ReleaseST|Win32
		{8AD42689-9FF0-40BB-9088-1FA0E8383DA3}.cpfgv.ActiveCfg = Release|Win32
		{8AD42689-9FF0-40BB-9088-1FA0E8383DA3}.cpfgv.Build.0 = Release|Win32
		{8AD42689-9FF0-40BB-9088-1FA0E8383DA3}.Debug.ActiveCfg = Debug|Win32
		{8AD42689-9FF0-40BB-9088-1FA0E8383DA3}.Debug.Build.0 = Debug|Win32
		{8AD42689-9FF0-40BB-9088-1FA0E8383DA3}.DebugMT.ActiveCfg = Debug|Win32
		{8AD42689-9FF0-40BB-9088-1FA0E8383DA3}.DebugMT.Build.0 = Debug|Win32
		{8AD42689-9FF0-40BB-9088-1FA0E8383DA3}.Eval.ActiveCfg = Release|Win32
		{8AD42689-9FF0-40BB-9088-1FA0E8383DA3}.Eval.Build.0 = Release|Win32
		{8AD42689-9FF0-40BB-9088-1FA0E8383DA3}.JimDebug.ActiveCfg = Debug|Win32
		{8AD42689-9FF0-40BB-9088-1FA0E8383DA3}.JimDebug.Build.0 = Debug|Win32
		{8AD42689-9FF0-40BB-9088-1FA0E8383DA3}.Release.ActiveCfg = Release|Win32
		{8AD42689-9FF0-40BB-9088-1FA0E8383DA3}.Release.Build.0 = Release|Win32
		{8AD42689-9FF0-40BB-9088-1FA0E8383DA3}.ReleaseMT.ActiveCfg = Release|Win32
		{8AD42689-9FF0-40BB-9088-1FA0E8383DA3}.ReleaseMT.Build.0 = Release|Win32
		{8AD42689-9FF0-40BB-9088-1FA0E8383DA3}.ReleaseST.ActiveCfg = Release|Win32
		{8AD42689-9FF0-40BB-9088-1FA0E8383DA3}.ReleaseST.Build.0 = Release|Win32
		{08349937-831B-45CB-842C-00FBAEACBE7B}.cpfgv.ActiveCfg = Release|Win32
		{08349937-831B-45CB-842C-00FBAEACBE7B}.cpfgv.Build.0 = Release|Win32
		{08349937-831B-45CB-842C-00FBAEACBE7B}.Debug.ActiveCfg = Debug|Win32
		{08349937-831B-45CB-842C-00FBAEACBE7B}.Debug.Build.0 = Debug|Win32
		{08349937-831B-45CB-842C-00FBAEACBE7B}.DebugMT.ActiveCfg = Debug|Win32
		{08349937-831B-45CB-842C-00FBAEACBE7B}.DebugMT.Build.0 = Debug|Win32
		{08349937-831B-45CB-842C-00FBAEACBE7B}.Eval.ActiveCfg = Release|Win32
		{08349937-831B-45CB-842C-00FBAEACBE7B}.Eval.Build.0 = Release|Win32
		{08349937-831B-45CB-842C-00FBAEACBE7B}.JimDebug.ActiveCfg = Debug|Win32
		{08349937-831B-45CB-842C-00FBAEACBE7B}.JimDebug.Build.0 = Debug|Win32
		{08349937-831B-45CB-842C-00FBAEACBE7B}.Release.ActiveCfg = Release|Win32
		{08349937-831B-45CB-842C-00FBAEACBE7B}.Release.Build.0 = Release|Win32
		{08349937-831B-45CB-842C-00FBAEACBE7B}.ReleaseMT.ActiveCfg = Release|Win32
		{08349937-831B-45CB-842C-00FBAEACBE7B}.ReleaseMT.Build.0 = Release|Win32
		{08349937-831B-45CB-842C-00FBAEACBE7B}.ReleaseST.ActiveCfg = Release|Win32
		{08349937-831B-45CB-842C-00FBAEACBE7B}.ReleaseST.Build.0 = Release|Win32
		{FE34FD43-7DD2-4B13-9532-0CD918AD9B0E}.cpfgv.ActiveCfg = DebugMT|Win32
		{FE34FD43-7DD2-4B13-9532-0CD918AD9B0E}.cpfgv.Build.0 = DebugMT|Win32
		{FE34FD43-7DD2-4B13-9532-0CD918AD9B0E}.Debug.ActiveCfg = Debug|Win32
		{FE34FD43-7DD2-4B13-9532-0CD918AD9B0E}.Debug.Build.0 = Debug|Win32
		{FE34FD43-7DD2-4B13-9532-0CD918AD9B0E}.DebugMT.ActiveCfg = DebugMT|Win32
		{FE34FD43-7DD2-4B13-9532-0CD918AD9B0E}.DebugMT.Build.0 = DebugMT|Win32
		{FE34FD43-7DD2-4B13-9532-0CD918AD9B0E}.Eval.ActiveCfg = DebugMT|Win32
		{FE34FD43-7DD2-4B13-9532-0CD918AD9B0E}.Eval.Build.0 = DebugMT|Win32
		{FE34FD43-7DD2-4B13-9532-0CD918AD9B0E}.JimDebug.ActiveCfg = Debug|Win32
		{FE34FD43-7DD2-4B13-9532-0CD918AD9B0E}.JimDebug.Build.0 = Debug|Win32
		{FE34FD43-7DD2-4B13-9532-0CD918AD9B0E}.Release.ActiveCfg = Release|Win32
		{FE34FD43-7DD2-4B13-9532-0CD918AD9B0E}.Release.Build.0 = Release|Win32
		{FE34FD43-7DD2-4B13-9532-0CD918AD9B0E}.ReleaseMT.ActiveCfg = ReleaseMT|Win32
		{FE34FD43-7DD2-4B13-9532-0CD918AD9B0E}.ReleaseMT.Build.0 = ReleaseMT|Win32
		{FE34FD43-7DD2-4B13-9532-0CD918AD9B0E}.ReleaseST.ActiveCfg = ReleaseMT|Win32
		{FE34FD43-7DD2-4B13-9532-0CD918AD9B0E}.ReleaseST.Build.0 = ReleaseMT|Win32
	EndGlobalSection
	GlobalSection(ExtensibilityGlobals) = postSolution
	EndGlobalSection
	GlobalSection(ExtensibilityAddIns) = postSolution
	EndGlobalSection
EndGlobal
