Microsoft Visual Studio Solution File, Format Version 12.00
# Visual Studio Version 17
VisualStudioVersion = 17.14.36408.4 d17.14
MinimumVisualStudioVersion = 10.0.40219.1
Project("{8BC9CEB8-8B4A-11D0-8D11-00A0C91BC942}") = "cpfg", "cpfg.vcproj", "{AFC21E4C-800D-48EB-8E3F-4048DB8C73E4}"
	ProjectSection(ProjectDependencies) = postProject
		{08349937-831B-45CB-842C-00FBAEACBE7B} = {08349937-831B-45CB-842C-00FBAEACBE7B}
		{8AD42689-9FF0-40BB-9088-1FA0E8383DA3} = {8AD42689-9FF0-40BB-9088-1FA0E8383DA3}
		{3B5AD0A0-64CF-475C-8D32-14339B9C53BD} = {3B5AD0A0-64CF-475C-8D32-14339B9C53BD}
	EndProjectSection
EndProject
Project("{8BC9CEB8-8B4A-11D0-8D11-00A0C91BC942}") = "scramble", "..\libs\scramble\scramble.vcproj", "{3B5AD0A0-64CF-475C-8D32-14339B9C53BD}"
EndProject
Project("{8BC9CEB8-8B4A-11D0-8D11-00A0C91BC942}") = "comm_lib", "..\libs\comm\comm_lib.vcproj", "{8AD42689-9FF0-40BB-9088-1FA0E8383DA3}"
EndProject
Project("{8BC9CEB8-8B4A-11D0-8D11-00A0C91BC942}") = "rand48", "..\libs\rand48\rand48.vcproj", "{08349937-831B-45CB-842C-00FBAEACBE7B}"
EndProject
Project("{8BC9CEB8-8B4A-11D0-8D11-00A0C91BC942}") = "image", "..\libs\image\image.vcproj", "{FE34FD43-7DD2-4B13-9532-0CD918AD9B0E}"
EndProject
Global
	GlobalSection(SolutionConfigurationPlatforms) = preSolution
		cpfgv|Default = cpfgv|Default
		Debug|Default = Debug|Default
		DebugMT|Default = DebugMT|Default
		Eval|Default = Eval|Default
		JimDebug|Default = JimDebug|Default
		Release|Default = Release|Default
		ReleaseMT|Default = ReleaseMT|Default
		ReleaseST|Default = ReleaseST|Default
	EndGlobalSection
	GlobalSection(ProjectConfigurationPlatforms) = postSolution
		{AFC21E4C-800D-48EB-8E3F-4048DB8C73E4}.cpfgv|Default.ActiveCfg = cpfgv|Win32
		{AFC21E4C-800D-48EB-8E3F-4048DB8C73E4}.cpfgv|Default.Build.0 = cpfgv|Win32
		{AFC21E4C-800D-48EB-8E3F-4048DB8C73E4}.Debug|Default.ActiveCfg = JimDebug|Win32
		{AFC21E4C-800D-48EB-8E3F-4048DB8C73E4}.Debug|Default.Build.0 = JimDebug|Win32
		{AFC21E4C-800D-48EB-8E3F-4048DB8C73E4}.DebugMT|Default.ActiveCfg = Debug|Win32
		{AFC21E4C-800D-48EB-8E3F-4048DB8C73E4}.DebugMT|Default.Build.0 = Debug|Win32
		{AFC21E4C-800D-48EB-8E3F-4048DB8C73E4}.Eval|Default.ActiveCfg = Eval|Win32
		{AFC21E4C-800D-48EB-8E3F-4048DB8C73E4}.Eval|Default.Build.0 = Eval|Win32
		{AFC21E4C-800D-48EB-8E3F-4048DB8C73E4}.JimDebug|Default.ActiveCfg = JimDebug|Win32
		{AFC21E4C-800D-48EB-8E3F-4048DB8C73E4}.JimDebug|Default.Build.0 = JimDebug|Win32
		{AFC21E4C-800D-48EB-8E3F-4048DB8C73E4}.Release|Default.ActiveCfg = Release|Win32
		{AFC21E4C-800D-48EB-8E3F-4048DB8C73E4}.Release|Default.Build.0 = Release|Win32
		{AFC21E4C-800D-48EB-8E3F-4048DB8C73E4}.ReleaseMT|Default.ActiveCfg = Release|Win32
		{AFC21E4C-800D-48EB-8E3F-4048DB8C73E4}.ReleaseMT|Default.Build.0 = Release|Win32
		{AFC21E4C-800D-48EB-8E3F-4048DB8C73E4}.ReleaseST|Default.ActiveCfg = Release|Win32
		{AFC21E4C-800D-48EB-8E3F-4048DB8C73E4}.ReleaseST|Default.Build.0 = Release|Win32
		{3B5AD0A0-64CF-475C-8D32-14339B9C53BD}.cpfgv|Default.ActiveCfg = ReleaseST|Win32
		{3B5AD0A0-64CF-475C-8D32-14339B9C53BD}.cpfgv|Default.Build.0 = ReleaseST|Win32
		{3B5AD0A0-64CF-475C-8D32-14339B9C53BD}.Debug|Default.ActiveCfg = DebugST|Win32
		{3B5AD0A0-64CF-475C-8D32-14339B9C53BD}.Debug|Default.Build.0 = DebugST|Win32
		{3B5AD0A0-64CF-475C-8D32-14339B9C53BD}.DebugMT|Default.ActiveCfg = DebugST|Win32
		{3B5AD0A0-64CF-475C-8D32-14339B9C53BD}.DebugMT|Default.Build.0 = DebugST|Win32
		{3B5AD0A0-64CF-475C-8D32-14339B9C53BD}.Eval|Default.ActiveCfg = ReleaseST|Win32
		{3B5AD0A0-64CF-475C-8D32-14339B9C53BD}.Eval|Default.Build.0 = ReleaseST|Win32
		{3B5AD0A0-64CF-475C-8D32-14339B9C53BD}.JimDebug|Default.ActiveCfg = Debug|Win32
		{3B5AD0A0-64CF-475C-8D32-14339B9C53BD}.JimDebug|Default.Build.0 = Debug|Win32
		{3B5AD0A0-64CF-475C-8D32-14339B9C53BD}.Release|Default.ActiveCfg = Release|Win32
		{3B5AD0A0-64CF-475C-8D32-14339B9C53BD}.Release|Default.Build.0 = Release|Win32
		{3B5AD0A0-64CF-475C-8D32-14339B9C53BD}.ReleaseMT|Default.ActiveCfg = ReleaseST|Win32
		{3B5AD0A0-64CF-475C-8D32-14339B9C53BD}.ReleaseMT|Default.Build.0 = ReleaseST|Win32
		{3B5AD0A0-64CF-475C-8D32-14339B9C53BD}.ReleaseST|Default.ActiveCfg = ReleaseST|Win32
		{3B5AD0A0-64CF-475C-8D32-14339B9C53BD}.ReleaseST|Default.Build.0 = ReleaseST|Win32
		{8AD42689-9FF0-40BB-9088-1FA0E8383DA3}.cpfgv|Default.ActiveCfg = Release|Win32
		{8AD42689-9FF0-40BB-9088-1FA0E8383DA3}.cpfgv|Default.Build.0 = Release|Win32
		{8AD42689-9FF0-40BB-9088-1FA0E8383DA3}.Debug|Default.ActiveCfg = Debug|Win32
		{8AD42689-9FF0-40BB-9088-1FA0E8383DA3}.Debug|Default.Build.0 = Debug|Win32
		{8AD42689-9FF0-40BB-9088-1FA0E8383DA3}.DebugMT|Default.ActiveCfg = Debug|Win32
		{8AD42689-9FF0-40BB-9088-1FA0E8383DA3}.DebugMT|Default.Build.0 = Debug|Win32
		{8AD42689-9FF0-40BB-9088-1FA0E8383DA3}.Eval|Default.ActiveCfg = Release|Win32
		{8AD42689-9FF0-40BB-9088-1FA0E8383DA3}.Eval|Default.Build.0 = Release|Win32
		{8AD42689-9FF0-40BB-9088-1FA0E8383DA3}.JimDebug|Default.ActiveCfg = Debug|Win32
		{8AD42689-9FF0-40BB-9088-1FA0E8383DA3}.JimDebug|Default.Build.0 = Debug|Win32
		{8AD42689-9FF0-40BB-9088-1FA0E8383DA3}.Release|Default.ActiveCfg = Release|Win32
		{8AD42689-9FF0-40BB-9088-1FA0E8383DA3}.Release|Default.Build.0 = Release|Win32
		{8AD42689-9FF0-40BB-9088-1FA0E8383DA3}.ReleaseMT|Default.ActiveCfg = Release|Win32
		{8AD42689-9FF0-40BB-9088-1FA0E8383DA3}.ReleaseMT|Default.Build.0 = Release|Win32
		{8AD42689-9FF0-40BB-9088-1FA0E8383DA3}.ReleaseST|Default.ActiveCfg = Release|Win32
		{8AD42689-9FF0-40BB-9088-1FA0E8383DA3}.ReleaseST|Default.Build.0 = Release|Win32
		{08349937-831B-45CB-842C-00FBAEACBE7B}.cpfgv|Default.ActiveCfg = Release|Win32
		{08349937-831B-45CB-842C-00FBAEACBE7B}.cpfgv|Default.Build.0 = Release|Win32
		{08349937-831B-45CB-842C-00FBAEACBE7B}.Debug|Default.ActiveCfg = Debug|Win32
		{08349937-831B-45CB-842C-00FBAEACBE7B}.Debug|Default.Build.0 = Debug|Win32
		{08349937-831B-45CB-842C-00FBAEACBE7B}.DebugMT|Default.ActiveCfg = Debug|Win32
		{08349937-831B-45CB-842C-00FBAEACBE7B}.DebugMT|Default.Build.0 = Debug|Win32
		{08349937-831B-45CB-842C-00FBAEACBE7B}.Eval|Default.ActiveCfg = Release|Win32
		{08349937-831B-45CB-842C-00FBAEACBE7B}.Eval|Default.Build.0 = Release|Win32
		{08349937-831B-45CB-842C-00FBAEACBE7B}.JimDebug|Default.ActiveCfg = Debug|Win32
		{08349937-831B-45CB-842C-00FBAEACBE7B}.JimDebug|Default.Build.0 = Debug|Win32
		{08349937-831B-45CB-842C-00FBAEACBE7B}.Release|Default.ActiveCfg = Release|Win32
		{08349937-831B-45CB-842C-00FBAEACBE7B}.Release|Default.Build.0 = Release|Win32
		{08349937-831B-45CB-842C-00FBAEACBE7B}.ReleaseMT|Default.ActiveCfg = Release|Win32
		{08349937-831B-45CB-842C-00FBAEACBE7B}.ReleaseMT|Default.Build.0 = Release|Win32
		{08349937-831B-45CB-842C-00FBAEACBE7B}.ReleaseST|Default.ActiveCfg = Release|Win32
		{08349937-831B-45CB-842C-00FBAEACBE7B}.ReleaseST|Default.Build.0 = Release|Win32
		{FE34FD43-7DD2-4B13-9532-0CD918AD9B0E}.cpfgv|Default.ActiveCfg = DebugMT|Win32
		{FE34FD43-7DD2-4B13-9532-0CD918AD9B0E}.cpfgv|Default.Build.0 = DebugMT|Win32
		{FE34FD43-7DD2-4B13-9532-0CD918AD9B0E}.Debug|Default.ActiveCfg = Debug|Win32
		{FE34FD43-7DD2-4B13-9532-0CD918AD9B0E}.Debug|Default.Build.0 = Debug|Win32
		{FE34FD43-7DD2-4B13-9532-0CD918AD9B0E}.DebugMT|Default.ActiveCfg = DebugMT|Win32
		{FE34FD43-7DD2-4B13-9532-0CD918AD9B0E}.DebugMT|Default.Build.0 = DebugMT|Win32
		{FE34FD43-7DD2-4B13-9532-0CD918AD9B0E}.Eval|Default.ActiveCfg = DebugMT|Win32
		{FE34FD43-7DD2-4B13-9532-0CD918AD9B0E}.Eval|Default.Build.0 = DebugMT|Win32
		{FE34FD43-7DD2-4B13-9532-0CD918AD9B0E}.JimDebug|Default.ActiveCfg = Debug|Win32
		{FE34FD43-7DD2-4B13-9532-0CD918AD9B0E}.JimDebug|Default.Build.0 = Debug|Win32
		{FE34FD43-7DD2-4B13-9532-0CD918AD9B0E}.Release|Default.ActiveCfg = Release|Win32
		{FE34FD43-7DD2-4B13-9532-0CD918AD9B0E}.Release|Default.Build.0 = Release|Win32
		{FE34FD43-7DD2-4B13-9532-0CD918AD9B0E}.ReleaseMT|Default.ActiveCfg = ReleaseMT|Win32
		{FE34FD43-7DD2-4B13-9532-0CD918AD9B0E}.ReleaseMT|Default.Build.0 = ReleaseMT|Win32
		{FE34FD43-7DD2-4B13-9532-0CD918AD9B0E}.ReleaseST|Default.ActiveCfg = ReleaseMT|Win32
		{FE34FD43-7DD2-4B13-9532-0CD918AD9B0E}.ReleaseST|Default.Build.0 = ReleaseMT|Win32
	EndGlobalSection
	GlobalSection(SolutionProperties) = preSolution
		HideSolutionNode = FALSE
	EndGlobalSection
	GlobalSection(ExtensibilityGlobals) = postSolution
		SolutionGuid = {4E0E9C5B-5DF9-4ADB-89D1-D9837CAEF8C8}
	EndGlobalSection
EndGlobal
