Microsoft Visual Studio Solution File, Format Version 12.00
# Visual Studio Version 17
VisualStudioVersion = 17.14.36408.4
MinimumVisualStudioVersion = 10.0.40219.1
Project("{8BC9CEB8-8B4A-11D0-8D11-00A0C91BC942}") = "vlabcpp", "..\vlabcpp\vlabcpp.vcxproj", "{540797A1-CAB1-4556-B731-518559C75E03}"
EndProject
Project("{8BC9CEB8-8B4A-11D0-8D11-00A0C91BC942}") = "l2c", "..\l2c\l2c.vcxproj", "{9FF7D004-1A20-4A49-A7A0-45A94B480FCC}"
EndProject
Project("{8BC9CEB8-8B4A-11D0-8D11-00A0C91BC942}") = "lpfg", "..\lpfg\lpfg.vcxproj", "{669F872B-9F5B-423D-8A23-0A611B8E8F1D}"
	ProjectSection(ProjectDependencies) = postProject
		{9FF7D004-1A20-4A49-A7A0-45A94B480FCC} = {9FF7D004-1A20-4A49-A7A0-45A94B480FCC}
	EndProjectSection
EndProject
Project("{8BC9CEB8-8B4A-11D0-8D11-00A0C91BC942}") = "Lstudio", "..\Lstudio\Lstudio.vcxproj", "{A9BAD374-4C96-42E5-891E-AAD74A977E5B}"
EndProject
Project("{8BC9CEB8-8B4A-11D0-8D11-00A0C91BC942}") = "chiba", "..\ENVIRO\chiba\chiba.vcxproj", "{8E5B427E-F5AE-4E38-9E57-2E64E6EB55DC}"
EndProject
Project("{8BC9CEB8-8B4A-11D0-8D11-00A0C91BC942}") = "clover", "..\ENVIRO\clover\clover.vcxproj", "{03D55992-CD0D-4AE0-9082-583142D170A2}"
EndProject
Project("{8BC9CEB8-8B4A-11D0-8D11-00A0C91BC942}") = "ecosystem", "..\ENVIRO\ecosystem\ecosystem.vcxproj", "{11B23491-BF84-497C-BC23-F4C5A8CBD6F3}"
EndProject
Project("{8BC9CEB8-8B4A-11D0-8D11-00A0C91BC942}") = "honda81", "..\ENVIRO\honda81\honda81.vcxproj", "{7A5C67CF-0DEB-47E5-8F3D-D49FD9CD8A67}"
EndProject
Project("{8BC9CEB8-8B4A-11D0-8D11-00A0C91BC942}") = "soil", "..\ENVIRO\soil\soil.vcxproj", "{EC6580FC-2697-45F3-B0EA-08A70198F133}"
EndProject
Project("{8BC9CEB8-8B4A-11D0-8D11-00A0C91BC942}") = "comm_lib", "..\libs\comm\comm_lib.vcxproj", "{8AD42689-9FF0-40BB-9088-1FA0E8383DA3}"
EndProject
Project("{8BC9CEB8-8B4A-11D0-8D11-00A0C91BC942}") = "image", "..\libs\image\image.vcxproj", "{FE34FD43-7DD2-4B13-9532-0CD918AD9B0E}"
EndProject
Project("{8BC9CEB8-8B4A-11D0-8D11-00A0C91BC942}") = "rand48", "..\libs\rand48\rand48.vcxproj", "{08349937-831B-45CB-842C-00FBAEACBE7B}"
EndProject
Project("{8BC9CEB8-8B4A-11D0-8D11-00A0C91BC942}") = "scramble", "..\libs\scramble\scramble.vcxproj", "{C73A7219-A344-4021-950B-C08E1C2D28B6}"
EndProject
Project("{8BC9CEB8-8B4A-11D0-8D11-00A0C91BC942}") = "cpfg", "..\cpfg\cpfg.vcxproj", "{AFC21E4C-800D-48EB-8E3F-4048DB8C73E4}"
EndProject
Project("{8BC9CEB8-8B4A-11D0-8D11-00A0C91BC942}") = "version", "..\version\version.vcxproj", "{F0B7E596-8297-4278-A3B1-A3B7CB8FAF46}"
EndProject
Project("{8BC9CEB8-8B4A-11D0-8D11-00A0C91BC942}") = "splash", "..\lstudio-splash\splash.vcxproj", "{44649F94-12C5-45C0-90C3-0230E3636D51}"
EndProject
Project("{8BC9CEB8-8B4A-11D0-8D11-00A0C91BC942}") = "splash-image", "..\lstudio-splash\splash-image.vcxproj", "{897F64A7-12BA-4990-803C-F13A593CD4BC}"
EndProject
Project("{8BC9CEB8-8B4A-11D0-8D11-00A0C91BC942}") = "fw", "..\fw\fw.vcxproj", "{92A3B5B3-7C1D-44A2-8E97-919334C8B862}"
EndProject
Project("{8BC9CEB8-8B4A-11D0-8D11-00A0C91BC942}") = "fwogl", "..\fw\fwogl\fwogl.vcxproj", "{6C551E40-8213-4C28-A9EF-5C1A62DC87F0}"
EndProject
Project("{8BC9CEB8-8B4A-11D0-8D11-00A0C91BC942}") = "shared", "..\lstudio-shared\shared.vcxproj", "{978CEA86-94D7-41B0-9FDF-1CF192FD1A40}"
EndProject
Project("{8BC9CEB8-8B4A-11D0-8D11-00A0C91BC942}") = "Distribution", "Distribution.vcxproj", "{D346C5DD-C774-4B48-AFA5-D4012B5BAA7A}"
	ProjectSection(ProjectDependencies) = postProject
		{03D55992-CD0D-4AE0-9082-583142D170A2} = {03D55992-CD0D-4AE0-9082-583142D170A2}
	EndProjectSection
EndProject
Project("{8BC9CEB8-8B4A-11D0-8D11-00A0C91BC942}") = "MonteCarlo", "..\ENVIRO\MonteCarlo\MonteCarlo.vcxproj", "{6C04CE52-01AC-460F-ACB5-D7D30059268C}"
EndProject
Project("{8BC9CEB8-8B4A-11D0-8D11-00A0C91BC942}") = "shapes", "..\libs\shapes\shapes.vcxproj", "{7FCE795D-818E-4C0F-9B50-25E40A15451B}"
EndProject
Project("{8BC9CEB8-8B4A-11D0-8D11-00A0C91BC942}") = "DistributionATE", "DistributionATE.vcxproj", "{9E7E3260-D518-4D68-AEB3-59A70217170D}"
	ProjectSection(ProjectDependencies) = postProject
		{03D55992-CD0D-4AE0-9082-583142D170A2} = {03D55992-CD0D-4AE0-9082-583142D170A2}
	EndProjectSection
EndProject
Project("{8BC9CEB8-8B4A-11D0-8D11-00A0C91BC942}") = "WinTablet", "..\libs\input\WinTablet\WinTablet.vcxproj", "{41050F28-1C74-4CBF-996D-F8441AEDEA03}"
EndProject
Project("{8BC9CEB8-8B4A-11D0-8D11-00A0C91BC942}") = "QuasiMC", "..\ENVIRO\QuasiMC\QuasiMC.vcxproj", "{A3097F5B-252B-34B6-9EE1-0F80006C372F}"
EndProject
Global
	GlobalSection(SolutionConfigurationPlatforms) = preSolution
		cpfgv|Win32 = cpfgv|Win32
		cpfgv|x64 = cpfgv|x64
		Debug|Win32 = Debug|Win32
		Debug|x64 = Debug|x64
		DebugMT|Win32 = DebugMT|Win32
		DebugMT|x64 = DebugMT|x64
		DebugST|Win32 = DebugST|Win32
		DebugST|x64 = DebugST|x64
		Eval|Win32 = Eval|Win32
		Eval|x64 = Eval|x64
		NoJimDebug|Win32 = NoJimDebug|Win32
		NoJimDebug|x64 = NoJimDebug|x64
		Release|Win32 = Release|Win32
		Release|x64 = Release|x64
		ReleaseMT|Win32 = ReleaseMT|Win32
		ReleaseMT|x64 = ReleaseMT|x64
		ReleaseST|Win32 = ReleaseST|Win32
		ReleaseST|x64 = ReleaseST|x64
		STDebug|Win32 = STDebug|Win32
		STDebug|x64 = STDebug|x64
		STRelease|Win32 = STRelease|Win32
		STRelease|x64 = STRelease|x64
	EndGlobalSection
	GlobalSection(ProjectConfigurationPlatforms) = postSolution
		{540797A1-CAB1-4556-B731-518559C75E03}.cpfgv|Win32.ActiveCfg = Release|Win32
		{540797A1-CAB1-4556-B731-518559C75E03}.cpfgv|Win32.Build.0 = Release|Win32
		{540797A1-CAB1-4556-B731-518559C75E03}.cpfgv|x64.ActiveCfg = Release|x64
		{540797A1-CAB1-4556-B731-518559C75E03}.cpfgv|x64.Build.0 = Release|x64
		{540797A1-CAB1-4556-B731-518559C75E03}.Debug|Win32.ActiveCfg = Debug|Win32
		{540797A1-CAB1-4556-B731-518559C75E03}.Debug|Win32.Build.0 = Debug|Win32
		{540797A1-CAB1-4556-B731-518559C75E03}.Debug|x64.ActiveCfg = Debug|x64
		{540797A1-CAB1-4556-B731-518559C75E03}.Debug|x64.Build.0 = Debug|x64
		{540797A1-CAB1-4556-B731-518559C75E03}.DebugMT|Win32.ActiveCfg = Debug|Win32
		{540797A1-CAB1-4556-B731-518559C75E03}.DebugMT|Win32.Build.0 = Debug|Win32
		{540797A1-CAB1-4556-B731-518559C75E03}.DebugMT|x64.ActiveCfg = Debug|x64
		{540797A1-CAB1-4556-B731-518559C75E03}.DebugMT|x64.Build.0 = Debug|x64
		{540797A1-CAB1-4556-B731-518559C75E03}.DebugST|Win32.ActiveCfg = Debug|Win32
		{540797A1-CAB1-4556-B731-518559C75E03}.DebugST|Win32.Build.0 = Debug|Win32
		{540797A1-CAB1-4556-B731-518559C75E03}.DebugST|x64.ActiveCfg = Debug|x64
		{540797A1-CAB1-4556-B731-518559C75E03}.DebugST|x64.Build.0 = Debug|x64
		{540797A1-CAB1-4556-B731-518559C75E03}.Eval|Win32.ActiveCfg = Release|Win32
		{540797A1-CAB1-4556-B731-518559C75E03}.Eval|Win32.Build.0 = Release|Win32
		{540797A1-CAB1-4556-B731-518559C75E03}.Eval|x64.ActiveCfg = Release|x64
		{540797A1-CAB1-4556-B731-518559C75E03}.Eval|x64.Build.0 = Release|x64
		{540797A1-CAB1-4556-B731-518559C75E03}.NoJimDebug|Win32.ActiveCfg = Debug|Win32
		{540797A1-CAB1-4556-B731-518559C75E03}.NoJimDebug|Win32.Build.0 = Debug|Win32
		{540797A1-CAB1-4556-B731-518559C75E03}.NoJimDebug|x64.ActiveCfg = Debug|x64
		{540797A1-CAB1-4556-B731-518559C75E03}.NoJimDebug|x64.Build.0 = Debug|x64
		{540797A1-CAB1-4556-B731-518559C75E03}.Release|Win32.ActiveCfg = Release|Win32
		{540797A1-CAB1-4556-B731-518559C75E03}.Release|Win32.Build.0 = Release|Win32
		{540797A1-CAB1-4556-B731-518559C75E03}.Release|x64.ActiveCfg = Release|x64
		{540797A1-CAB1-4556-B731-518559C75E03}.Release|x64.Build.0 = Release|x64
		{540797A1-CAB1-4556-B731-518559C75E03}.ReleaseMT|Win32.ActiveCfg = Release|Win32
		{540797A1-CAB1-4556-B731-518559C75E03}.ReleaseMT|Win32.Build.0 = Release|Win32
		{540797A1-CAB1-4556-B731-518559C75E03}.ReleaseMT|x64.ActiveCfg = Release|x64
		{540797A1-CAB1-4556-B731-518559C75E03}.ReleaseMT|x64.Build.0 = Release|x64
		{540797A1-CAB1-4556-B731-518559C75E03}.ReleaseST|Win32.ActiveCfg = Release|Win32
		{540797A1-CAB1-4556-B731-518559C75E03}.ReleaseST|Win32.Build.0 = Release|Win32
		{540797A1-CAB1-4556-B731-518559C75E03}.ReleaseST|x64.ActiveCfg = Release|x64
		{540797A1-CAB1-4556-B731-518559C75E03}.ReleaseST|x64.Build.0 = Release|x64
		{540797A1-CAB1-4556-B731-518559C75E03}.STDebug|Win32.ActiveCfg = Debug|Win32
		{540797A1-CAB1-4556-B731-518559C75E03}.STDebug|Win32.Build.0 = Debug|Win32
		{540797A1-CAB1-4556-B731-518559C75E03}.STDebug|x64.ActiveCfg = Debug|x64
		{540797A1-CAB1-4556-B731-518559C75E03}.STDebug|x64.Build.0 = Debug|x64
		{540797A1-CAB1-4556-B731-518559C75E03}.STRelease|Win32.ActiveCfg = Release|Win32
		{540797A1-CAB1-4556-B731-518559C75E03}.STRelease|Win32.Build.0 = Release|Win32
		{540797A1-CAB1-4556-B731-518559C75E03}.STRelease|x64.ActiveCfg = Release|x64
		{540797A1-CAB1-4556-B731-518559C75E03}.STRelease|x64.Build.0 = Release|x64
		{9FF7D004-1A20-4A49-A7A0-45A94B480FCC}.cpfgv|Win32.ActiveCfg = Debug|Win32
		{9FF7D004-1A20-4A49-A7A0-45A94B480FCC}.cpfgv|Win32.Build.0 = Debug|Win32
		{9FF7D004-1A20-4A49-A7A0-45A94B480FCC}.cpfgv|x64.ActiveCfg = Release|x64
		{9FF7D004-1A20-4A49-A7A0-45A94B480FCC}.cpfgv|x64.Build.0 = Release|x64
		{9FF7D004-1A20-4A49-A7A0-45A94B480FCC}.Debug|Win32.ActiveCfg = Debug|Win32
		{9FF7D004-1A20-4A49-A7A0-45A94B480FCC}.Debug|Win32.Build.0 = Debug|Win32
		{9FF7D004-1A20-4A49-A7A0-45A94B480FCC}.Debug|x64.ActiveCfg = Debug|x64
		{9FF7D004-1A20-4A49-A7A0-45A94B480FCC}.Debug|x64.Build.0 = Debug|x64
		{9FF7D004-1A20-4A49-A7A0-45A94B480FCC}.DebugMT|Win32.ActiveCfg = Debug|Win32
		{9FF7D004-1A20-4A49-A7A0-45A94B480FCC}.DebugMT|Win32.Build.0 = Debug|Win32
		{9FF7D004-1A20-4A49-A7A0-45A94B480FCC}.DebugMT|x64.ActiveCfg = Debug|x64
		{9FF7D004-1A20-4A49-A7A0-45A94B480FCC}.DebugMT|x64.Build.0 = Debug|x64
		{9FF7D004-1A20-4A49-A7A0-45A94B480FCC}.DebugST|Win32.ActiveCfg = Debug|Win32
		{9FF7D004-1A20-4A49-A7A0-45A94B480FCC}.DebugST|Win32.Build.0 = Debug|Win32
		{9FF7D004-1A20-4A49-A7A0-45A94B480FCC}.DebugST|x64.ActiveCfg = Debug|x64
		{9FF7D004-1A20-4A49-A7A0-45A94B480FCC}.DebugST|x64.Build.0 = Debug|x64
		{9FF7D004-1A20-4A49-A7A0-45A94B480FCC}.Eval|Win32.ActiveCfg = Debug|Win32
		{9FF7D004-1A20-4A49-A7A0-45A94B480FCC}.Eval|Win32.Build.0 = Debug|Win32
		{9FF7D004-1A20-4A49-A7A0-45A94B480FCC}.Eval|x64.ActiveCfg = Release|x64
		{9FF7D004-1A20-4A49-A7A0-45A94B480FCC}.Eval|x64.Build.0 = Release|x64
		{9FF7D004-1A20-4A49-A7A0-45A94B480FCC}.NoJimDebug|Win32.ActiveCfg = Debug|Win32
		{9FF7D004-1A20-4A49-A7A0-45A94B480FCC}.NoJimDebug|Win32.Build.0 = Debug|Win32
		{9FF7D004-1A20-4A49-A7A0-45A94B480FCC}.NoJimDebug|x64.ActiveCfg = Debug|x64
		{9FF7D004-1A20-4A49-A7A0-45A94B480FCC}.NoJimDebug|x64.Build.0 = Debug|x64
		{9FF7D004-1A20-4A49-A7A0-45A94B480FCC}.Release|Win32.ActiveCfg = Release|Win32
		{9FF7D004-1A20-4A49-A7A0-45A94B480FCC}.Release|Win32.Build.0 = Release|Win32
		{9FF7D004-1A20-4A49-A7A0-45A94B480FCC}.Release|x64.ActiveCfg = Release|x64
		{9FF7D004-1A20-4A49-A7A0-45A94B480FCC}.Release|x64.Build.0 = Release|x64
		{9FF7D004-1A20-4A49-A7A0-45A94B480FCC}.ReleaseMT|Win32.ActiveCfg = Release|Win32
		{9FF7D004-1A20-4A49-A7A0-45A94B480FCC}.ReleaseMT|Win32.Build.0 = Release|Win32
		{9FF7D004-1A20-4A49-A7A0-45A94B480FCC}.ReleaseMT|x64.ActiveCfg = Release|x64
		{9FF7D004-1A20-4A49-A7A0-45A94B480FCC}.ReleaseMT|x64.Build.0 = Release|x64
		{9FF7D004-1A20-4A49-A7A0-45A94B480FCC}.ReleaseST|Win32.ActiveCfg = Release|Win32
		{9FF7D004-1A20-4A49-A7A0-45A94B480FCC}.ReleaseST|Win32.Build.0 = Release|Win32
		{9FF7D004-1A20-4A49-A7A0-45A94B480FCC}.ReleaseST|x64.ActiveCfg = Release|x64
		{9FF7D004-1A20-4A49-A7A0-45A94B480FCC}.ReleaseST|x64.Build.0 = Release|x64
		{9FF7D004-1A20-4A49-A7A0-45A94B480FCC}.STDebug|Win32.ActiveCfg = Debug|Win32
		{9FF7D004-1A20-4A49-A7A0-45A94B480FCC}.STDebug|Win32.Build.0 = Debug|Win32
		{9FF7D004-1A20-4A49-A7A0-45A94B480FCC}.STDebug|x64.ActiveCfg = Debug|x64
		{9FF7D004-1A20-4A49-A7A0-45A94B480FCC}.STDebug|x64.Build.0 = Debug|x64
		{9FF7D004-1A20-4A49-A7A0-45A94B480FCC}.STRelease|Win32.ActiveCfg = Release|Win32
		{9FF7D004-1A20-4A49-A7A0-45A94B480FCC}.STRelease|Win32.Build.0 = Release|Win32
		{9FF7D004-1A20-4A49-A7A0-45A94B480FCC}.STRelease|x64.ActiveCfg = Release|x64
		{9FF7D004-1A20-4A49-A7A0-45A94B480FCC}.STRelease|x64.Build.0 = Release|x64
		{669F872B-9F5B-423D-8A23-0A611B8E8F1D}.cpfgv|Win32.ActiveCfg = Debug|Win32
		{669F872B-9F5B-423D-8A23-0A611B8E8F1D}.cpfgv|Win32.Build.0 = Debug|Win32
		{669F872B-9F5B-423D-8A23-0A611B8E8F1D}.cpfgv|x64.ActiveCfg = Release|x64
		{669F872B-9F5B-423D-8A23-0A611B8E8F1D}.cpfgv|x64.Build.0 = Release|x64
		{669F872B-9F5B-423D-8A23-0A611B8E8F1D}.Debug|Win32.ActiveCfg = Debug|Win32
		{669F872B-9F5B-423D-8A23-0A611B8E8F1D}.Debug|Win32.Build.0 = Debug|Win32
		{669F872B-9F5B-423D-8A23-0A611B8E8F1D}.Debug|x64.ActiveCfg = Debug|x64
		{669F872B-9F5B-423D-8A23-0A611B8E8F1D}.Debug|x64.Build.0 = Debug|x64
		{669F872B-9F5B-423D-8A23-0A611B8E8F1D}.DebugMT|Win32.ActiveCfg = Debug|Win32
		{669F872B-9F5B-423D-8A23-0A611B8E8F1D}.DebugMT|Win32.Build.0 = Debug|Win32
		{669F872B-9F5B-423D-8A23-0A611B8E8F1D}.DebugMT|x64.ActiveCfg = Debug|x64
		{669F872B-9F5B-423D-8A23-0A611B8E8F1D}.DebugMT|x64.Build.0 = Debug|x64
		{669F872B-9F5B-423D-8A23-0A611B8E8F1D}.DebugST|Win32.ActiveCfg = Debug|Win32
		{669F872B-9F5B-423D-8A23-0A611B8E8F1D}.DebugST|Win32.Build.0 = Debug|Win32
		{669F872B-9F5B-423D-8A23-0A611B8E8F1D}.DebugST|x64.ActiveCfg = Debug|x64
		{669F872B-9F5B-423D-8A23-0A611B8E8F1D}.DebugST|x64.Build.0 = Debug|x64
		{669F872B-9F5B-423D-8A23-0A611B8E8F1D}.Eval|Win32.ActiveCfg = Debug|Win32
		{669F872B-9F5B-423D-8A23-0A611B8E8F1D}.Eval|Win32.Build.0 = Debug|Win32
		{669F872B-9F5B-423D-8A23-0A611B8E8F1D}.Eval|x64.ActiveCfg = Release|x64
		{669F872B-9F5B-423D-8A23-0A611B8E8F1D}.Eval|x64.Build.0 = Release|x64
		{669F872B-9F5B-423D-8A23-0A611B8E8F1D}.NoJimDebug|Win32.ActiveCfg = Debug|Win32
		{669F872B-9F5B-423D-8A23-0A611B8E8F1D}.NoJimDebug|Win32.Build.0 = Debug|Win32
		{669F872B-9F5B-423D-8A23-0A611B8E8F1D}.NoJimDebug|x64.ActiveCfg = Debug|x64
		{669F872B-9F5B-423D-8A23-0A611B8E8F1D}.NoJimDebug|x64.Build.0 = Debug|x64
		{669F872B-9F5B-423D-8A23-0A611B8E8F1D}.Release|Win32.ActiveCfg = Release|Win32
		{669F872B-9F5B-423D-8A23-0A611B8E8F1D}.Release|Win32.Build.0 = Release|Win32
		{669F872B-9F5B-423D-8A23-0A611B8E8F1D}.Release|x64.ActiveCfg = Release|x64
		{669F872B-9F5B-423D-8A23-0A611B8E8F1D}.Release|x64.Build.0 = Release|x64
		{669F872B-9F5B-423D-8A23-0A611B8E8F1D}.ReleaseMT|Win32.ActiveCfg = Release|Win32
		{669F872B-9F5B-423D-8A23-0A611B8E8F1D}.ReleaseMT|Win32.Build.0 = Release|Win32
		{669F872B-9F5B-423D-8A23-0A611B8E8F1D}.ReleaseMT|x64.ActiveCfg = Release|x64
		{669F872B-9F5B-423D-8A23-0A611B8E8F1D}.ReleaseMT|x64.Build.0 = Release|x64
		{669F872B-9F5B-423D-8A23-0A611B8E8F1D}.ReleaseST|Win32.ActiveCfg = Release|Win32
		{669F872B-9F5B-423D-8A23-0A611B8E8F1D}.ReleaseST|Win32.Build.0 = Release|Win32
		{669F872B-9F5B-423D-8A23-0A611B8E8F1D}.ReleaseST|x64.ActiveCfg = Release|x64
		{669F872B-9F5B-423D-8A23-0A611B8E8F1D}.ReleaseST|x64.Build.0 = Release|x64
		{669F872B-9F5B-423D-8A23-0A611B8E8F1D}.STDebug|Win32.ActiveCfg = Debug|Win32
		{669F872B-9F5B-423D-8A23-0A611B8E8F1D}.STDebug|Win32.Build.0 = Debug|Win32
		{669F872B-9F5B-423D-8A23-0A611B8E8F1D}.STDebug|x64.ActiveCfg = Debug|x64
		{669F872B-9F5B-423D-8A23-0A611B8E8F1D}.STDebug|x64.Build.0 = Debug|x64
		{669F872B-9F5B-423D-8A23-0A611B8E8F1D}.STRelease|Win32.ActiveCfg = Release|Win32
		{669F872B-9F5B-423D-8A23-0A611B8E8F1D}.STRelease|Win32.Build.0 = Release|Win32
		{669F872B-9F5B-423D-8A23-0A611B8E8F1D}.STRelease|x64.ActiveCfg = Release|x64
		{669F872B-9F5B-423D-8A23-0A611B8E8F1D}.STRelease|x64.Build.0 = Release|x64
		{A9BAD374-4C96-42E5-891E-AAD74A977E5B}.cpfgv|Win32.ActiveCfg = Release|Win32
		{A9BAD374-4C96-42E5-891E-AAD74A977E5B}.cpfgv|Win32.Build.0 = Release|Win32
		{A9BAD374-4C96-42E5-891E-AAD74A977E5B}.cpfgv|x64.ActiveCfg = Release|x64
		{A9BAD374-4C96-42E5-891E-AAD74A977E5B}.cpfgv|x64.Build.0 = Release|x64
		{A9BAD374-4C96-42E5-891E-AAD74A977E5B}.Debug|Win32.ActiveCfg = Debug|Win32
		{A9BAD374-4C96-42E5-891E-AAD74A977E5B}.Debug|Win32.Build.0 = Debug|Win32
		{A9BAD374-4C96-42E5-891E-AAD74A977E5B}.Debug|x64.ActiveCfg = Debug|x64
		{A9BAD374-4C96-42E5-891E-AAD74A977E5B}.Debug|x64.Build.0 = Debug|x64
		{A9BAD374-4C96-42E5-891E-AAD74A977E5B}.DebugMT|Win32.ActiveCfg = Debug|Win32
		{A9BAD374-4C96-42E5-891E-AAD74A977E5B}.DebugMT|Win32.Build.0 = Debug|Win32
		{A9BAD374-4C96-42E5-891E-AAD74A977E5B}.DebugMT|x64.ActiveCfg = Debug|x64
		{A9BAD374-4C96-42E5-891E-AAD74A977E5B}.DebugMT|x64.Build.0 = Debug|x64
		{A9BAD374-4C96-42E5-891E-AAD74A977E5B}.DebugST|Win32.ActiveCfg = Debug|Win32
		{A9BAD374-4C96-42E5-891E-AAD74A977E5B}.DebugST|Win32.Build.0 = Debug|Win32
		{A9BAD374-4C96-42E5-891E-AAD74A977E5B}.DebugST|x64.ActiveCfg = Debug|x64
		{A9BAD374-4C96-42E5-891E-AAD74A977E5B}.DebugST|x64.Build.0 = Debug|x64
		{A9BAD374-4C96-42E5-891E-AAD74A977E5B}.Eval|Win32.ActiveCfg = Release|Win32
		{A9BAD374-4C96-42E5-891E-AAD74A977E5B}.Eval|Win32.Build.0 = Release|Win32
		{A9BAD374-4C96-42E5-891E-AAD74A977E5B}.Eval|x64.ActiveCfg = Release|x64
		{A9BAD374-4C96-42E5-891E-AAD74A977E5B}.Eval|x64.Build.0 = Release|x64
		{A9BAD374-4C96-42E5-891E-AAD74A977E5B}.NoJimDebug|Win32.ActiveCfg = Debug|Win32
		{A9BAD374-4C96-42E5-891E-AAD74A977E5B}.NoJimDebug|Win32.Build.0 = Debug|Win32
		{A9BAD374-4C96-42E5-891E-AAD74A977E5B}.NoJimDebug|x64.ActiveCfg = Debug|x64
		{A9BAD374-4C96-42E5-891E-AAD74A977E5B}.NoJimDebug|x64.Build.0 = Debug|x64
		{A9BAD374-4C96-42E5-891E-AAD74A977E5B}.Release|Win32.ActiveCfg = Release|Win32
		{A9BAD374-4C96-42E5-891E-AAD74A977E5B}.Release|Win32.Build.0 = Release|Win32
		{A9BAD374-4C96-42E5-891E-AAD74A977E5B}.Release|x64.ActiveCfg = Release|x64
		{A9BAD374-4C96-42E5-891E-AAD74A977E5B}.Release|x64.Build.0 = Release|x64
		{A9BAD374-4C96-42E5-891E-AAD74A977E5B}.ReleaseMT|Win32.ActiveCfg = Release|Win32
		{A9BAD374-4C96-42E5-891E-AAD74A977E5B}.ReleaseMT|Win32.Build.0 = Release|Win32
		{A9BAD374-4C96-42E5-891E-AAD74A977E5B}.ReleaseMT|x64.ActiveCfg = Release|x64
		{A9BAD374-4C96-42E5-891E-AAD74A977E5B}.ReleaseMT|x64.Build.0 = Release|x64
		{A9BAD374-4C96-42E5-891E-AAD74A977E5B}.ReleaseST|Win32.ActiveCfg = Release|Win32
		{A9BAD374-4C96-42E5-891E-AAD74A977E5B}.ReleaseST|Win32.Build.0 = Release|Win32
		{A9BAD374-4C96-42E5-891E-AAD74A977E5B}.ReleaseST|x64.ActiveCfg = Release|x64
		{A9BAD374-4C96-42E5-891E-AAD74A977E5B}.ReleaseST|x64.Build.0 = Release|x64
		{A9BAD374-4C96-42E5-891E-AAD74A977E5B}.STDebug|Win32.ActiveCfg = Debug|Win32
		{A9BAD374-4C96-42E5-891E-AAD74A977E5B}.STDebug|Win32.Build.0 = Debug|Win32
		{A9BAD374-4C96-42E5-891E-AAD74A977E5B}.STDebug|x64.ActiveCfg = Debug|x64
		{A9BAD374-4C96-42E5-891E-AAD74A977E5B}.STDebug|x64.Build.0 = Debug|x64
		{A9BAD374-4C96-42E5-891E-AAD74A977E5B}.STRelease|Win32.ActiveCfg = Release|Win32
		{A9BAD374-4C96-42E5-891E-AAD74A977E5B}.STRelease|Win32.Build.0 = Release|Win32
		{A9BAD374-4C96-42E5-891E-AAD74A977E5B}.STRelease|x64.ActiveCfg = Release|x64
		{A9BAD374-4C96-42E5-891E-AAD74A977E5B}.STRelease|x64.Build.0 = Release|x64
		{8E5B427E-F5AE-4E38-9E57-2E64E6EB55DC}.cpfgv|Win32.ActiveCfg = Release|Win32
		{8E5B427E-F5AE-4E38-9E57-2E64E6EB55DC}.cpfgv|Win32.Build.0 = Release|Win32
		{8E5B427E-F5AE-4E38-9E57-2E64E6EB55DC}.cpfgv|x64.ActiveCfg = Release|x64
		{8E5B427E-F5AE-4E38-9E57-2E64E6EB55DC}.cpfgv|x64.Build.0 = Release|x64
		{8E5B427E-F5AE-4E38-9E57-2E64E6EB55DC}.Debug|Win32.ActiveCfg = Debug|Win32
		{8E5B427E-F5AE-4E38-9E57-2E64E6EB55DC}.Debug|Win32.Build.0 = Debug|Win32
		{8E5B427E-F5AE-4E38-9E57-2E64E6EB55DC}.Debug|x64.ActiveCfg = Debug|x64
		{8E5B427E-F5AE-4E38-9E57-2E64E6EB55DC}.Debug|x64.Build.0 = Debug|x64
		{8E5B427E-F5AE-4E38-9E57-2E64E6EB55DC}.DebugMT|Win32.ActiveCfg = Debug|Win32
		{8E5B427E-F5AE-4E38-9E57-2E64E6EB55DC}.DebugMT|Win32.Build.0 = Debug|Win32
		{8E5B427E-F5AE-4E38-9E57-2E64E6EB55DC}.DebugMT|x64.ActiveCfg = Debug|x64
		{8E5B427E-F5AE-4E38-9E57-2E64E6EB55DC}.DebugMT|x64.Build.0 = Debug|x64
		{8E5B427E-F5AE-4E38-9E57-2E64E6EB55DC}.DebugST|Win32.ActiveCfg = Debug|Win32
		{8E5B427E-F5AE-4E38-9E57-2E64E6EB55DC}.DebugST|Win32.Build.0 = Debug|Win32
		{8E5B427E-F5AE-4E38-9E57-2E64E6EB55DC}.DebugST|x64.ActiveCfg = Debug|x64
		{8E5B427E-F5AE-4E38-9E57-2E64E6EB55DC}.DebugST|x64.Build.0 = Debug|x64
		{8E5B427E-F5AE-4E38-9E57-2E64E6EB55DC}.Eval|Win32.ActiveCfg = Release|Win32
		{8E5B427E-F5AE-4E38-9E57-2E64E6EB55DC}.Eval|Win32.Build.0 = Release|Win32
		{8E5B427E-F5AE-4E38-9E57-2E64E6EB55DC}.Eval|x64.ActiveCfg = Release|x64
		{8E5B427E-F5AE-4E38-9E57-2E64E6EB55DC}.Eval|x64.Build.0 = Release|x64
		{8E5B427E-F5AE-4E38-9E57-2E64E6EB55DC}.NoJimDebug|Win32.ActiveCfg = Debug|Win32
		{8E5B427E-F5AE-4E38-9E57-2E64E6EB55DC}.NoJimDebug|Win32.Build.0 = Debug|Win32
		{8E5B427E-F5AE-4E38-9E57-2E64E6EB55DC}.NoJimDebug|x64.ActiveCfg = Debug|x64
		{8E5B427E-F5AE-4E38-9E57-2E64E6EB55DC}.NoJimDebug|x64.Build.0 = Debug|x64
		{8E5B427E-F5AE-4E38-9E57-2E64E6EB55DC}.Release|Win32.ActiveCfg = Release|Win32
		{8E5B427E-F5AE-4E38-9E57-2E64E6EB55DC}.Release|Win32.Build.0 = Release|Win32
		{8E5B427E-F5AE-4E38-9E57-2E64E6EB55DC}.Release|x64.ActiveCfg = Release|x64
		{8E5B427E-F5AE-4E38-9E57-2E64E6EB55DC}.Release|x64.Build.0 = Release|x64
		{8E5B427E-F5AE-4E38-9E57-2E64E6EB55DC}.ReleaseMT|Win32.ActiveCfg = Release|Win32
		{8E5B427E-F5AE-4E38-9E57-2E64E6EB55DC}.ReleaseMT|Win32.Build.0 = Release|Win32
		{8E5B427E-F5AE-4E38-9E57-2E64E6EB55DC}.ReleaseMT|x64.ActiveCfg = Release|x64
		{8E5B427E-F5AE-4E38-9E57-2E64E6EB55DC}.ReleaseMT|x64.Build.0 = Release|x64
		{8E5B427E-F5AE-4E38-9E57-2E64E6EB55DC}.ReleaseST|Win32.ActiveCfg = Release|Win32
		{8E5B427E-F5AE-4E38-9E57-2E64E6EB55DC}.ReleaseST|Win32.Build.0 = Release|Win32
		{8E5B427E-F5AE-4E38-9E57-2E64E6EB55DC}.ReleaseST|x64.ActiveCfg = Release|x64
		{8E5B427E-F5AE-4E38-9E57-2E64E6EB55DC}.ReleaseST|x64.Build.0 = Release|x64
		{8E5B427E-F5AE-4E38-9E57-2E64E6EB55DC}.STDebug|Win32.ActiveCfg = Debug|Win32
		{8E5B427E-F5AE-4E38-9E57-2E64E6EB55DC}.STDebug|Win32.Build.0 = Debug|Win32
		{8E5B427E-F5AE-4E38-9E57-2E64E6EB55DC}.STDebug|x64.ActiveCfg = Debug|x64
		{8E5B427E-F5AE-4E38-9E57-2E64E6EB55DC}.STDebug|x64.Build.0 = Debug|x64
		{8E5B427E-F5AE-4E38-9E57-2E64E6EB55DC}.STRelease|Win32.ActiveCfg = Release|Win32
		{8E5B427E-F5AE-4E38-9E57-2E64E6EB55DC}.STRelease|Win32.Build.0 = Release|Win32
		{8E5B427E-F5AE-4E38-9E57-2E64E6EB55DC}.STRelease|x64.ActiveCfg = Release|x64
		{8E5B427E-F5AE-4E38-9E57-2E64E6EB55DC}.STRelease|x64.Build.0 = Release|x64
		{03D55992-CD0D-4AE0-9082-583142D170A2}.cpfgv|Win32.ActiveCfg = Release|Win32
		{03D55992-CD0D-4AE0-9082-583142D170A2}.cpfgv|Win32.Build.0 = Release|Win32
		{03D55992-CD0D-4AE0-9082-583142D170A2}.cpfgv|x64.ActiveCfg = Release|x64
		{03D55992-CD0D-4AE0-9082-583142D170A2}.cpfgv|x64.Build.0 = Release|x64
		{03D55992-CD0D-4AE0-9082-583142D170A2}.Debug|Win32.ActiveCfg = Debug|Win32
		{03D55992-CD0D-4AE0-9082-583142D170A2}.Debug|Win32.Build.0 = Debug|Win32
		{03D55992-CD0D-4AE0-9082-583142D170A2}.Debug|x64.ActiveCfg = Debug|x64
		{03D55992-CD0D-4AE0-9082-583142D170A2}.Debug|x64.Build.0 = Debug|x64
		{03D55992-CD0D-4AE0-9082-583142D170A2}.DebugMT|Win32.ActiveCfg = Debug|Win32
		{03D55992-CD0D-4AE0-9082-583142D170A2}.DebugMT|Win32.Build.0 = Debug|Win32
		{03D55992-CD0D-4AE0-9082-583142D170A2}.DebugMT|x64.ActiveCfg = Debug|x64
		{03D55992-CD0D-4AE0-9082-583142D170A2}.DebugMT|x64.Build.0 = Debug|x64
		{03D55992-CD0D-4AE0-9082-583142D170A2}.DebugST|Win32.ActiveCfg = Debug|Win32
		{03D55992-CD0D-4AE0-9082-583142D170A2}.DebugST|Win32.Build.0 = Debug|Win32
		{03D55992-CD0D-4AE0-9082-583142D170A2}.DebugST|x64.ActiveCfg = Debug|x64
		{03D55992-CD0D-4AE0-9082-583142D170A2}.DebugST|x64.Build.0 = Debug|x64
		{03D55992-CD0D-4AE0-9082-583142D170A2}.Eval|Win32.ActiveCfg = Release|Win32
		{03D55992-CD0D-4AE0-9082-583142D170A2}.Eval|Win32.Build.0 = Release|Win32
		{03D55992-CD0D-4AE0-9082-583142D170A2}.Eval|x64.ActiveCfg = Release|x64
		{03D55992-CD0D-4AE0-9082-583142D170A2}.Eval|x64.Build.0 = Release|x64
		{03D55992-CD0D-4AE0-9082-583142D170A2}.NoJimDebug|Win32.ActiveCfg = Debug|Win32
		{03D55992-CD0D-4AE0-9082-583142D170A2}.NoJimDebug|Win32.Build.0 = Debug|Win32
		{03D55992-CD0D-4AE0-9082-583142D170A2}.NoJimDebug|x64.ActiveCfg = Debug|x64
		{03D55992-CD0D-4AE0-9082-583142D170A2}.NoJimDebug|x64.Build.0 = Debug|x64
		{03D55992-CD0D-4AE0-9082-583142D170A2}.Release|Win32.ActiveCfg = Release|Win32
		{03D55992-CD0D-4AE0-9082-583142D170A2}.Release|Win32.Build.0 = Release|Win32
		{03D55992-CD0D-4AE0-9082-583142D170A2}.Release|x64.ActiveCfg = Release|x64
		{03D55992-CD0D-4AE0-9082-583142D170A2}.Release|x64.Build.0 = Release|x64
		{03D55992-CD0D-4AE0-9082-583142D170A2}.ReleaseMT|Win32.ActiveCfg = Release|Win32
		{03D55992-CD0D-4AE0-9082-583142D170A2}.ReleaseMT|Win32.Build.0 = Release|Win32
		{03D55992-CD0D-4AE0-9082-583142D170A2}.ReleaseMT|x64.ActiveCfg = Release|x64
		{03D55992-CD0D-4AE0-9082-583142D170A2}.ReleaseMT|x64.Build.0 = Release|x64
		{03D55992-CD0D-4AE0-9082-583142D170A2}.ReleaseST|Win32.ActiveCfg = Release|Win32
		{03D55992-CD0D-4AE0-9082-583142D170A2}.ReleaseST|Win32.Build.0 = Release|Win32
		{03D55992-CD0D-4AE0-9082-583142D170A2}.ReleaseST|x64.ActiveCfg = Release|x64
		{03D55992-CD0D-4AE0-9082-583142D170A2}.ReleaseST|x64.Build.0 = Release|x64
		{03D55992-CD0D-4AE0-9082-583142D170A2}.STDebug|Win32.ActiveCfg = Debug|Win32
		{03D55992-CD0D-4AE0-9082-583142D170A2}.STDebug|Win32.Build.0 = Debug|Win32
		{03D55992-CD0D-4AE0-9082-583142D170A2}.STDebug|x64.ActiveCfg = Debug|x64
		{03D55992-CD0D-4AE0-9082-583142D170A2}.STDebug|x64.Build.0 = Debug|x64
		{03D55992-CD0D-4AE0-9082-583142D170A2}.STRelease|Win32.ActiveCfg = Release|Win32
		{03D55992-CD0D-4AE0-9082-583142D170A2}.STRelease|Win32.Build.0 = Release|Win32
		{03D55992-CD0D-4AE0-9082-583142D170A2}.STRelease|x64.ActiveCfg = Release|x64
		{03D55992-CD0D-4AE0-9082-583142D170A2}.STRelease|x64.Build.0 = Release|x64
		{11B23491-BF84-497C-BC23-F4C5A8CBD6F3}.cpfgv|Win32.ActiveCfg = Release|Win32
		{11B23491-BF84-497C-BC23-F4C5A8CBD6F3}.cpfgv|Win32.Build.0 = Release|Win32
		{11B23491-BF84-497C-BC23-F4C5A8CBD6F3}.cpfgv|x64.ActiveCfg = Release|x64
		{11B23491-BF84-497C-BC23-F4C5A8CBD6F3}.cpfgv|x64.Build.0 = Release|x64
		{11B23491-BF84-497C-BC23-F4C5A8CBD6F3}.Debug|Win32.ActiveCfg = Debug|Win32
		{11B23491-BF84-497C-BC23-F4C5A8CBD6F3}.Debug|Win32.Build.0 = Debug|Win32
		{11B23491-BF84-497C-BC23-F4C5A8CBD6F3}.Debug|x64.ActiveCfg = Debug|x64
		{11B23491-BF84-497C-BC23-F4C5A8CBD6F3}.Debug|x64.Build.0 = Debug|x64
		{11B23491-BF84-497C-BC23-F4C5A8CBD6F3}.DebugMT|Win32.ActiveCfg = Debug|Win32
		{11B23491-BF84-497C-BC23-F4C5A8CBD6F3}.DebugMT|Win32.Build.0 = Debug|Win32
		{11B23491-BF84-497C-BC23-F4C5A8CBD6F3}.DebugMT|x64.ActiveCfg = Debug|x64
		{11B23491-BF84-497C-BC23-F4C5A8CBD6F3}.DebugMT|x64.Build.0 = Debug|x64
		{11B23491-BF84-497C-BC23-F4C5A8CBD6F3}.DebugST|Win32.ActiveCfg = Debug|Win32
		{11B23491-BF84-497C-BC23-F4C5A8CBD6F3}.DebugST|Win32.Build.0 = Debug|Win32
		{11B23491-BF84-497C-BC23-F4C5A8CBD6F3}.DebugST|x64.ActiveCfg = Debug|x64
		{11B23491-BF84-497C-BC23-F4C5A8CBD6F3}.DebugST|x64.Build.0 = Debug|x64
		{11B23491-BF84-497C-BC23-F4C5A8CBD6F3}.Eval|Win32.ActiveCfg = Release|Win32
		{11B23491-BF84-497C-BC23-F4C5A8CBD6F3}.Eval|Win32.Build.0 = Release|Win32
		{11B23491-BF84-497C-BC23-F4C5A8CBD6F3}.Eval|x64.ActiveCfg = Release|x64
		{11B23491-BF84-497C-BC23-F4C5A8CBD6F3}.Eval|x64.Build.0 = Release|x64
		{11B23491-BF84-497C-BC23-F4C5A8CBD6F3}.NoJimDebug|Win32.ActiveCfg = Debug|Win32
		{11B23491-BF84-497C-BC23-F4C5A8CBD6F3}.NoJimDebug|Win32.Build.0 = Debug|Win32
		{11B23491-BF84-497C-BC23-F4C5A8CBD6F3}.NoJimDebug|x64.ActiveCfg = Debug|x64
		{11B23491-BF84-497C-BC23-F4C5A8CBD6F3}.NoJimDebug|x64.Build.0 = Debug|x64
		{11B23491-BF84-497C-BC23-F4C5A8CBD6F3}.Release|Win32.ActiveCfg = Release|Win32
		{11B23491-BF84-497C-BC23-F4C5A8CBD6F3}.Release|Win32.Build.0 = Release|Win32
		{11B23491-BF84-497C-BC23-F4C5A8CBD6F3}.Release|x64.ActiveCfg = Release|x64
		{11B23491-BF84-497C-BC23-F4C5A8CBD6F3}.Release|x64.Build.0 = Release|x64
		{11B23491-BF84-497C-BC23-F4C5A8CBD6F3}.ReleaseMT|Win32.ActiveCfg = Release|Win32
		{11B23491-BF84-497C-BC23-F4C5A8CBD6F3}.ReleaseMT|Win32.Build.0 = Release|Win32
		{11B23491-BF84-497C-BC23-F4C5A8CBD6F3}.ReleaseMT|x64.ActiveCfg = Release|x64
		{11B23491-BF84-497C-BC23-F4C5A8CBD6F3}.ReleaseMT|x64.Build.0 = Release|x64
		{11B23491-BF84-497C-BC23-F4C5A8CBD6F3}.ReleaseST|Win32.ActiveCfg = Release|Win32
		{11B23491-BF84-497C-BC23-F4C5A8CBD6F3}.ReleaseST|Win32.Build.0 = Release|Win32
		{11B23491-BF84-497C-BC23-F4C5A8CBD6F3}.ReleaseST|x64.ActiveCfg = Release|x64
		{11B23491-BF84-497C-BC23-F4C5A8CBD6F3}.ReleaseST|x64.Build.0 = Release|x64
		{11B23491-BF84-497C-BC23-F4C5A8CBD6F3}.STDebug|Win32.ActiveCfg = Debug|Win32
		{11B23491-BF84-497C-BC23-F4C5A8CBD6F3}.STDebug|Win32.Build.0 = Debug|Win32
		{11B23491-BF84-497C-BC23-F4C5A8CBD6F3}.STDebug|x64.ActiveCfg = Debug|x64
		{11B23491-BF84-497C-BC23-F4C5A8CBD6F3}.STDebug|x64.Build.0 = Debug|x64
		{11B23491-BF84-497C-BC23-F4C5A8CBD6F3}.STRelease|Win32.ActiveCfg = Release|Win32
		{11B23491-BF84-497C-BC23-F4C5A8CBD6F3}.STRelease|Win32.Build.0 = Release|Win32
		{11B23491-BF84-497C-BC23-F4C5A8CBD6F3}.STRelease|x64.ActiveCfg = Release|x64
		{11B23491-BF84-497C-BC23-F4C5A8CBD6F3}.STRelease|x64.Build.0 = Release|x64
		{7A5C67CF-0DEB-47E5-8F3D-D49FD9CD8A67}.cpfgv|Win32.ActiveCfg = Release|Win32
		{7A5C67CF-0DEB-47E5-8F3D-D49FD9CD8A67}.cpfgv|Win32.Build.0 = Release|Win32
		{7A5C67CF-0DEB-47E5-8F3D-D49FD9CD8A67}.cpfgv|x64.ActiveCfg = Release|x64
		{7A5C67CF-0DEB-47E5-8F3D-D49FD9CD8A67}.cpfgv|x64.Build.0 = Release|x64
		{7A5C67CF-0DEB-47E5-8F3D-D49FD9CD8A67}.Debug|Win32.ActiveCfg = Debug|Win32
		{7A5C67CF-0DEB-47E5-8F3D-D49FD9CD8A67}.Debug|Win32.Build.0 = Debug|Win32
		{7A5C67CF-0DEB-47E5-8F3D-D49FD9CD8A67}.Debug|x64.ActiveCfg = Debug|x64
		{7A5C67CF-0DEB-47E5-8F3D-D49FD9CD8A67}.Debug|x64.Build.0 = Debug|x64
		{7A5C67CF-0DEB-47E5-8F3D-D49FD9CD8A67}.DebugMT|Win32.ActiveCfg = Debug|Win32
		{7A5C67CF-0DEB-47E5-8F3D-D49FD9CD8A67}.DebugMT|Win32.Build.0 = Debug|Win32
		{7A5C67CF-0DEB-47E5-8F3D-D49FD9CD8A67}.DebugMT|x64.ActiveCfg = Debug|x64
		{7A5C67CF-0DEB-47E5-8F3D-D49FD9CD8A67}.DebugMT|x64.Build.0 = Debug|x64
		{7A5C67CF-0DEB-47E5-8F3D-D49FD9CD8A67}.DebugST|Win32.ActiveCfg = Debug|Win32
		{7A5C67CF-0DEB-47E5-8F3D-D49FD9CD8A67}.DebugST|Win32.Build.0 = Debug|Win32
		{7A5C67CF-0DEB-47E5-8F3D-D49FD9CD8A67}.DebugST|x64.ActiveCfg = Debug|x64
		{7A5C67CF-0DEB-47E5-8F3D-D49FD9CD8A67}.DebugST|x64.Build.0 = Debug|x64
		{7A5C67CF-0DEB-47E5-8F3D-D49FD9CD8A67}.Eval|Win32.ActiveCfg = Release|Win32
		{7A5C67CF-0DEB-47E5-8F3D-D49FD9CD8A67}.Eval|Win32.Build.0 = Release|Win32
		{7A5C67CF-0DEB-47E5-8F3D-D49FD9CD8A67}.Eval|x64.ActiveCfg = Release|x64
		{7A5C67CF-0DEB-47E5-8F3D-D49FD9CD8A67}.Eval|x64.Build.0 = Release|x64
		{7A5C67CF-0DEB-47E5-8F3D-D49FD9CD8A67}.NoJimDebug|Win32.ActiveCfg = Debug|Win32
		{7A5C67CF-0DEB-47E5-8F3D-D49FD9CD8A67}.NoJimDebug|Win32.Build.0 = Debug|Win32
		{7A5C67CF-0DEB-47E5-8F3D-D49FD9CD8A67}.NoJimDebug|x64.ActiveCfg = Debug|x64
		{7A5C67CF-0DEB-47E5-8F3D-D49FD9CD8A67}.NoJimDebug|x64.Build.0 = Debug|x64
		{7A5C67CF-0DEB-47E5-8F3D-D49FD9CD8A67}.Release|Win32.ActiveCfg = Release|Win32
		{7A5C67CF-0DEB-47E5-8F3D-D49FD9CD8A67}.Release|Win32.Build.0 = Release|Win32
		{7A5C67CF-0DEB-47E5-8F3D-D49FD9CD8A67}.Release|x64.ActiveCfg = Release|x64
		{7A5C67CF-0DEB-47E5-8F3D-D49FD9CD8A67}.Release|x64.Build.0 = Release|x64
		{7A5C67CF-0DEB-47E5-8F3D-D49FD9CD8A67}.ReleaseMT|Win32.ActiveCfg = Release|Win32
		{7A5C67CF-0DEB-47E5-8F3D-D49FD9CD8A67}.ReleaseMT|Win32.Build.0 = Release|Win32
		{7A5C67CF-0DEB-47E5-8F3D-D49FD9CD8A67}.ReleaseMT|x64.ActiveCfg = Release|x64
		{7A5C67CF-0DEB-47E5-8F3D-D49FD9CD8A67}.ReleaseMT|x64.Build.0 = Release|x64
		{7A5C67CF-0DEB-47E5-8F3D-D49FD9CD8A67}.ReleaseST|Win32.ActiveCfg = Release|Win32
		{7A5C67CF-0DEB-47E5-8F3D-D49FD9CD8A67}.ReleaseST|Win32.Build.0 = Release|Win32
		{7A5C67CF-0DEB-47E5-8F3D-D49FD9CD8A67}.ReleaseST|x64.ActiveCfg = Release|x64
		{7A5C67CF-0DEB-47E5-8F3D-D49FD9CD8A67}.ReleaseST|x64.Build.0 = Release|x64
		{7A5C67CF-0DEB-47E5-8F3D-D49FD9CD8A67}.STDebug|Win32.ActiveCfg = Debug|Win32
		{7A5C67CF-0DEB-47E5-8F3D-D49FD9CD8A67}.STDebug|Win32.Build.0 = Debug|Win32
		{7A5C67CF-0DEB-47E5-8F3D-D49FD9CD8A67}.STDebug|x64.ActiveCfg = Debug|x64
		{7A5C67CF-0DEB-47E5-8F3D-D49FD9CD8A67}.STDebug|x64.Build.0 = Debug|x64
		{7A5C67CF-0DEB-47E5-8F3D-D49FD9CD8A67}.STRelease|Win32.ActiveCfg = Release|Win32
		{7A5C67CF-0DEB-47E5-8F3D-D49FD9CD8A67}.STRelease|Win32.Build.0 = Release|Win32
		{7A5C67CF-0DEB-47E5-8F3D-D49FD9CD8A67}.STRelease|x64.ActiveCfg = Release|x64
		{7A5C67CF-0DEB-47E5-8F3D-D49FD9CD8A67}.STRelease|x64.Build.0 = Release|x64
		{EC6580FC-2697-45F3-B0EA-08A70198F133}.cpfgv|Win32.ActiveCfg = Release|Win32
		{EC6580FC-2697-45F3-B0EA-08A70198F133}.cpfgv|Win32.Build.0 = Release|Win32
		{EC6580FC-2697-45F3-B0EA-08A70198F133}.cpfgv|x64.ActiveCfg = Release|x64
		{EC6580FC-2697-45F3-B0EA-08A70198F133}.cpfgv|x64.Build.0 = Release|x64
		{EC6580FC-2697-45F3-B0EA-08A70198F133}.Debug|Win32.ActiveCfg = Debug|Win32
		{EC6580FC-2697-45F3-B0EA-08A70198F133}.Debug|Win32.Build.0 = Debug|Win32
		{EC6580FC-2697-45F3-B0EA-08A70198F133}.Debug|x64.ActiveCfg = Debug|x64
		{EC6580FC-2697-45F3-B0EA-08A70198F133}.Debug|x64.Build.0 = Debug|x64
		{EC6580FC-2697-45F3-B0EA-08A70198F133}.DebugMT|Win32.ActiveCfg = Debug|Win32
		{EC6580FC-2697-45F3-B0EA-08A70198F133}.DebugMT|Win32.Build.0 = Debug|Win32
		{EC6580FC-2697-45F3-B0EA-08A70198F133}.DebugMT|x64.ActiveCfg = Debug|x64
		{EC6580FC-2697-45F3-B0EA-08A70198F133}.DebugMT|x64.Build.0 = Debug|x64
		{EC6580FC-2697-45F3-B0EA-08A70198F133}.DebugST|Win32.ActiveCfg = Debug|Win32
		{EC6580FC-2697-45F3-B0EA-08A70198F133}.DebugST|Win32.Build.0 = Debug|Win32
		{EC6580FC-2697-45F3-B0EA-08A70198F133}.DebugST|x64.ActiveCfg = Debug|x64
		{EC6580FC-2697-45F3-B0EA-08A70198F133}.DebugST|x64.Build.0 = Debug|x64
		{EC6580FC-2697-45F3-B0EA-08A70198F133}.Eval|Win32.ActiveCfg = Release|Win32
		{EC6580FC-2697-45F3-B0EA-08A70198F133}.Eval|Win32.Build.0 = Release|Win32
		{EC6580FC-2697-45F3-B0EA-08A70198F133}.Eval|x64.ActiveCfg = Release|x64
		{EC6580FC-2697-45F3-B0EA-08A70198F133}.Eval|x64.Build.0 = Release|x64
		{EC6580FC-2697-45F3-B0EA-08A70198F133}.NoJimDebug|Win32.ActiveCfg = Debug|Win32
		{EC6580FC-2697-45F3-B0EA-08A70198F133}.NoJimDebug|Win32.Build.0 = Debug|Win32
		{EC6580FC-2697-45F3-B0EA-08A70198F133}.NoJimDebug|x64.ActiveCfg = Debug|x64
		{EC6580FC-2697-45F3-B0EA-08A70198F133}.NoJimDebug|x64.Build.0 = Debug|x64
		{EC6580FC-2697-45F3-B0EA-08A70198F133}.Release|Win32.ActiveCfg = Release|Win32
		{EC6580FC-2697-45F3-B0EA-08A70198F133}.Release|Win32.Build.0 = Release|Win32
		{EC6580FC-2697-45F3-B0EA-08A70198F133}.Release|x64.ActiveCfg = Release|x64
		{EC6580FC-2697-45F3-B0EA-08A70198F133}.Release|x64.Build.0 = Release|x64
		{EC6580FC-2697-45F3-B0EA-08A70198F133}.ReleaseMT|Win32.ActiveCfg = Release|Win32
		{EC6580FC-2697-45F3-B0EA-08A70198F133}.ReleaseMT|Win32.Build.0 = Release|Win32
		{EC6580FC-2697-45F3-B0EA-08A70198F133}.ReleaseMT|x64.ActiveCfg = Release|x64
		{EC6580FC-2697-45F3-B0EA-08A70198F133}.ReleaseMT|x64.Build.0 = Release|x64
		{EC6580FC-2697-45F3-B0EA-08A70198F133}.ReleaseST|Win32.ActiveCfg = Release|Win32
		{EC6580FC-2697-45F3-B0EA-08A70198F133}.ReleaseST|Win32.Build.0 = Release|Win32
		{EC6580FC-2697-45F3-B0EA-08A70198F133}.ReleaseST|x64.ActiveCfg = Release|x64
		{EC6580FC-2697-45F3-B0EA-08A70198F133}.ReleaseST|x64.Build.0 = Release|x64
		{EC6580FC-2697-45F3-B0EA-08A70198F133}.STDebug|Win32.ActiveCfg = Debug|Win32
		{EC6580FC-2697-45F3-B0EA-08A70198F133}.STDebug|Win32.Build.0 = Debug|Win32
		{EC6580FC-2697-45F3-B0EA-08A70198F133}.STDebug|x64.ActiveCfg = Debug|x64
		{EC6580FC-2697-45F3-B0EA-08A70198F133}.STDebug|x64.Build.0 = Debug|x64
		{EC6580FC-2697-45F3-B0EA-08A70198F133}.STRelease|Win32.ActiveCfg = Release|Win32
		{EC6580FC-2697-45F3-B0EA-08A70198F133}.STRelease|Win32.Build.0 = Release|Win32
		{EC6580FC-2697-45F3-B0EA-08A70198F133}.STRelease|x64.ActiveCfg = Release|x64
		{EC6580FC-2697-45F3-B0EA-08A70198F133}.STRelease|x64.Build.0 = Release|x64
		{8AD42689-9FF0-40BB-9088-1FA0E8383DA3}.cpfgv|Win32.ActiveCfg = Release|Win32
		{8AD42689-9FF0-40BB-9088-1FA0E8383DA3}.cpfgv|Win32.Build.0 = Release|Win32
		{8AD42689-9FF0-40BB-9088-1FA0E8383DA3}.cpfgv|x64.ActiveCfg = Release|x64
		{8AD42689-9FF0-40BB-9088-1FA0E8383DA3}.cpfgv|x64.Build.0 = Release|x64
		{8AD42689-9FF0-40BB-9088-1FA0E8383DA3}.Debug|Win32.ActiveCfg = Debug|Win32
		{8AD42689-9FF0-40BB-9088-1FA0E8383DA3}.Debug|Win32.Build.0 = Debug|Win32
		{8AD42689-9FF0-40BB-9088-1FA0E8383DA3}.Debug|x64.ActiveCfg = Debug|x64
		{8AD42689-9FF0-40BB-9088-1FA0E8383DA3}.Debug|x64.Build.0 = Debug|x64
		{8AD42689-9FF0-40BB-9088-1FA0E8383DA3}.DebugMT|Win32.ActiveCfg = Debug|Win32
		{8AD42689-9FF0-40BB-9088-1FA0E8383DA3}.DebugMT|Win32.Build.0 = Debug|Win32
		{8AD42689-9FF0-40BB-9088-1FA0E8383DA3}.DebugMT|x64.ActiveCfg = Debug|x64
		{8AD42689-9FF0-40BB-9088-1FA0E8383DA3}.DebugMT|x64.Build.0 = Debug|x64
		{8AD42689-9FF0-40BB-9088-1FA0E8383DA3}.DebugST|Win32.ActiveCfg = Debug|Win32
		{8AD42689-9FF0-40BB-9088-1FA0E8383DA3}.DebugST|Win32.Build.0 = Debug|Win32
		{8AD42689-9FF0-40BB-9088-1FA0E8383DA3}.DebugST|x64.ActiveCfg = Debug|x64
		{8AD42689-9FF0-40BB-9088-1FA0E8383DA3}.DebugST|x64.Build.0 = Debug|x64
		{8AD42689-9FF0-40BB-9088-1FA0E8383DA3}.Eval|Win32.ActiveCfg = Release|Win32
		{8AD42689-9FF0-40BB-9088-1FA0E8383DA3}.Eval|Win32.Build.0 = Release|Win32
		{8AD42689-9FF0-40BB-9088-1FA0E8383DA3}.Eval|x64.ActiveCfg = Release|x64
		{8AD42689-9FF0-40BB-9088-1FA0E8383DA3}.Eval|x64.Build.0 = Release|x64
		{8AD42689-9FF0-40BB-9088-1FA0E8383DA3}.NoJimDebug|Win32.ActiveCfg = Debug|Win32
		{8AD42689-9FF0-40BB-9088-1FA0E8383DA3}.NoJimDebug|Win32.Build.0 = Debug|Win32
		{8AD42689-9FF0-40BB-9088-1FA0E8383DA3}.NoJimDebug|x64.ActiveCfg = Debug|x64
		{8AD42689-9FF0-40BB-9088-1FA0E8383DA3}.NoJimDebug|x64.Build.0 = Debug|x64
		{8AD42689-9FF0-40BB-9088-1FA0E8383DA3}.Release|Win32.ActiveCfg = Release|Win32
		{8AD42689-9FF0-40BB-9088-1FA0E8383DA3}.Release|Win32.Build.0 = Release|Win32
		{8AD42689-9FF0-40BB-9088-1FA0E8383DA3}.Release|x64.ActiveCfg = Release|x64
		{8AD42689-9FF0-40BB-9088-1FA0E8383DA3}.Release|x64.Build.0 = Release|x64
		{8AD42689-9FF0-40BB-9088-1FA0E8383DA3}.ReleaseMT|Win32.ActiveCfg = Release|Win32
		{8AD42689-9FF0-40BB-9088-1FA0E8383DA3}.ReleaseMT|Win32.Build.0 = Release|Win32
		{8AD42689-9FF0-40BB-9088-1FA0E8383DA3}.ReleaseMT|x64.ActiveCfg = Release|x64
		{8AD42689-9FF0-40BB-9088-1FA0E8383DA3}.ReleaseMT|x64.Build.0 = Release|x64
		{8AD42689-9FF0-40BB-9088-1FA0E8383DA3}.ReleaseST|Win32.ActiveCfg = Release|Win32
		{8AD42689-9FF0-40BB-9088-1FA0E8383DA3}.ReleaseST|Win32.Build.0 = Release|Win32
		{8AD42689-9FF0-40BB-9088-1FA0E8383DA3}.ReleaseST|x64.ActiveCfg = Release|x64
		{8AD42689-9FF0-40BB-9088-1FA0E8383DA3}.ReleaseST|x64.Build.0 = Release|x64
		{8AD42689-9FF0-40BB-9088-1FA0E8383DA3}.STDebug|Win32.ActiveCfg = Debug|Win32
		{8AD42689-9FF0-40BB-9088-1FA0E8383DA3}.STDebug|Win32.Build.0 = Debug|Win32
		{8AD42689-9FF0-40BB-9088-1FA0E8383DA3}.STDebug|x64.ActiveCfg = Debug|x64
		{8AD42689-9FF0-40BB-9088-1FA0E8383DA3}.STDebug|x64.Build.0 = Debug|x64
		{8AD42689-9FF0-40BB-9088-1FA0E8383DA3}.STRelease|Win32.ActiveCfg = Release|Win32
		{8AD42689-9FF0-40BB-9088-1FA0E8383DA3}.STRelease|Win32.Build.0 = Release|Win32
		{8AD42689-9FF0-40BB-9088-1FA0E8383DA3}.STRelease|x64.ActiveCfg = Release|x64
		{8AD42689-9FF0-40BB-9088-1FA0E8383DA3}.STRelease|x64.Build.0 = Release|x64
		{FE34FD43-7DD2-4B13-9532-0CD918AD9B0E}.cpfgv|Win32.ActiveCfg = DebugMT|Win32
		{FE34FD43-7DD2-4B13-9532-0CD918AD9B0E}.cpfgv|Win32.Build.0 = DebugMT|Win32
		{FE34FD43-7DD2-4B13-9532-0CD918AD9B0E}.cpfgv|x64.ActiveCfg = Release|x64
		{FE34FD43-7DD2-4B13-9532-0CD918AD9B0E}.cpfgv|x64.Build.0 = Release|x64
		{FE34FD43-7DD2-4B13-9532-0CD918AD9B0E}.Debug|Win32.ActiveCfg = Debug|Win32
		{FE34FD43-7DD2-4B13-9532-0CD918AD9B0E}.Debug|Win32.Build.0 = Debug|Win32
		{FE34FD43-7DD2-4B13-9532-0CD918AD9B0E}.Debug|x64.ActiveCfg = Debug|x64
		{FE34FD43-7DD2-4B13-9532-0CD918AD9B0E}.Debug|x64.Build.0 = Debug|x64
		{FE34FD43-7DD2-4B13-9532-0CD918AD9B0E}.DebugMT|Win32.ActiveCfg = DebugMT|Win32
		{FE34FD43-7DD2-4B13-9532-0CD918AD9B0E}.DebugMT|Win32.Build.0 = DebugMT|Win32
		{FE34FD43-7DD2-4B13-9532-0CD918AD9B0E}.DebugMT|x64.ActiveCfg = DebugMT|x64
		{FE34FD43-7DD2-4B13-9532-0CD918AD9B0E}.DebugMT|x64.Build.0 = DebugMT|x64
		{FE34FD43-7DD2-4B13-9532-0CD918AD9B0E}.DebugST|Win32.ActiveCfg = DebugMT|Win32
		{FE34FD43-7DD2-4B13-9532-0CD918AD9B0E}.DebugST|Win32.Build.0 = DebugMT|Win32
		{FE34FD43-7DD2-4B13-9532-0CD918AD9B0E}.DebugST|x64.ActiveCfg = Debug|x64
		{FE34FD43-7DD2-4B13-9532-0CD918AD9B0E}.DebugST|x64.Build.0 = Debug|x64
		{FE34FD43-7DD2-4B13-9532-0CD918AD9B0E}.Eval|Win32.ActiveCfg = DebugMT|Win32
		{FE34FD43-7DD2-4B13-9532-0CD918AD9B0E}.Eval|Win32.Build.0 = DebugMT|Win32
		{FE34FD43-7DD2-4B13-9532-0CD918AD9B0E}.Eval|x64.ActiveCfg = Release|x64
		{FE34FD43-7DD2-4B13-9532-0CD918AD9B0E}.Eval|x64.Build.0 = Release|x64
		{FE34FD43-7DD2-4B13-9532-0CD918AD9B0E}.NoJimDebug|Win32.ActiveCfg = Debug|Win32
		{FE34FD43-7DD2-4B13-9532-0CD918AD9B0E}.NoJimDebug|Win32.Build.0 = Debug|Win32
		{FE34FD43-7DD2-4B13-9532-0CD918AD9B0E}.NoJimDebug|x64.ActiveCfg = Debug|x64
		{FE34FD43-7DD2-4B13-9532-0CD918AD9B0E}.NoJimDebug|x64.Build.0 = Debug|x64
		{FE34FD43-7DD2-4B13-9532-0CD918AD9B0E}.Release|Win32.ActiveCfg = Release|Win32
		{FE34FD43-7DD2-4B13-9532-0CD918AD9B0E}.Release|Win32.Build.0 = Release|Win32
		{FE34FD43-7DD2-4B13-9532-0CD918AD9B0E}.Release|x64.ActiveCfg = Release|x64
		{FE34FD43-7DD2-4B13-9532-0CD918AD9B0E}.Release|x64.Build.0 = Release|x64
		{FE34FD43-7DD2-4B13-9532-0CD918AD9B0E}.ReleaseMT|Win32.ActiveCfg = ReleaseMT|Win32
		{FE34FD43-7DD2-4B13-9532-0CD918AD9B0E}.ReleaseMT|Win32.Build.0 = ReleaseMT|Win32
		{FE34FD43-7DD2-4B13-9532-0CD918AD9B0E}.ReleaseMT|x64.ActiveCfg = ReleaseMT|x64
		{FE34FD43-7DD2-4B13-9532-0CD918AD9B0E}.ReleaseMT|x64.Build.0 = ReleaseMT|x64
		{FE34FD43-7DD2-4B13-9532-0CD918AD9B0E}.ReleaseST|Win32.ActiveCfg = ReleaseMT|Win32
		{FE34FD43-7DD2-4B13-9532-0CD918AD9B0E}.ReleaseST|Win32.Build.0 = ReleaseMT|Win32
		{FE34FD43-7DD2-4B13-9532-0CD918AD9B0E}.ReleaseST|x64.ActiveCfg = Release|x64
		{FE34FD43-7DD2-4B13-9532-0CD918AD9B0E}.ReleaseST|x64.Build.0 = Release|x64
		{FE34FD43-7DD2-4B13-9532-0CD918AD9B0E}.STDebug|Win32.ActiveCfg = Debug|Win32
		{FE34FD43-7DD2-4B13-9532-0CD918AD9B0E}.STDebug|Win32.Build.0 = Debug|Win32
		{FE34FD43-7DD2-4B13-9532-0CD918AD9B0E}.STDebug|x64.ActiveCfg = Debug|x64
		{FE34FD43-7DD2-4B13-9532-0CD918AD9B0E}.STDebug|x64.Build.0 = Debug|x64
		{FE34FD43-7DD2-4B13-9532-0CD918AD9B0E}.STRelease|Win32.ActiveCfg = Release|Win32
		{FE34FD43-7DD2-4B13-9532-0CD918AD9B0E}.STRelease|Win32.Build.0 = Release|Win32
		{FE34FD43-7DD2-4B13-9532-0CD918AD9B0E}.STRelease|x64.ActiveCfg = Release|x64
		{FE34FD43-7DD2-4B13-9532-0CD918AD9B0E}.STRelease|x64.Build.0 = Release|x64
		{08349937-831B-45CB-842C-00FBAEACBE7B}.cpfgv|Win32.ActiveCfg = Release|Win32
		{08349937-831B-45CB-842C-00FBAEACBE7B}.cpfgv|Win32.Build.0 = Release|Win32
		{08349937-831B-45CB-842C-00FBAEACBE7B}.cpfgv|x64.ActiveCfg = Release|x64
		{08349937-831B-45CB-842C-00FBAEACBE7B}.cpfgv|x64.Build.0 = Release|x64
		{08349937-831B-45CB-842C-00FBAEACBE7B}.Debug|Win32.ActiveCfg = Debug|Win32
		{08349937-831B-45CB-842C-00FBAEACBE7B}.Debug|Win32.Build.0 = Debug|Win32
		{08349937-831B-45CB-842C-00FBAEACBE7B}.Debug|x64.ActiveCfg = Debug|x64
		{08349937-831B-45CB-842C-00FBAEACBE7B}.Debug|x64.Build.0 = Debug|x64
		{08349937-831B-45CB-842C-00FBAEACBE7B}.DebugMT|Win32.ActiveCfg = Debug|Win32
		{08349937-831B-45CB-842C-00FBAEACBE7B}.DebugMT|Win32.Build.0 = Debug|Win32
		{08349937-831B-45CB-842C-00FBAEACBE7B}.DebugMT|x64.ActiveCfg = Debug|x64
		{08349937-831B-45CB-842C-00FBAEACBE7B}.DebugMT|x64.Build.0 = Debug|x64
		{08349937-831B-45CB-842C-00FBAEACBE7B}.DebugST|Win32.ActiveCfg = Debug|Win32
		{08349937-831B-45CB-842C-00FBAEACBE7B}.DebugST|Win32.Build.0 = Debug|Win32
		{08349937-831B-45CB-842C-00FBAEACBE7B}.DebugST|x64.ActiveCfg = Debug|x64
		{08349937-831B-45CB-842C-00FBAEACBE7B}.DebugST|x64.Build.0 = Debug|x64
		{08349937-831B-45CB-842C-00FBAEACBE7B}.Eval|Win32.ActiveCfg = Release|Win32
		{08349937-831B-45CB-842C-00FBAEACBE7B}.Eval|Win32.Build.0 = Release|Win32
		{08349937-831B-45CB-842C-00FBAEACBE7B}.Eval|x64.ActiveCfg = Release|x64
		{08349937-831B-45CB-842C-00FBAEACBE7B}.Eval|x64.Build.0 = Release|x64
		{08349937-831B-45CB-842C-00FBAEACBE7B}.NoJimDebug|Win32.ActiveCfg = Debug|Win32
		{08349937-831B-45CB-842C-00FBAEACBE7B}.NoJimDebug|Win32.Build.0 = Debug|Win32
		{08349937-831B-45CB-842C-00FBAEACBE7B}.NoJimDebug|x64.ActiveCfg = Debug|x64
		{08349937-831B-45CB-842C-00FBAEACBE7B}.NoJimDebug|x64.Build.0 = Debug|x64
		{08349937-831B-45CB-842C-00FBAEACBE7B}.Release|Win32.ActiveCfg = Release|Win32
		{08349937-831B-45CB-842C-00FBAEACBE7B}.Release|Win32.Build.0 = Release|Win32
		{08349937-831B-45CB-842C-00FBAEACBE7B}.Release|x64.ActiveCfg = Release|x64
		{08349937-831B-45CB-842C-00FBAEACBE7B}.Release|x64.Build.0 = Release|x64
		{08349937-831B-45CB-842C-00FBAEACBE7B}.ReleaseMT|Win32.ActiveCfg = Release|Win32
		{08349937-831B-45CB-842C-00FBAEACBE7B}.ReleaseMT|Win32.Build.0 = Release|Win32
		{08349937-831B-45CB-842C-00FBAEACBE7B}.ReleaseMT|x64.ActiveCfg = Release|x64
		{08349937-831B-45CB-842C-00FBAEACBE7B}.ReleaseMT|x64.Build.0 = Release|x64
		{08349937-831B-45CB-842C-00FBAEACBE7B}.ReleaseST|Win32.ActiveCfg = Release|Win32
		{08349937-831B-45CB-842C-00FBAEACBE7B}.ReleaseST|Win32.Build.0 = Release|Win32
		{08349937-831B-45CB-842C-00FBAEACBE7B}.ReleaseST|x64.ActiveCfg = Release|x64
		{08349937-831B-45CB-842C-00FBAEACBE7B}.ReleaseST|x64.Build.0 = Release|x64
		{08349937-831B-45CB-842C-00FBAEACBE7B}.STDebug|Win32.ActiveCfg = Debug|Win32
		{08349937-831B-45CB-842C-00FBAEACBE7B}.STDebug|Win32.Build.0 = Debug|Win32
		{08349937-831B-45CB-842C-00FBAEACBE7B}.STDebug|x64.ActiveCfg = Debug|x64
		{08349937-831B-45CB-842C-00FBAEACBE7B}.STDebug|x64.Build.0 = Debug|x64
		{08349937-831B-45CB-842C-00FBAEACBE7B}.STRelease|Win32.ActiveCfg = Release|Win32
		{08349937-831B-45CB-842C-00FBAEACBE7B}.STRelease|Win32.Build.0 = Release|Win32
		{08349937-831B-45CB-842C-00FBAEACBE7B}.STRelease|x64.ActiveCfg = Release|x64
		{08349937-831B-45CB-842C-00FBAEACBE7B}.STRelease|x64.Build.0 = Release|x64
		{C73A7219-A344-4021-950B-C08E1C2D28B6}.cpfgv|Win32.ActiveCfg = ReleaseST|Win32
		{C73A7219-A344-4021-950B-C08E1C2D28B6}.cpfgv|Win32.Build.0 = ReleaseST|Win32
		{C73A7219-A344-4021-950B-C08E1C2D28B6}.cpfgv|x64.ActiveCfg = Release|x64
		{C73A7219-A344-4021-950B-C08E1C2D28B6}.cpfgv|x64.Build.0 = Release|x64
		{C73A7219-A344-4021-950B-C08E1C2D28B6}.Debug|Win32.ActiveCfg = Debug|Win32
		{C73A7219-A344-4021-950B-C08E1C2D28B6}.Debug|Win32.Build.0 = Debug|Win32
		{C73A7219-A344-4021-950B-C08E1C2D28B6}.Debug|x64.ActiveCfg = Debug|x64
		{C73A7219-A344-4021-950B-C08E1C2D28B6}.Debug|x64.Build.0 = Debug|x64
		{C73A7219-A344-4021-950B-C08E1C2D28B6}.DebugMT|Win32.ActiveCfg = DebugST|Win32
		{C73A7219-A344-4021-950B-C08E1C2D28B6}.DebugMT|Win32.Build.0 = DebugST|Win32
		{C73A7219-A344-4021-950B-C08E1C2D28B6}.DebugMT|x64.ActiveCfg = Debug|x64
		{C73A7219-A344-4021-950B-C08E1C2D28B6}.DebugMT|x64.Build.0 = Debug|x64
		{C73A7219-A344-4021-950B-C08E1C2D28B6}.DebugST|Win32.ActiveCfg = DebugST|Win32
		{C73A7219-A344-4021-950B-C08E1C2D28B6}.DebugST|Win32.Build.0 = DebugST|Win32
		{C73A7219-A344-4021-950B-C08E1C2D28B6}.DebugST|x64.ActiveCfg = DebugST|x64
		{C73A7219-A344-4021-950B-C08E1C2D28B6}.DebugST|x64.Build.0 = DebugST|x64
		{C73A7219-A344-4021-950B-C08E1C2D28B6}.Eval|Win32.ActiveCfg = ReleaseST|Win32
		{C73A7219-A344-4021-950B-C08E1C2D28B6}.Eval|Win32.Build.0 = ReleaseST|Win32
		{C73A7219-A344-4021-950B-C08E1C2D28B6}.Eval|x64.ActiveCfg = Release|x64
		{C73A7219-A344-4021-950B-C08E1C2D28B6}.Eval|x64.Build.0 = Release|x64
		{C73A7219-A344-4021-950B-C08E1C2D28B6}.NoJimDebug|Win32.ActiveCfg = Debug|Win32
		{C73A7219-A344-4021-950B-C08E1C2D28B6}.NoJimDebug|Win32.Build.0 = Debug|Win32
		{C73A7219-A344-4021-950B-C08E1C2D28B6}.NoJimDebug|x64.ActiveCfg = Debug|x64
		{C73A7219-A344-4021-950B-C08E1C2D28B6}.NoJimDebug|x64.Build.0 = Debug|x64
		{C73A7219-A344-4021-950B-C08E1C2D28B6}.Release|Win32.ActiveCfg = Release|Win32
		{C73A7219-A344-4021-950B-C08E1C2D28B6}.Release|Win32.Build.0 = Release|Win32
		{C73A7219-A344-4021-950B-C08E1C2D28B6}.Release|x64.ActiveCfg = Release|x64
		{C73A7219-A344-4021-950B-C08E1C2D28B6}.Release|x64.Build.0 = Release|x64
		{C73A7219-A344-4021-950B-C08E1C2D28B6}.ReleaseMT|Win32.ActiveCfg = ReleaseST|Win32
		{C73A7219-A344-4021-950B-C08E1C2D28B6}.ReleaseMT|Win32.Build.0 = ReleaseST|Win32
		{C73A7219-A344-4021-950B-C08E1C2D28B6}.ReleaseMT|x64.ActiveCfg = Release|x64
		{C73A7219-A344-4021-950B-C08E1C2D28B6}.ReleaseMT|x64.Build.0 = Release|x64
		{C73A7219-A344-4021-950B-C08E1C2D28B6}.ReleaseST|Win32.ActiveCfg = ReleaseST|Win32
		{C73A7219-A344-4021-950B-C08E1C2D28B6}.ReleaseST|Win32.Build.0 = ReleaseST|Win32
		{C73A7219-A344-4021-950B-C08E1C2D28B6}.ReleaseST|x64.ActiveCfg = ReleaseST|x64
		{C73A7219-A344-4021-950B-C08E1C2D28B6}.ReleaseST|x64.Build.0 = ReleaseST|x64
		{C73A7219-A344-4021-950B-C08E1C2D28B6}.STDebug|Win32.ActiveCfg = Debug|Win32
		{C73A7219-A344-4021-950B-C08E1C2D28B6}.STDebug|Win32.Build.0 = Debug|Win32
		{C73A7219-A344-4021-950B-C08E1C2D28B6}.STDebug|x64.ActiveCfg = Debug|x64
		{C73A7219-A344-4021-950B-C08E1C2D28B6}.STDebug|x64.Build.0 = Debug|x64
		{C73A7219-A344-4021-950B-C08E1C2D28B6}.STRelease|Win32.ActiveCfg = Release|Win32
		{C73A7219-A344-4021-950B-C08E1C2D28B6}.STRelease|Win32.Build.0 = Release|Win32
		{C73A7219-A344-4021-950B-C08E1C2D28B6}.STRelease|x64.ActiveCfg = Release|x64
		{C73A7219-A344-4021-950B-C08E1C2D28B6}.STRelease|x64.Build.0 = Release|x64
		{AFC21E4C-800D-48EB-8E3F-4048DB8C73E4}.cpfgv|Win32.ActiveCfg = cpfgv|Win32
		{AFC21E4C-800D-48EB-8E3F-4048DB8C73E4}.cpfgv|Win32.Build.0 = cpfgv|Win32
		{AFC21E4C-800D-48EB-8E3F-4048DB8C73E4}.cpfgv|x64.ActiveCfg = cpfgv|x64
		{AFC21E4C-800D-48EB-8E3F-4048DB8C73E4}.cpfgv|x64.Build.0 = cpfgv|x64
		{AFC21E4C-800D-48EB-8E3F-4048DB8C73E4}.Debug|Win32.ActiveCfg = Debug|Win32
		{AFC21E4C-800D-48EB-8E3F-4048DB8C73E4}.Debug|Win32.Build.0 = Debug|Win32
		{AFC21E4C-800D-48EB-8E3F-4048DB8C73E4}.Debug|x64.ActiveCfg = Debug|x64
		{AFC21E4C-800D-48EB-8E3F-4048DB8C73E4}.Debug|x64.Build.0 = Debug|x64
		{AFC21E4C-800D-48EB-8E3F-4048DB8C73E4}.DebugMT|Win32.ActiveCfg = Debug|Win32
		{AFC21E4C-800D-48EB-8E3F-4048DB8C73E4}.DebugMT|Win32.Build.0 = Debug|Win32
		{AFC21E4C-800D-48EB-8E3F-4048DB8C73E4}.DebugMT|x64.ActiveCfg = Debug|x64
		{AFC21E4C-800D-48EB-8E3F-4048DB8C73E4}.DebugMT|x64.Build.0 = Debug|x64
		{AFC21E4C-800D-48EB-8E3F-4048DB8C73E4}.DebugST|Win32.ActiveCfg = Debug|Win32
		{AFC21E4C-800D-48EB-8E3F-4048DB8C73E4}.DebugST|Win32.Build.0 = Debug|Win32
		{AFC21E4C-800D-48EB-8E3F-4048DB8C73E4}.DebugST|x64.ActiveCfg = Debug|x64
		{AFC21E4C-800D-48EB-8E3F-4048DB8C73E4}.DebugST|x64.Build.0 = Debug|x64
		{AFC21E4C-800D-48EB-8E3F-4048DB8C73E4}.Eval|Win32.ActiveCfg = Eval|Win32
		{AFC21E4C-800D-48EB-8E3F-4048DB8C73E4}.Eval|Win32.Build.0 = Eval|Win32
		{AFC21E4C-800D-48EB-8E3F-4048DB8C73E4}.Eval|x64.ActiveCfg = Eval|x64
		{AFC21E4C-800D-48EB-8E3F-4048DB8C73E4}.Eval|x64.Build.0 = Eval|x64
		{AFC21E4C-800D-48EB-8E3F-4048DB8C73E4}.NoJimDebug|Win32.ActiveCfg = NoJimDebug|Win32
		{AFC21E4C-800D-48EB-8E3F-4048DB8C73E4}.NoJimDebug|Win32.Build.0 = NoJimDebug|Win32
		{AFC21E4C-800D-48EB-8E3F-4048DB8C73E4}.NoJimDebug|x64.ActiveCfg = NoJimDebug|x64
		{AFC21E4C-800D-48EB-8E3F-4048DB8C73E4}.NoJimDebug|x64.Build.0 = NoJimDebug|x64
		{AFC21E4C-800D-48EB-8E3F-4048DB8C73E4}.Release|Win32.ActiveCfg = Release|Win32
		{AFC21E4C-800D-48EB-8E3F-4048DB8C73E4}.Release|Win32.Build.0 = Release|Win32
		{AFC21E4C-800D-48EB-8E3F-4048DB8C73E4}.Release|x64.ActiveCfg = Release|x64
		{AFC21E4C-800D-48EB-8E3F-4048DB8C73E4}.Release|x64.Build.0 = Release|x64
		{AFC21E4C-800D-48EB-8E3F-4048DB8C73E4}.ReleaseMT|Win32.ActiveCfg = Release|Win32
		{AFC21E4C-800D-48EB-8E3F-4048DB8C73E4}.ReleaseMT|Win32.Build.0 = Release|Win32
		{AFC21E4C-800D-48EB-8E3F-4048DB8C73E4}.ReleaseMT|x64.ActiveCfg = Release|x64
		{AFC21E4C-800D-48EB-8E3F-4048DB8C73E4}.ReleaseMT|x64.Build.0 = Release|x64
		{AFC21E4C-800D-48EB-8E3F-4048DB8C73E4}.ReleaseST|Win32.ActiveCfg = Release|Win32
		{AFC21E4C-800D-48EB-8E3F-4048DB8C73E4}.ReleaseST|Win32.Build.0 = Release|Win32
		{AFC21E4C-800D-48EB-8E3F-4048DB8C73E4}.ReleaseST|x64.ActiveCfg = Release|x64
		{AFC21E4C-800D-48EB-8E3F-4048DB8C73E4}.ReleaseST|x64.Build.0 = Release|x64
		{AFC21E4C-800D-48EB-8E3F-4048DB8C73E4}.STDebug|Win32.ActiveCfg = Debug|Win32
		{AFC21E4C-800D-48EB-8E3F-4048DB8C73E4}.STDebug|Win32.Build.0 = Debug|Win32
		{AFC21E4C-800D-48EB-8E3F-4048DB8C73E4}.STDebug|x64.ActiveCfg = Debug|x64
		{AFC21E4C-800D-48EB-8E3F-4048DB8C73E4}.STDebug|x64.Build.0 = Debug|x64
		{AFC21E4C-800D-48EB-8E3F-4048DB8C73E4}.STRelease|Win32.ActiveCfg = Release|Win32
		{AFC21E4C-800D-48EB-8E3F-4048DB8C73E4}.STRelease|Win32.Build.0 = Release|Win32
		{AFC21E4C-800D-48EB-8E3F-4048DB8C73E4}.STRelease|x64.ActiveCfg = Release|x64
		{AFC21E4C-800D-48EB-8E3F-4048DB8C73E4}.STRelease|x64.Build.0 = Release|x64
		{F0B7E596-8297-4278-A3B1-A3B7CB8FAF46}.cpfgv|Win32.ActiveCfg = Debug|Win32
		{F0B7E596-8297-4278-A3B1-A3B7CB8FAF46}.cpfgv|Win32.Build.0 = Debug|Win32
		{F0B7E596-8297-4278-A3B1-A3B7CB8FAF46}.cpfgv|x64.ActiveCfg = Debug|x64
		{F0B7E596-8297-4278-A3B1-A3B7CB8FAF46}.cpfgv|x64.Build.0 = Debug|x64
		{F0B7E596-8297-4278-A3B1-A3B7CB8FAF46}.Debug|Win32.ActiveCfg = Debug|Win32
		{F0B7E596-8297-4278-A3B1-A3B7CB8FAF46}.Debug|Win32.Build.0 = Debug|Win32
		{F0B7E596-8297-4278-A3B1-A3B7CB8FAF46}.Debug|x64.ActiveCfg = Debug|x64
		{F0B7E596-8297-4278-A3B1-A3B7CB8FAF46}.Debug|x64.Build.0 = Debug|x64
		{F0B7E596-8297-4278-A3B1-A3B7CB8FAF46}.DebugMT|Win32.ActiveCfg = Debug|Win32
		{F0B7E596-8297-4278-A3B1-A3B7CB8FAF46}.DebugMT|Win32.Build.0 = Debug|Win32
		{F0B7E596-8297-4278-A3B1-A3B7CB8FAF46}.DebugMT|x64.ActiveCfg = Debug|x64
		{F0B7E596-8297-4278-A3B1-A3B7CB8FAF46}.DebugMT|x64.Build.0 = Debug|x64
		{F0B7E596-8297-4278-A3B1-A3B7CB8FAF46}.DebugST|Win32.ActiveCfg = Debug|Win32
		{F0B7E596-8297-4278-A3B1-A3B7CB8FAF46}.DebugST|Win32.Build.0 = Debug|Win32
		{F0B7E596-8297-4278-A3B1-A3B7CB8FAF46}.DebugST|x64.ActiveCfg = Debug|x64
		{F0B7E596-8297-4278-A3B1-A3B7CB8FAF46}.DebugST|x64.Build.0 = Debug|x64
		{F0B7E596-8297-4278-A3B1-A3B7CB8FAF46}.Eval|Win32.ActiveCfg = Debug|Win32
		{F0B7E596-8297-4278-A3B1-A3B7CB8FAF46}.Eval|Win32.Build.0 = Debug|Win32
		{F0B7E596-8297-4278-A3B1-A3B7CB8FAF46}.Eval|x64.ActiveCfg = Debug|x64
		{F0B7E596-8297-4278-A3B1-A3B7CB8FAF46}.Eval|x64.Build.0 = Debug|x64
		{F0B7E596-8297-4278-A3B1-A3B7CB8FAF46}.NoJimDebug|Win32.ActiveCfg = Debug|Win32
		{F0B7E596-8297-4278-A3B1-A3B7CB8FAF46}.NoJimDebug|Win32.Build.0 = Debug|Win32
		{F0B7E596-8297-4278-A3B1-A3B7CB8FAF46}.NoJimDebug|x64.ActiveCfg = Debug|x64
		{F0B7E596-8297-4278-A3B1-A3B7CB8FAF46}.NoJimDebug|x64.Build.0 = Debug|x64
		{F0B7E596-8297-4278-A3B1-A3B7CB8FAF46}.Release|Win32.ActiveCfg = Debug|Win32
		{F0B7E596-8297-4278-A3B1-A3B7CB8FAF46}.Release|Win32.Build.0 = Debug|Win32
		{F0B7E596-8297-4278-A3B1-A3B7CB8FAF46}.Release|x64.ActiveCfg = Debug|x64
		{F0B7E596-8297-4278-A3B1-A3B7CB8FAF46}.Release|x64.Build.0 = Debug|x64
		{F0B7E596-8297-4278-A3B1-A3B7CB8FAF46}.ReleaseMT|Win32.ActiveCfg = Debug|Win32
		{F0B7E596-8297-4278-A3B1-A3B7CB8FAF46}.ReleaseMT|Win32.Build.0 = Debug|Win32
		{F0B7E596-8297-4278-A3B1-A3B7CB8FAF46}.ReleaseMT|x64.ActiveCfg = Debug|x64
		{F0B7E596-8297-4278-A3B1-A3B7CB8FAF46}.ReleaseMT|x64.Build.0 = Debug|x64
		{F0B7E596-8297-4278-A3B1-A3B7CB8FAF46}.ReleaseST|Win32.ActiveCfg = Debug|Win32
		{F0B7E596-8297-4278-A3B1-A3B7CB8FAF46}.ReleaseST|Win32.Build.0 = Debug|Win32
		{F0B7E596-8297-4278-A3B1-A3B7CB8FAF46}.ReleaseST|x64.ActiveCfg = Debug|x64
		{F0B7E596-8297-4278-A3B1-A3B7CB8FAF46}.ReleaseST|x64.Build.0 = Debug|x64
		{F0B7E596-8297-4278-A3B1-A3B7CB8FAF46}.STDebug|Win32.ActiveCfg = Debug|Win32
		{F0B7E596-8297-4278-A3B1-A3B7CB8FAF46}.STDebug|Win32.Build.0 = Debug|Win32
		{F0B7E596-8297-4278-A3B1-A3B7CB8FAF46}.STDebug|x64.ActiveCfg = Debug|x64
		{F0B7E596-8297-4278-A3B1-A3B7CB8FAF46}.STDebug|x64.Build.0 = Debug|x64
		{F0B7E596-8297-4278-A3B1-A3B7CB8FAF46}.STRelease|Win32.ActiveCfg = Debug|Win32
		{F0B7E596-8297-4278-A3B1-A3B7CB8FAF46}.STRelease|Win32.Build.0 = Debug|Win32
		{F0B7E596-8297-4278-A3B1-A3B7CB8FAF46}.STRelease|x64.ActiveCfg = Debug|x64
		{F0B7E596-8297-4278-A3B1-A3B7CB8FAF46}.STRelease|x64.Build.0 = Debug|x64
		{44649F94-12C5-45C0-90C3-0230E3636D51}.cpfgv|Win32.ActiveCfg = Debug|Win32
		{44649F94-12C5-45C0-90C3-0230E3636D51}.cpfgv|Win32.Build.0 = Debug|Win32
		{44649F94-12C5-45C0-90C3-0230E3636D51}.cpfgv|x64.ActiveCfg = Debug|x64
		{44649F94-12C5-45C0-90C3-0230E3636D51}.cpfgv|x64.Build.0 = Debug|x64
		{44649F94-12C5-45C0-90C3-0230E3636D51}.Debug|Win32.ActiveCfg = Debug|Win32
		{44649F94-12C5-45C0-90C3-0230E3636D51}.Debug|Win32.Build.0 = Debug|Win32
		{44649F94-12C5-45C0-90C3-0230E3636D51}.Debug|x64.ActiveCfg = Debug|x64
		{44649F94-12C5-45C0-90C3-0230E3636D51}.Debug|x64.Build.0 = Debug|x64
		{44649F94-12C5-45C0-90C3-0230E3636D51}.DebugMT|Win32.ActiveCfg = Debug|Win32
		{44649F94-12C5-45C0-90C3-0230E3636D51}.DebugMT|Win32.Build.0 = Debug|Win32
		{44649F94-12C5-45C0-90C3-0230E3636D51}.DebugMT|x64.ActiveCfg = Debug|x64
		{44649F94-12C5-45C0-90C3-0230E3636D51}.DebugMT|x64.Build.0 = Debug|x64
		{44649F94-12C5-45C0-90C3-0230E3636D51}.DebugST|Win32.ActiveCfg = Debug|Win32
		{44649F94-12C5-45C0-90C3-0230E3636D51}.DebugST|Win32.Build.0 = Debug|Win32
		{44649F94-12C5-45C0-90C3-0230E3636D51}.DebugST|x64.ActiveCfg = Debug|x64
		{44649F94-12C5-45C0-90C3-0230E3636D51}.DebugST|x64.Build.0 = Debug|x64
		{44649F94-12C5-45C0-90C3-0230E3636D51}.Eval|Win32.ActiveCfg = Debug|Win32
		{44649F94-12C5-45C0-90C3-0230E3636D51}.Eval|Win32.Build.0 = Debug|Win32
		{44649F94-12C5-45C0-90C3-0230E3636D51}.Eval|x64.ActiveCfg = Debug|x64
		{44649F94-12C5-45C0-90C3-0230E3636D51}.Eval|x64.Build.0 = Debug|x64
		{44649F94-12C5-45C0-90C3-0230E3636D51}.NoJimDebug|Win32.ActiveCfg = Debug|Win32
		{44649F94-12C5-45C0-90C3-0230E3636D51}.NoJimDebug|Win32.Build.0 = Debug|Win32
		{44649F94-12C5-45C0-90C3-0230E3636D51}.NoJimDebug|x64.ActiveCfg = Debug|x64
		{44649F94-12C5-45C0-90C3-0230E3636D51}.NoJimDebug|x64.Build.0 = Debug|x64
		{44649F94-12C5-45C0-90C3-0230E3636D51}.Release|Win32.ActiveCfg = Debug|Win32
		{44649F94-12C5-45C0-90C3-0230E3636D51}.Release|Win32.Build.0 = Debug|Win32
		{44649F94-12C5-45C0-90C3-0230E3636D51}.Release|x64.ActiveCfg = Debug|x64
		{44649F94-12C5-45C0-90C3-0230E3636D51}.Release|x64.Build.0 = Debug|x64
		{44649F94-12C5-45C0-90C3-0230E3636D51}.ReleaseMT|Win32.ActiveCfg = Debug|Win32
		{44649F94-12C5-45C0-90C3-0230E3636D51}.ReleaseMT|Win32.Build.0 = Debug|Win32
		{44649F94-12C5-45C0-90C3-0230E3636D51}.ReleaseMT|x64.ActiveCfg = Debug|x64
		{44649F94-12C5-45C0-90C3-0230E3636D51}.ReleaseMT|x64.Build.0 = Debug|x64
		{44649F94-12C5-45C0-90C3-0230E3636D51}.ReleaseST|Win32.ActiveCfg = Debug|Win32
		{44649F94-12C5-45C0-90C3-0230E3636D51}.ReleaseST|Win32.Build.0 = Debug|Win32
		{44649F94-12C5-45C0-90C3-0230E3636D51}.ReleaseST|x64.ActiveCfg = Debug|x64
		{44649F94-12C5-45C0-90C3-0230E3636D51}.ReleaseST|x64.Build.0 = Debug|x64
		{44649F94-12C5-45C0-90C3-0230E3636D51}.STDebug|Win32.ActiveCfg = Debug|Win32
		{44649F94-12C5-45C0-90C3-0230E3636D51}.STDebug|Win32.Build.0 = Debug|Win32
		{44649F94-12C5-45C0-90C3-0230E3636D51}.STDebug|x64.ActiveCfg = Debug|x64
		{44649F94-12C5-45C0-90C3-0230E3636D51}.STDebug|x64.Build.0 = Debug|x64
		{44649F94-12C5-45C0-90C3-0230E3636D51}.STRelease|Win32.ActiveCfg = Debug|Win32
		{44649F94-12C5-45C0-90C3-0230E3636D51}.STRelease|Win32.Build.0 = Debug|Win32
		{44649F94-12C5-45C0-90C3-0230E3636D51}.STRelease|x64.ActiveCfg = Debug|x64
		{44649F94-12C5-45C0-90C3-0230E3636D51}.STRelease|x64.Build.0 = Debug|x64
		{897F64A7-12BA-4990-803C-F13A593CD4BC}.cpfgv|Win32.ActiveCfg = Debug|Win32
		{897F64A7-12BA-4990-803C-F13A593CD4BC}.cpfgv|Win32.Build.0 = Debug|Win32
		{897F64A7-12BA-4990-803C-F13A593CD4BC}.cpfgv|x64.ActiveCfg = Debug|x64
		{897F64A7-12BA-4990-803C-F13A593CD4BC}.cpfgv|x64.Build.0 = Debug|x64
		{897F64A7-12BA-4990-803C-F13A593CD4BC}.Debug|Win32.ActiveCfg = Debug|Win32
		{897F64A7-12BA-4990-803C-F13A593CD4BC}.Debug|Win32.Build.0 = Debug|Win32
		{897F64A7-12BA-4990-803C-F13A593CD4BC}.Debug|x64.ActiveCfg = Debug|x64
		{897F64A7-12BA-4990-803C-F13A593CD4BC}.Debug|x64.Build.0 = Debug|x64
		{897F64A7-12BA-4990-803C-F13A593CD4BC}.DebugMT|Win32.ActiveCfg = Debug|Win32
		{897F64A7-12BA-4990-803C-F13A593CD4BC}.DebugMT|Win32.Build.0 = Debug|Win32
		{897F64A7-12BA-4990-803C-F13A593CD4BC}.DebugMT|x64.ActiveCfg = Debug|x64
		{897F64A7-12BA-4990-803C-F13A593CD4BC}.DebugMT|x64.Build.0 = Debug|x64
		{897F64A7-12BA-4990-803C-F13A593CD4BC}.DebugST|Win32.ActiveCfg = Debug|Win32
		{897F64A7-12BA-4990-803C-F13A593CD4BC}.DebugST|Win32.Build.0 = Debug|Win32
		{897F64A7-12BA-4990-803C-F13A593CD4BC}.DebugST|x64.ActiveCfg = Debug|x64
		{897F64A7-12BA-4990-803C-F13A593CD4BC}.DebugST|x64.Build.0 = Debug|x64
		{897F64A7-12BA-4990-803C-F13A593CD4BC}.Eval|Win32.ActiveCfg = Debug|Win32
		{897F64A7-12BA-4990-803C-F13A593CD4BC}.Eval|Win32.Build.0 = Debug|Win32
		{897F64A7-12BA-4990-803C-F13A593CD4BC}.Eval|x64.ActiveCfg = Debug|x64
		{897F64A7-12BA-4990-803C-F13A593CD4BC}.Eval|x64.Build.0 = Debug|x64
		{897F64A7-12BA-4990-803C-F13A593CD4BC}.NoJimDebug|Win32.ActiveCfg = Debug|Win32
		{897F64A7-12BA-4990-803C-F13A593CD4BC}.NoJimDebug|Win32.Build.0 = Debug|Win32
		{897F64A7-12BA-4990-803C-F13A593CD4BC}.NoJimDebug|x64.ActiveCfg = Debug|x64
		{897F64A7-12BA-4990-803C-F13A593CD4BC}.NoJimDebug|x64.Build.0 = Debug|x64
		{897F64A7-12BA-4990-803C-F13A593CD4BC}.Release|Win32.ActiveCfg = Debug|Win32
		{897F64A7-12BA-4990-803C-F13A593CD4BC}.Release|Win32.Build.0 = Debug|Win32
		{897F64A7-12BA-4990-803C-F13A593CD4BC}.Release|x64.ActiveCfg = Debug|x64
		{897F64A7-12BA-4990-803C-F13A593CD4BC}.Release|x64.Build.0 = Debug|x64
		{897F64A7-12BA-4990-803C-F13A593CD4BC}.ReleaseMT|Win32.ActiveCfg = Debug|Win32
		{897F64A7-12BA-4990-803C-F13A593CD4BC}.ReleaseMT|Win32.Build.0 = Debug|Win32
		{897F64A7-12BA-4990-803C-F13A593CD4BC}.ReleaseMT|x64.ActiveCfg = Debug|x64
		{897F64A7-12BA-4990-803C-F13A593CD4BC}.ReleaseMT|x64.Build.0 = Debug|x64
		{897F64A7-12BA-4990-803C-F13A593CD4BC}.ReleaseST|Win32.ActiveCfg = Debug|Win32
		{897F64A7-12BA-4990-803C-F13A593CD4BC}.ReleaseST|Win32.Build.0 = Debug|Win32
		{897F64A7-12BA-4990-803C-F13A593CD4BC}.ReleaseST|x64.ActiveCfg = Debug|x64
		{897F64A7-12BA-4990-803C-F13A593CD4BC}.ReleaseST|x64.Build.0 = Debug|x64
		{897F64A7-12BA-4990-803C-F13A593CD4BC}.STDebug|Win32.ActiveCfg = Debug|Win32
		{897F64A7-12BA-4990-803C-F13A593CD4BC}.STDebug|Win32.Build.0 = Debug|Win32
		{897F64A7-12BA-4990-803C-F13A593CD4BC}.STDebug|x64.ActiveCfg = Debug|x64
		{897F64A7-12BA-4990-803C-F13A593CD4BC}.STDebug|x64.Build.0 = Debug|x64
		{897F64A7-12BA-4990-803C-F13A593CD4BC}.STRelease|Win32.ActiveCfg = Debug|Win32
		{897F64A7-12BA-4990-803C-F13A593CD4BC}.STRelease|Win32.Build.0 = Debug|Win32
		{897F64A7-12BA-4990-803C-F13A593CD4BC}.STRelease|x64.ActiveCfg = Debug|x64
		{897F64A7-12BA-4990-803C-F13A593CD4BC}.STRelease|x64.Build.0 = Debug|x64
		{92A3B5B3-7C1D-44A2-8E97-919334C8B862}.cpfgv|Win32.ActiveCfg = STRelease|Win32
		{92A3B5B3-7C1D-44A2-8E97-919334C8B862}.cpfgv|Win32.Build.0 = STRelease|Win32
		{92A3B5B3-7C1D-44A2-8E97-919334C8B862}.cpfgv|x64.ActiveCfg = STRelease|x64
		{92A3B5B3-7C1D-44A2-8E97-919334C8B862}.cpfgv|x64.Build.0 = STRelease|x64
		{92A3B5B3-7C1D-44A2-8E97-919334C8B862}.Debug|Win32.ActiveCfg = Debug|Win32
		{92A3B5B3-7C1D-44A2-8E97-919334C8B862}.Debug|Win32.Build.0 = Debug|Win32
		{92A3B5B3-7C1D-44A2-8E97-919334C8B862}.Debug|x64.ActiveCfg = Debug|x64
		{92A3B5B3-7C1D-44A2-8E97-919334C8B862}.Debug|x64.Build.0 = Debug|x64
		{92A3B5B3-7C1D-44A2-8E97-919334C8B862}.DebugMT|Win32.ActiveCfg = Debug|Win32
		{92A3B5B3-7C1D-44A2-8E97-919334C8B862}.DebugMT|Win32.Build.0 = Debug|Win32
		{92A3B5B3-7C1D-44A2-8E97-919334C8B862}.DebugMT|x64.ActiveCfg = Debug|x64
		{92A3B5B3-7C1D-44A2-8E97-919334C8B862}.DebugMT|x64.Build.0 = Debug|x64
		{92A3B5B3-7C1D-44A2-8E97-919334C8B862}.DebugST|Win32.ActiveCfg = Debug|Win32
		{92A3B5B3-7C1D-44A2-8E97-919334C8B862}.DebugST|Win32.Build.0 = Debug|Win32
		{92A3B5B3-7C1D-44A2-8E97-919334C8B862}.DebugST|x64.ActiveCfg = Debug|x64
		{92A3B5B3-7C1D-44A2-8E97-919334C8B862}.DebugST|x64.Build.0 = Debug|x64
		{92A3B5B3-7C1D-44A2-8E97-919334C8B862}.Eval|Win32.ActiveCfg = STRelease|Win32
		{92A3B5B3-7C1D-44A2-8E97-919334C8B862}.Eval|Win32.Build.0 = STRelease|Win32
		{92A3B5B3-7C1D-44A2-8E97-919334C8B862}.Eval|x64.ActiveCfg = STRelease|x64
		{92A3B5B3-7C1D-44A2-8E97-919334C8B862}.Eval|x64.Build.0 = STRelease|x64
		{92A3B5B3-7C1D-44A2-8E97-919334C8B862}.NoJimDebug|Win32.ActiveCfg = Debug|Win32
		{92A3B5B3-7C1D-44A2-8E97-919334C8B862}.NoJimDebug|Win32.Build.0 = Debug|Win32
		{92A3B5B3-7C1D-44A2-8E97-919334C8B862}.NoJimDebug|x64.ActiveCfg = Debug|x64
		{92A3B5B3-7C1D-44A2-8E97-919334C8B862}.NoJimDebug|x64.Build.0 = Debug|x64
		{92A3B5B3-7C1D-44A2-8E97-919334C8B862}.Release|Win32.ActiveCfg = Release|Win32
		{92A3B5B3-7C1D-44A2-8E97-919334C8B862}.Release|Win32.Build.0 = Release|Win32
		{92A3B5B3-7C1D-44A2-8E97-919334C8B862}.Release|x64.ActiveCfg = Release|x64
		{92A3B5B3-7C1D-44A2-8E97-919334C8B862}.Release|x64.Build.0 = Release|x64
		{92A3B5B3-7C1D-44A2-8E97-919334C8B862}.ReleaseMT|Win32.ActiveCfg = Release|Win32
		{92A3B5B3-7C1D-44A2-8E97-919334C8B862}.ReleaseMT|Win32.Build.0 = Release|Win32
		{92A3B5B3-7C1D-44A2-8E97-919334C8B862}.ReleaseMT|x64.ActiveCfg = Release|x64
		{92A3B5B3-7C1D-44A2-8E97-919334C8B862}.ReleaseMT|x64.Build.0 = Release|x64
		{92A3B5B3-7C1D-44A2-8E97-919334C8B862}.ReleaseST|Win32.ActiveCfg = Release|Win32
		{92A3B5B3-7C1D-44A2-8E97-919334C8B862}.ReleaseST|Win32.Build.0 = Release|Win32
		{92A3B5B3-7C1D-44A2-8E97-919334C8B862}.ReleaseST|x64.ActiveCfg = Release|x64
		{92A3B5B3-7C1D-44A2-8E97-919334C8B862}.ReleaseST|x64.Build.0 = Release|x64
		{92A3B5B3-7C1D-44A2-8E97-919334C8B862}.STDebug|Win32.ActiveCfg = STDebug|Win32
		{92A3B5B3-7C1D-44A2-8E97-919334C8B862}.STDebug|Win32.Build.0 = STDebug|Win32
		{92A3B5B3-7C1D-44A2-8E97-919334C8B862}.STDebug|x64.ActiveCfg = STDebug|x64
		{92A3B5B3-7C1D-44A2-8E97-919334C8B862}.STDebug|x64.Build.0 = STDebug|x64
		{92A3B5B3-7C1D-44A2-8E97-919334C8B862}.STRelease|Win32.ActiveCfg = STRelease|Win32
		{92A3B5B3-7C1D-44A2-8E97-919334C8B862}.STRelease|Win32.Build.0 = STRelease|Win32
		{92A3B5B3-7C1D-44A2-8E97-919334C8B862}.STRelease|x64.ActiveCfg = STRelease|x64
		{92A3B5B3-7C1D-44A2-8E97-919334C8B862}.STRelease|x64.Build.0 = STRelease|x64
		{6C551E40-8213-4C28-A9EF-5C1A62DC87F0}.cpfgv|Win32.ActiveCfg = STRelease|Win32
		{6C551E40-8213-4C28-A9EF-5C1A62DC87F0}.cpfgv|Win32.Build.0 = STRelease|Win32
		{6C551E40-8213-4C28-A9EF-5C1A62DC87F0}.cpfgv|x64.ActiveCfg = STRelease|x64
		{6C551E40-8213-4C28-A9EF-5C1A62DC87F0}.cpfgv|x64.Build.0 = STRelease|x64
		{6C551E40-8213-4C28-A9EF-5C1A62DC87F0}.Debug|Win32.ActiveCfg = Debug|Win32
		{6C551E40-8213-4C28-A9EF-5C1A62DC87F0}.Debug|Win32.Build.0 = Debug|Win32
		{6C551E40-8213-4C28-A9EF-5C1A62DC87F0}.Debug|x64.ActiveCfg = Debug|x64
		{6C551E40-8213-4C28-A9EF-5C1A62DC87F0}.Debug|x64.Build.0 = Debug|x64
		{6C551E40-8213-4C28-A9EF-5C1A62DC87F0}.DebugMT|Win32.ActiveCfg = Debug|Win32
		{6C551E40-8213-4C28-A9EF-5C1A62DC87F0}.DebugMT|Win32.Build.0 = Debug|Win32
		{6C551E40-8213-4C28-A9EF-5C1A62DC87F0}.DebugMT|x64.ActiveCfg = Debug|x64
		{6C551E40-8213-4C28-A9EF-5C1A62DC87F0}.DebugMT|x64.Build.0 = Debug|x64
		{6C551E40-8213-4C28-A9EF-5C1A62DC87F0}.DebugST|Win32.ActiveCfg = Debug|Win32
		{6C551E40-8213-4C28-A9EF-5C1A62DC87F0}.DebugST|Win32.Build.0 = Debug|Win32
		{6C551E40-8213-4C28-A9EF-5C1A62DC87F0}.DebugST|x64.ActiveCfg = Debug|x64
		{6C551E40-8213-4C28-A9EF-5C1A62DC87F0}.DebugST|x64.Build.0 = Debug|x64
		{6C551E40-8213-4C28-A9EF-5C1A62DC87F0}.Eval|Win32.ActiveCfg = STRelease|Win32
		{6C551E40-8213-4C28-A9EF-5C1A62DC87F0}.Eval|Win32.Build.0 = STRelease|Win32
		{6C551E40-8213-4C28-A9EF-5C1A62DC87F0}.Eval|x64.ActiveCfg = STRelease|x64
		{6C551E40-8213-4C28-A9EF-5C1A62DC87F0}.Eval|x64.Build.0 = STRelease|x64
		{6C551E40-8213-4C28-A9EF-5C1A62DC87F0}.NoJimDebug|Win32.ActiveCfg = Debug|Win32
		{6C551E40-8213-4C28-A9EF-5C1A62DC87F0}.NoJimDebug|Win32.Build.0 = Debug|Win32
		{6C551E40-8213-4C28-A9EF-5C1A62DC87F0}.NoJimDebug|x64.ActiveCfg = Debug|x64
		{6C551E40-8213-4C28-A9EF-5C1A62DC87F0}.NoJimDebug|x64.Build.0 = Debug|x64
		{6C551E40-8213-4C28-A9EF-5C1A62DC87F0}.Release|Win32.ActiveCfg = Release|Win32
		{6C551E40-8213-4C28-A9EF-5C1A62DC87F0}.Release|Win32.Build.0 = Release|Win32
		{6C551E40-8213-4C28-A9EF-5C1A62DC87F0}.Release|x64.ActiveCfg = Release|x64
		{6C551E40-8213-4C28-A9EF-5C1A62DC87F0}.Release|x64.Build.0 = Release|x64
		{6C551E40-8213-4C28-A9EF-5C1A62DC87F0}.ReleaseMT|Win32.ActiveCfg = Release|Win32
		{6C551E40-8213-4C28-A9EF-5C1A62DC87F0}.ReleaseMT|Win32.Build.0 = Release|Win32
		{6C551E40-8213-4C28-A9EF-5C1A62DC87F0}.ReleaseMT|x64.ActiveCfg = Release|x64
		{6C551E40-8213-4C28-A9EF-5C1A62DC87F0}.ReleaseMT|x64.Build.0 = Release|x64
		{6C551E40-8213-4C28-A9EF-5C1A62DC87F0}.ReleaseST|Win32.ActiveCfg = Release|Win32
		{6C551E40-8213-4C28-A9EF-5C1A62DC87F0}.ReleaseST|Win32.Build.0 = Release|Win32
		{6C551E40-8213-4C28-A9EF-5C1A62DC87F0}.ReleaseST|x64.ActiveCfg = Release|x64
		{6C551E40-8213-4C28-A9EF-5C1A62DC87F0}.ReleaseST|x64.Build.0 = Release|x64
		{6C551E40-8213-4C28-A9EF-5C1A62DC87F0}.STDebug|Win32.ActiveCfg = STDebug|Win32
		{6C551E40-8213-4C28-A9EF-5C1A62DC87F0}.STDebug|Win32.Build.0 = STDebug|Win32
		{6C551E40-8213-4C28-A9EF-5C1A62DC87F0}.STDebug|x64.ActiveCfg = STDebug|x64
		{6C551E40-8213-4C28-A9EF-5C1A62DC87F0}.STDebug|x64.Build.0 = STDebug|x64
		{6C551E40-8213-4C28-A9EF-5C1A62DC87F0}.STRelease|Win32.ActiveCfg = STRelease|Win32
		{6C551E40-8213-4C28-A9EF-5C1A62DC87F0}.STRelease|Win32.Build.0 = STRelease|Win32
		{6C551E40-8213-4C28-A9EF-5C1A62DC87F0}.STRelease|x64.ActiveCfg = STRelease|x64
		{6C551E40-8213-4C28-A9EF-5C1A62DC87F0}.STRelease|x64.Build.0 = STRelease|x64
		{978CEA86-94D7-41B0-9FDF-1CF192FD1A40}.cpfgv|Win32.ActiveCfg = Release|Win32
		{978CEA86-94D7-41B0-9FDF-1CF192FD1A40}.cpfgv|Win32.Build.0 = Release|Win32
		{978CEA86-94D7-41B0-9FDF-1CF192FD1A40}.cpfgv|x64.ActiveCfg = Release|x64
		{978CEA86-94D7-41B0-9FDF-1CF192FD1A40}.cpfgv|x64.Build.0 = Release|x64
		{978CEA86-94D7-41B0-9FDF-1CF192FD1A40}.Debug|Win32.ActiveCfg = Debug|Win32
		{978CEA86-94D7-41B0-9FDF-1CF192FD1A40}.Debug|Win32.Build.0 = Debug|Win32
		{978CEA86-94D7-41B0-9FDF-1CF192FD1A40}.Debug|x64.ActiveCfg = Debug|x64
		{978CEA86-94D7-41B0-9FDF-1CF192FD1A40}.Debug|x64.Build.0 = Debug|x64
		{978CEA86-94D7-41B0-9FDF-1CF192FD1A40}.DebugMT|Win32.ActiveCfg = Debug|Win32
		{978CEA86-94D7-41B0-9FDF-1CF192FD1A40}.DebugMT|Win32.Build.0 = Debug|Win32
		{978CEA86-94D7-41B0-9FDF-1CF192FD1A40}.DebugMT|x64.ActiveCfg = Debug|x64
		{978CEA86-94D7-41B0-9FDF-1CF192FD1A40}.DebugMT|x64.Build.0 = Debug|x64
		{978CEA86-94D7-41B0-9FDF-1CF192FD1A40}.DebugST|Win32.ActiveCfg = Debug|Win32
		{978CEA86-94D7-41B0-9FDF-1CF192FD1A40}.DebugST|Win32.Build.0 = Debug|Win32
		{978CEA86-94D7-41B0-9FDF-1CF192FD1A40}.DebugST|x64.ActiveCfg = Debug|x64
		{978CEA86-94D7-41B0-9FDF-1CF192FD1A40}.DebugST|x64.Build.0 = Debug|x64
		{978CEA86-94D7-41B0-9FDF-1CF192FD1A40}.Eval|Win32.ActiveCfg = Release|Win32
		{978CEA86-94D7-41B0-9FDF-1CF192FD1A40}.Eval|Win32.Build.0 = Release|Win32
		{978CEA86-94D7-41B0-9FDF-1CF192FD1A40}.Eval|x64.ActiveCfg = Release|x64
		{978CEA86-94D7-41B0-9FDF-1CF192FD1A40}.Eval|x64.Build.0 = Release|x64
		{978CEA86-94D7-41B0-9FDF-1CF192FD1A40}.NoJimDebug|Win32.ActiveCfg = Debug|Win32
		{978CEA86-94D7-41B0-9FDF-1CF192FD1A40}.NoJimDebug|Win32.Build.0 = Debug|Win32
		{978CEA86-94D7-41B0-9FDF-1CF192FD1A40}.NoJimDebug|x64.ActiveCfg = Debug|x64
		{978CEA86-94D7-41B0-9FDF-1CF192FD1A40}.NoJimDebug|x64.Build.0 = Debug|x64
		{978CEA86-94D7-41B0-9FDF-1CF192FD1A40}.Release|Win32.ActiveCfg = Release|Win32
		{978CEA86-94D7-41B0-9FDF-1CF192FD1A40}.Release|Win32.Build.0 = Release|Win32
		{978CEA86-94D7-41B0-9FDF-1CF192FD1A40}.Release|x64.ActiveCfg = Release|x64
		{978CEA86-94D7-41B0-9FDF-1CF192FD1A40}.Release|x64.Build.0 = Release|x64
		{978CEA86-94D7-41B0-9FDF-1CF192FD1A40}.ReleaseMT|Win32.ActiveCfg = Release|Win32
		{978CEA86-94D7-41B0-9FDF-1CF192FD1A40}.ReleaseMT|Win32.Build.0 = Release|Win32
		{978CEA86-94D7-41B0-9FDF-1CF192FD1A40}.ReleaseMT|x64.ActiveCfg = Release|x64
		{978CEA86-94D7-41B0-9FDF-1CF192FD1A40}.ReleaseMT|x64.Build.0 = Release|x64
		{978CEA86-94D7-41B0-9FDF-1CF192FD1A40}.ReleaseST|Win32.ActiveCfg = Release|Win32
		{978CEA86-94D7-41B0-9FDF-1CF192FD1A40}.ReleaseST|Win32.Build.0 = Release|Win32
		{978CEA86-94D7-41B0-9FDF-1CF192FD1A40}.ReleaseST|x64.ActiveCfg = Release|x64
		{978CEA86-94D7-41B0-9FDF-1CF192FD1A40}.ReleaseST|x64.Build.0 = Release|x64
		{978CEA86-94D7-41B0-9FDF-1CF192FD1A40}.STDebug|Win32.ActiveCfg = Debug|Win32
		{978CEA86-94D7-41B0-9FDF-1CF192FD1A40}.STDebug|Win32.Build.0 = Debug|Win32
		{978CEA86-94D7-41B0-9FDF-1CF192FD1A40}.STDebug|x64.ActiveCfg = Debug|x64
		{978CEA86-94D7-41B0-9FDF-1CF192FD1A40}.STDebug|x64.Build.0 = Debug|x64
		{978CEA86-94D7-41B0-9FDF-1CF192FD1A40}.STRelease|Win32.ActiveCfg = Release|Win32
		{978CEA86-94D7-41B0-9FDF-1CF192FD1A40}.STRelease|Win32.Build.0 = Release|Win32
		{978CEA86-94D7-41B0-9FDF-1CF192FD1A40}.STRelease|x64.ActiveCfg = Release|x64
		{978CEA86-94D7-41B0-9FDF-1CF192FD1A40}.STRelease|x64.Build.0 = Release|x64
		{D346C5DD-C774-4B48-AFA5-D4012B5BAA7A}.cpfgv|Win32.ActiveCfg = Release|Win32
		{D346C5DD-C774-4B48-AFA5-D4012B5BAA7A}.cpfgv|Win32.Build.0 = Release|Win32
		{D346C5DD-C774-4B48-AFA5-D4012B5BAA7A}.cpfgv|x64.ActiveCfg = Release|x64
		{D346C5DD-C774-4B48-AFA5-D4012B5BAA7A}.cpfgv|x64.Build.0 = Release|x64
		{D346C5DD-C774-4B48-AFA5-D4012B5BAA7A}.Debug|Win32.ActiveCfg = Debug|Win32
		{D346C5DD-C774-4B48-AFA5-D4012B5BAA7A}.Debug|Win32.Build.0 = Debug|Win32
		{D346C5DD-C774-4B48-AFA5-D4012B5BAA7A}.Debug|x64.ActiveCfg = Debug|x64
		{D346C5DD-C774-4B48-AFA5-D4012B5BAA7A}.Debug|x64.Build.0 = Debug|x64
		{D346C5DD-C774-4B48-AFA5-D4012B5BAA7A}.DebugMT|Win32.ActiveCfg = Debug|Win32
		{D346C5DD-C774-4B48-AFA5-D4012B5BAA7A}.DebugMT|Win32.Build.0 = Debug|Win32
		{D346C5DD-C774-4B48-AFA5-D4012B5BAA7A}.DebugMT|x64.ActiveCfg = Debug|x64
		{D346C5DD-C774-4B48-AFA5-D4012B5BAA7A}.DebugMT|x64.Build.0 = Debug|x64
		{D346C5DD-C774-4B48-AFA5-D4012B5BAA7A}.DebugST|Win32.ActiveCfg = Debug|Win32
		{D346C5DD-C774-4B48-AFA5-D4012B5BAA7A}.DebugST|Win32.Build.0 = Debug|Win32
		{D346C5DD-C774-4B48-AFA5-D4012B5BAA7A}.DebugST|x64.ActiveCfg = Debug|x64
		{D346C5DD-C774-4B48-AFA5-D4012B5BAA7A}.DebugST|x64.Build.0 = Debug|x64
		{D346C5DD-C774-4B48-AFA5-D4012B5BAA7A}.Eval|Win32.ActiveCfg = Release|Win32
		{D346C5DD-C774-4B48-AFA5-D4012B5BAA7A}.Eval|Win32.Build.0 = Release|Win32
		{D346C5DD-C774-4B48-AFA5-D4012B5BAA7A}.Eval|x64.ActiveCfg = Release|x64
		{D346C5DD-C774-4B48-AFA5-D4012B5BAA7A}.Eval|x64.Build.0 = Release|x64
		{D346C5DD-C774-4B48-AFA5-D4012B5BAA7A}.NoJimDebug|Win32.ActiveCfg = Debug|Win32
		{D346C5DD-C774-4B48-AFA5-D4012B5BAA7A}.NoJimDebug|Win32.Build.0 = Debug|Win32
		{D346C5DD-C774-4B48-AFA5-D4012B5BAA7A}.NoJimDebug|x64.ActiveCfg = Debug|x64
		{D346C5DD-C774-4B48-AFA5-D4012B5BAA7A}.NoJimDebug|x64.Build.0 = Debug|x64
		{D346C5DD-C774-4B48-AFA5-D4012B5BAA7A}.Release|Win32.ActiveCfg = Release|Win32
		{D346C5DD-C774-4B48-AFA5-D4012B5BAA7A}.Release|Win32.Build.0 = Release|Win32
		{D346C5DD-C774-4B48-AFA5-D4012B5BAA7A}.Release|x64.ActiveCfg = Release|x64
		{D346C5DD-C774-4B48-AFA5-D4012B5BAA7A}.Release|x64.Build.0 = Release|x64
		{D346C5DD-C774-4B48-AFA5-D4012B5BAA7A}.ReleaseMT|Win32.ActiveCfg = Release|Win32
		{D346C5DD-C774-4B48-AFA5-D4012B5BAA7A}.ReleaseMT|Win32.Build.0 = Release|Win32
		{D346C5DD-C774-4B48-AFA5-D4012B5BAA7A}.ReleaseMT|x64.ActiveCfg = Release|x64
		{D346C5DD-C774-4B48-AFA5-D4012B5BAA7A}.ReleaseMT|x64.Build.0 = Release|x64
		{D346C5DD-C774-4B48-AFA5-D4012B5BAA7A}.ReleaseST|Win32.ActiveCfg = Release|Win32
		{D346C5DD-C774-4B48-AFA5-D4012B5BAA7A}.ReleaseST|Win32.Build.0 = Release|Win32
		{D346C5DD-C774-4B48-AFA5-D4012B5BAA7A}.ReleaseST|x64.ActiveCfg = Release|x64
		{D346C5DD-C774-4B48-AFA5-D4012B5BAA7A}.ReleaseST|x64.Build.0 = Release|x64
		{D346C5DD-C774-4B48-AFA5-D4012B5BAA7A}.STDebug|Win32.ActiveCfg = Debug|Win32
		{D346C5DD-C774-4B48-AFA5-D4012B5BAA7A}.STDebug|Win32.Build.0 = Debug|Win32
		{D346C5DD-C774-4B48-AFA5-D4012B5BAA7A}.STDebug|x64.ActiveCfg = Debug|x64
		{D346C5DD-C774-4B48-AFA5-D4012B5BAA7A}.STDebug|x64.Build.0 = Debug|x64
		{D346C5DD-C774-4B48-AFA5-D4012B5BAA7A}.STRelease|Win32.ActiveCfg = Release|Win32
		{D346C5DD-C774-4B48-AFA5-D4012B5BAA7A}.STRelease|Win32.Build.0 = Release|Win32
		{D346C5DD-C774-4B48-AFA5-D4012B5BAA7A}.STRelease|x64.ActiveCfg = Release|x64
		{D346C5DD-C774-4B48-AFA5-D4012B5BAA7A}.STRelease|x64.Build.0 = Release|x64
		{6C04CE52-01AC-460F-ACB5-D7D30059268C}.cpfgv|Win32.ActiveCfg = Release|Win32
		{6C04CE52-01AC-460F-ACB5-D7D30059268C}.cpfgv|Win32.Build.0 = Release|Win32
		{6C04CE52-01AC-460F-ACB5-D7D30059268C}.cpfgv|x64.ActiveCfg = Release|x64
		{6C04CE52-01AC-460F-ACB5-D7D30059268C}.cpfgv|x64.Build.0 = Release|x64
		{6C04CE52-01AC-460F-ACB5-D7D30059268C}.Debug|Win32.ActiveCfg = Debug|Win32
		{6C04CE52-01AC-460F-ACB5-D7D30059268C}.Debug|Win32.Build.0 = Debug|Win32
		{6C04CE52-01AC-460F-ACB5-D7D30059268C}.Debug|x64.ActiveCfg = Debug|x64
		{6C04CE52-01AC-460F-ACB5-D7D30059268C}.Debug|x64.Build.0 = Debug|x64
		{6C04CE52-01AC-460F-ACB5-D7D30059268C}.DebugMT|Win32.ActiveCfg = Debug|Win32
		{6C04CE52-01AC-460F-ACB5-D7D30059268C}.DebugMT|Win32.Build.0 = Debug|Win32
		{6C04CE52-01AC-460F-ACB5-D7D30059268C}.DebugMT|x64.ActiveCfg = Debug|x64
		{6C04CE52-01AC-460F-ACB5-D7D30059268C}.DebugMT|x64.Build.0 = Debug|x64
		{6C04CE52-01AC-460F-ACB5-D7D30059268C}.DebugST|Win32.ActiveCfg = Debug|Win32
		{6C04CE52-01AC-460F-ACB5-D7D30059268C}.DebugST|Win32.Build.0 = Debug|Win32
		{6C04CE52-01AC-460F-ACB5-D7D30059268C}.DebugST|x64.ActiveCfg = Debug|x64
		{6C04CE52-01AC-460F-ACB5-D7D30059268C}.DebugST|x64.Build.0 = Debug|x64
		{6C04CE52-01AC-460F-ACB5-D7D30059268C}.Eval|Win32.ActiveCfg = Release|Win32
		{6C04CE52-01AC-460F-ACB5-D7D30059268C}.Eval|Win32.Build.0 = Release|Win32
		{6C04CE52-01AC-460F-ACB5-D7D30059268C}.Eval|x64.ActiveCfg = Release|x64
		{6C04CE52-01AC-460F-ACB5-D7D30059268C}.Eval|x64.Build.0 = Release|x64
		{6C04CE52-01AC-460F-ACB5-D7D30059268C}.NoJimDebug|Win32.ActiveCfg = Debug|Win32
		{6C04CE52-01AC-460F-ACB5-D7D30059268C}.NoJimDebug|Win32.Build.0 = Debug|Win32
		{6C04CE52-01AC-460F-ACB5-D7D30059268C}.NoJimDebug|x64.ActiveCfg = Debug|x64
		{6C04CE52-01AC-460F-ACB5-D7D30059268C}.NoJimDebug|x64.Build.0 = Debug|x64
		{6C04CE52-01AC-460F-ACB5-D7D30059268C}.Release|Win32.ActiveCfg = Release|Win32
		{6C04CE52-01AC-460F-ACB5-D7D30059268C}.Release|Win32.Build.0 = Release|Win32
		{6C04CE52-01AC-460F-ACB5-D7D30059268C}.Release|x64.ActiveCfg = Release|x64
		{6C04CE52-01AC-460F-ACB5-D7D30059268C}.Release|x64.Build.0 = Release|x64
		{6C04CE52-01AC-460F-ACB5-D7D30059268C}.ReleaseMT|Win32.ActiveCfg = Release|Win32
		{6C04CE52-01AC-460F-ACB5-D7D30059268C}.ReleaseMT|Win32.Build.0 = Release|Win32
		{6C04CE52-01AC-460F-ACB5-D7D30059268C}.ReleaseMT|x64.ActiveCfg = Release|x64
		{6C04CE52-01AC-460F-ACB5-D7D30059268C}.ReleaseMT|x64.Build.0 = Release|x64
		{6C04CE52-01AC-460F-ACB5-D7D30059268C}.ReleaseST|Win32.ActiveCfg = Release|Win32
		{6C04CE52-01AC-460F-ACB5-D7D30059268C}.ReleaseST|Win32.Build.0 = Release|Win32
		{6C04CE52-01AC-460F-ACB5-D7D30059268C}.ReleaseST|x64.ActiveCfg = Release|x64
		{6C04CE52-01AC-460F-ACB5-D7D30059268C}.ReleaseST|x64.Build.0 = Release|x64
		{6C04CE52-01AC-460F-ACB5-D7D30059268C}.STDebug|Win32.ActiveCfg = Debug|Win32
		{6C04CE52-01AC-460F-ACB5-D7D30059268C}.STDebug|Win32.Build.0 = Debug|Win32
		{6C04CE52-01AC-460F-ACB5-D7D30059268C}.STDebug|x64.ActiveCfg = Debug|x64
		{6C04CE52-01AC-460F-ACB5-D7D30059268C}.STDebug|x64.Build.0 = Debug|x64
		{6C04CE52-01AC-460F-ACB5-D7D30059268C}.STRelease|Win32.ActiveCfg = Release|Win32
		{6C04CE52-01AC-460F-ACB5-D7D30059268C}.STRelease|Win32.Build.0 = Release|Win32
		{6C04CE52-01AC-460F-ACB5-D7D30059268C}.STRelease|x64.ActiveCfg = Release|x64
		{6C04CE52-01AC-460F-ACB5-D7D30059268C}.STRelease|x64.Build.0 = Release|x64
		{7FCE795D-818E-4C0F-9B50-25E40A15451B}.cpfgv|Win32.ActiveCfg = Release|Win32
		{7FCE795D-818E-4C0F-9B50-25E40A15451B}.cpfgv|Win32.Build.0 = Release|Win32
		{7FCE795D-818E-4C0F-9B50-25E40A15451B}.cpfgv|x64.ActiveCfg = Release|x64
		{7FCE795D-818E-4C0F-9B50-25E40A15451B}.cpfgv|x64.Build.0 = Release|x64
		{7FCE795D-818E-4C0F-9B50-25E40A15451B}.Debug|Win32.ActiveCfg = Debug|Win32
		{7FCE795D-818E-4C0F-9B50-25E40A15451B}.Debug|Win32.Build.0 = Debug|Win32
		{7FCE795D-818E-4C0F-9B50-25E40A15451B}.Debug|x64.ActiveCfg = Debug|x64
		{7FCE795D-818E-4C0F-9B50-25E40A15451B}.Debug|x64.Build.0 = Debug|x64
		{7FCE795D-818E-4C0F-9B50-25E40A15451B}.DebugMT|Win32.ActiveCfg = Debug|Win32
		{7FCE795D-818E-4C0F-9B50-25E40A15451B}.DebugMT|Win32.Build.0 = Debug|Win32
		{7FCE795D-818E-4C0F-9B50-25E40A15451B}.DebugMT|x64.ActiveCfg = Debug|x64
		{7FCE795D-818E-4C0F-9B50-25E40A15451B}.DebugMT|x64.Build.0 = Debug|x64
		{7FCE795D-818E-4C0F-9B50-25E40A15451B}.DebugST|Win32.ActiveCfg = Debug|Win32
		{7FCE795D-818E-4C0F-9B50-25E40A15451B}.DebugST|Win32.Build.0 = Debug|Win32
		{7FCE795D-818E-4C0F-9B50-25E40A15451B}.DebugST|x64.ActiveCfg = Debug|x64
		{7FCE795D-818E-4C0F-9B50-25E40A15451B}.DebugST|x64.Build.0 = Debug|x64
		{7FCE795D-818E-4C0F-9B50-25E40A15451B}.Eval|Win32.ActiveCfg = Release|Win32
		{7FCE795D-818E-4C0F-9B50-25E40A15451B}.Eval|Win32.Build.0 = Release|Win32
		{7FCE795D-818E-4C0F-9B50-25E40A15451B}.Eval|x64.ActiveCfg = Release|x64
		{7FCE795D-818E-4C0F-9B50-25E40A15451B}.Eval|x64.Build.0 = Release|x64
		{7FCE795D-818E-4C0F-9B50-25E40A15451B}.NoJimDebug|Win32.ActiveCfg = Debug|Win32
		{7FCE795D-818E-4C0F-9B50-25E40A15451B}.NoJimDebug|Win32.Build.0 = Debug|Win32
		{7FCE795D-818E-4C0F-9B50-25E40A15451B}.NoJimDebug|x64.ActiveCfg = Debug|x64
		{7FCE795D-818E-4C0F-9B50-25E40A15451B}.NoJimDebug|x64.Build.0 = Debug|x64
		{7FCE795D-818E-4C0F-9B50-25E40A15451B}.Release|Win32.ActiveCfg = Release|Win32
		{7FCE795D-818E-4C0F-9B50-25E40A15451B}.Release|Win32.Build.0 = Release|Win32
		{7FCE795D-818E-4C0F-9B50-25E40A15451B}.Release|x64.ActiveCfg = Release|x64
		{7FCE795D-818E-4C0F-9B50-25E40A15451B}.Release|x64.Build.0 = Release|x64
		{7FCE795D-818E-4C0F-9B50-25E40A15451B}.ReleaseMT|Win32.ActiveCfg = Release|Win32
		{7FCE795D-818E-4C0F-9B50-25E40A15451B}.ReleaseMT|Win32.Build.0 = Release|Win32
		{7FCE795D-818E-4C0F-9B50-25E40A15451B}.ReleaseMT|x64.ActiveCfg = Release|x64
		{7FCE795D-818E-4C0F-9B50-25E40A15451B}.ReleaseMT|x64.Build.0 = Release|x64
		{7FCE795D-818E-4C0F-9B50-25E40A15451B}.ReleaseST|Win32.ActiveCfg = Release|Win32
		{7FCE795D-818E-4C0F-9B50-25E40A15451B}.ReleaseST|Win32.Build.0 = Release|Win32
		{7FCE795D-818E-4C0F-9B50-25E40A15451B}.ReleaseST|x64.ActiveCfg = Release|x64
		{7FCE795D-818E-4C0F-9B50-25E40A15451B}.ReleaseST|x64.Build.0 = Release|x64
		{7FCE795D-818E-4C0F-9B50-25E40A15451B}.STDebug|Win32.ActiveCfg = Debug|Win32
		{7FCE795D-818E-4C0F-9B50-25E40A15451B}.STDebug|Win32.Build.0 = Debug|Win32
		{7FCE795D-818E-4C0F-9B50-25E40A15451B}.STDebug|x64.ActiveCfg = Debug|x64
		{7FCE795D-818E-4C0F-9B50-25E40A15451B}.STDebug|x64.Build.0 = Debug|x64
		{7FCE795D-818E-4C0F-9B50-25E40A15451B}.STRelease|Win32.ActiveCfg = Release|Win32
		{7FCE795D-818E-4C0F-9B50-25E40A15451B}.STRelease|Win32.Build.0 = Release|Win32
		{7FCE795D-818E-4C0F-9B50-25E40A15451B}.STRelease|x64.ActiveCfg = Release|x64
		{7FCE795D-818E-4C0F-9B50-25E40A15451B}.STRelease|x64.Build.0 = Release|x64
		{9E7E3260-D518-4D68-AEB3-59A70217170D}.cpfgv|Win32.ActiveCfg = Release|Win32
		{9E7E3260-D518-4D68-AEB3-59A70217170D}.cpfgv|Win32.Build.0 = Release|Win32
		{9E7E3260-D518-4D68-AEB3-59A70217170D}.cpfgv|x64.ActiveCfg = Release|x64
		{9E7E3260-D518-4D68-AEB3-59A70217170D}.cpfgv|x64.Build.0 = Release|x64
		{9E7E3260-D518-4D68-AEB3-59A70217170D}.Debug|Win32.ActiveCfg = Debug|Win32
		{9E7E3260-D518-4D68-AEB3-59A70217170D}.Debug|Win32.Build.0 = Debug|Win32
		{9E7E3260-D518-4D68-AEB3-59A70217170D}.Debug|x64.ActiveCfg = Debug|x64
		{9E7E3260-D518-4D68-AEB3-59A70217170D}.Debug|x64.Build.0 = Debug|x64
		{9E7E3260-D518-4D68-AEB3-59A70217170D}.DebugMT|Win32.ActiveCfg = Debug|Win32
		{9E7E3260-D518-4D68-AEB3-59A70217170D}.DebugMT|Win32.Build.0 = Debug|Win32
		{9E7E3260-D518-4D68-AEB3-59A70217170D}.DebugMT|x64.ActiveCfg = Debug|x64
		{9E7E3260-D518-4D68-AEB3-59A70217170D}.DebugMT|x64.Build.0 = Debug|x64
		{9E7E3260-D518-4D68-AEB3-59A70217170D}.DebugST|Win32.ActiveCfg = Debug|Win32
		{9E7E3260-D518-4D68-AEB3-59A70217170D}.DebugST|Win32.Build.0 = Debug|Win32
		{9E7E3260-D518-4D68-AEB3-59A70217170D}.DebugST|x64.ActiveCfg = Debug|x64
		{9E7E3260-D518-4D68-AEB3-59A70217170D}.DebugST|x64.Build.0 = Debug|x64
		{9E7E3260-D518-4D68-AEB3-59A70217170D}.Eval|Win32.ActiveCfg = Release|Win32
		{9E7E3260-D518-4D68-AEB3-59A70217170D}.Eval|Win32.Build.0 = Release|Win32
		{9E7E3260-D518-4D68-AEB3-59A70217170D}.Eval|x64.ActiveCfg = Release|x64
		{9E7E3260-D518-4D68-AEB3-59A70217170D}.Eval|x64.Build.0 = Release|x64
		{9E7E3260-D518-4D68-AEB3-59A70217170D}.NoJimDebug|Win32.ActiveCfg = Debug|Win32
		{9E7E3260-D518-4D68-AEB3-59A70217170D}.NoJimDebug|Win32.Build.0 = Debug|Win32
		{9E7E3260-D518-4D68-AEB3-59A70217170D}.NoJimDebug|x64.ActiveCfg = Debug|x64
		{9E7E3260-D518-4D68-AEB3-59A70217170D}.NoJimDebug|x64.Build.0 = Debug|x64
		{9E7E3260-D518-4D68-AEB3-59A70217170D}.Release|Win32.ActiveCfg = Release|Win32
		{9E7E3260-D518-4D68-AEB3-59A70217170D}.Release|Win32.Build.0 = Release|Win32
		{9E7E3260-D518-4D68-AEB3-59A70217170D}.Release|x64.ActiveCfg = Release|x64
		{9E7E3260-D518-4D68-AEB3-59A70217170D}.Release|x64.Build.0 = Release|x64
		{9E7E3260-D518-4D68-AEB3-59A70217170D}.ReleaseMT|Win32.ActiveCfg = Release|Win32
		{9E7E3260-D518-4D68-AEB3-59A70217170D}.ReleaseMT|Win32.Build.0 = Release|Win32
		{9E7E3260-D518-4D68-AEB3-59A70217170D}.ReleaseMT|x64.ActiveCfg = Release|x64
		{9E7E3260-D518-4D68-AEB3-59A70217170D}.ReleaseMT|x64.Build.0 = Release|x64
		{9E7E3260-D518-4D68-AEB3-59A70217170D}.ReleaseST|Win32.ActiveCfg = Release|Win32
		{9E7E3260-D518-4D68-AEB3-59A70217170D}.ReleaseST|Win32.Build.0 = Release|Win32
		{9E7E3260-D518-4D68-AEB3-59A70217170D}.ReleaseST|x64.ActiveCfg = Release|x64
		{9E7E3260-D518-4D68-AEB3-59A70217170D}.ReleaseST|x64.Build.0 = Release|x64
		{9E7E3260-D518-4D68-AEB3-59A70217170D}.STDebug|Win32.ActiveCfg = Debug|Win32
		{9E7E3260-D518-4D68-AEB3-59A70217170D}.STDebug|Win32.Build.0 = Debug|Win32
		{9E7E3260-D518-4D68-AEB3-59A70217170D}.STDebug|x64.ActiveCfg = Debug|x64
		{9E7E3260-D518-4D68-AEB3-59A70217170D}.STDebug|x64.Build.0 = Debug|x64
		{9E7E3260-D518-4D68-AEB3-59A70217170D}.STRelease|Win32.ActiveCfg = Release|Win32
		{9E7E3260-D518-4D68-AEB3-59A70217170D}.STRelease|Win32.Build.0 = Release|Win32
		{9E7E3260-D518-4D68-AEB3-59A70217170D}.STRelease|x64.ActiveCfg = Release|x64
		{9E7E3260-D518-4D68-AEB3-59A70217170D}.STRelease|x64.Build.0 = Release|x64
		{41050F28-1C74-4CBF-996D-F8441AEDEA03}.cpfgv|Win32.ActiveCfg = Release|Win32
		{41050F28-1C74-4CBF-996D-F8441AEDEA03}.cpfgv|Win32.Build.0 = Release|Win32
		{41050F28-1C74-4CBF-996D-F8441AEDEA03}.cpfgv|x64.ActiveCfg = Release|x64
		{41050F28-1C74-4CBF-996D-F8441AEDEA03}.cpfgv|x64.Build.0 = Release|x64
		{41050F28-1C74-4CBF-996D-F8441AEDEA03}.Debug|Win32.ActiveCfg = Debug|Win32
		{41050F28-1C74-4CBF-996D-F8441AEDEA03}.Debug|Win32.Build.0 = Debug|Win32
		{41050F28-1C74-4CBF-996D-F8441AEDEA03}.Debug|x64.ActiveCfg = Debug|x64
		{41050F28-1C74-4CBF-996D-F8441AEDEA03}.Debug|x64.Build.0 = Debug|x64
		{41050F28-1C74-4CBF-996D-F8441AEDEA03}.DebugMT|Win32.ActiveCfg = Debug|Win32
		{41050F28-1C74-4CBF-996D-F8441AEDEA03}.DebugMT|Win32.Build.0 = Debug|Win32
		{41050F28-1C74-4CBF-996D-F8441AEDEA03}.DebugMT|x64.ActiveCfg = Debug|x64
		{41050F28-1C74-4CBF-996D-F8441AEDEA03}.DebugMT|x64.Build.0 = Debug|x64
		{41050F28-1C74-4CBF-996D-F8441AEDEA03}.DebugST|Win32.ActiveCfg = Debug|Win32
		{41050F28-1C74-4CBF-996D-F8441AEDEA03}.DebugST|Win32.Build.0 = Debug|Win32
		{41050F28-1C74-4CBF-996D-F8441AEDEA03}.DebugST|x64.ActiveCfg = Debug|x64
		{41050F28-1C74-4CBF-996D-F8441AEDEA03}.DebugST|x64.Build.0 = Debug|x64
		{41050F28-1C74-4CBF-996D-F8441AEDEA03}.Eval|Win32.ActiveCfg = Release|Win32
		{41050F28-1C74-4CBF-996D-F8441AEDEA03}.Eval|Win32.Build.0 = Release|Win32
		{41050F28-1C74-4CBF-996D-F8441AEDEA03}.Eval|x64.ActiveCfg = Release|x64
		{41050F28-1C74-4CBF-996D-F8441AEDEA03}.Eval|x64.Build.0 = Release|x64
		{41050F28-1C74-4CBF-996D-F8441AEDEA03}.NoJimDebug|Win32.ActiveCfg = Debug|Win32
		{41050F28-1C74-4CBF-996D-F8441AEDEA03}.NoJimDebug|Win32.Build.0 = Debug|Win32
		{41050F28-1C74-4CBF-996D-F8441AEDEA03}.NoJimDebug|x64.ActiveCfg = Debug|x64
		{41050F28-1C74-4CBF-996D-F8441AEDEA03}.NoJimDebug|x64.Build.0 = Debug|x64
		{41050F28-1C74-4CBF-996D-F8441AEDEA03}.Release|Win32.ActiveCfg = Release|Win32
		{41050F28-1C74-4CBF-996D-F8441AEDEA03}.Release|Win32.Build.0 = Release|Win32
		{41050F28-1C74-4CBF-996D-F8441AEDEA03}.Release|x64.ActiveCfg = Release|Win32
		{41050F28-1C74-4CBF-996D-F8441AEDEA03}.Release|x64.Build.0 = Release|Win32
		{41050F28-1C74-4CBF-996D-F8441AEDEA03}.ReleaseMT|Win32.ActiveCfg = Release|Win32
		{41050F28-1C74-4CBF-996D-F8441AEDEA03}.ReleaseMT|Win32.Build.0 = Release|Win32
		{41050F28-1C74-4CBF-996D-F8441AEDEA03}.ReleaseMT|x64.ActiveCfg = Release|x64
		{41050F28-1C74-4CBF-996D-F8441AEDEA03}.ReleaseMT|x64.Build.0 = Release|x64
		{41050F28-1C74-4CBF-996D-F8441AEDEA03}.ReleaseST|Win32.ActiveCfg = Release|Win32
		{41050F28-1C74-4CBF-996D-F8441AEDEA03}.ReleaseST|Win32.Build.0 = Release|Win32
		{41050F28-1C74-4CBF-996D-F8441AEDEA03}.ReleaseST|x64.ActiveCfg = Release|x64
		{41050F28-1C74-4CBF-996D-F8441AEDEA03}.ReleaseST|x64.Build.0 = Release|x64
		{41050F28-1C74-4CBF-996D-F8441AEDEA03}.STDebug|Win32.ActiveCfg = Debug|Win32
		{41050F28-1C74-4CBF-996D-F8441AEDEA03}.STDebug|Win32.Build.0 = Debug|Win32
		{41050F28-1C74-4CBF-996D-F8441AEDEA03}.STDebug|x64.ActiveCfg = Debug|x64
		{41050F28-1C74-4CBF-996D-F8441AEDEA03}.STDebug|x64.Build.0 = Debug|x64
		{41050F28-1C74-4CBF-996D-F8441AEDEA03}.STRelease|Win32.ActiveCfg = Release|Win32
		{41050F28-1C74-4CBF-996D-F8441AEDEA03}.STRelease|Win32.Build.0 = Release|Win32
		{41050F28-1C74-4CBF-996D-F8441AEDEA03}.STRelease|x64.ActiveCfg = Release|x64
		{41050F28-1C74-4CBF-996D-F8441AEDEA03}.STRelease|x64.Build.0 = Release|x64
		{A3097F5B-252B-34B6-9EE1-0F80006C372F}.cpfgv|Win32.ActiveCfg = Debug|Win32
		{A3097F5B-252B-34B6-9EE1-0F80006C372F}.cpfgv|Win32.Build.0 = Debug|Win32
		{A3097F5B-252B-34B6-9EE1-0F80006C372F}.cpfgv|x64.ActiveCfg = Debug|x64
		{A3097F5B-252B-34B6-9EE1-0F80006C372F}.cpfgv|x64.Build.0 = Debug|x64
		{A3097F5B-252B-34B6-9EE1-0F80006C372F}.Debug|Win32.ActiveCfg = Debug|Win32
		{A3097F5B-252B-34B6-9EE1-0F80006C372F}.Debug|Win32.Build.0 = Debug|Win32
		{A3097F5B-252B-34B6-9EE1-0F80006C372F}.Debug|x64.ActiveCfg = Debug|x64
		{A3097F5B-252B-34B6-9EE1-0F80006C372F}.Debug|x64.Build.0 = Debug|x64
		{A3097F5B-252B-34B6-9EE1-0F80006C372F}.DebugMT|Win32.ActiveCfg = Debug|Win32
		{A3097F5B-252B-34B6-9EE1-0F80006C372F}.DebugMT|Win32.Build.0 = Debug|Win32
		{A3097F5B-252B-34B6-9EE1-0F80006C372F}.DebugMT|x64.ActiveCfg = Debug|x64
		{A3097F5B-252B-34B6-9EE1-0F80006C372F}.DebugMT|x64.Build.0 = Debug|x64
		{A3097F5B-252B-34B6-9EE1-0F80006C372F}.DebugST|Win32.ActiveCfg = Debug|Win32
		{A3097F5B-252B-34B6-9EE1-0F80006C372F}.DebugST|Win32.Build.0 = Debug|Win32
		{A3097F5B-252B-34B6-9EE1-0F80006C372F}.DebugST|x64.ActiveCfg = Debug|x64
		{A3097F5B-252B-34B6-9EE1-0F80006C372F}.DebugST|x64.Build.0 = Debug|x64
		{A3097F5B-252B-34B6-9EE1-0F80006C372F}.Eval|Win32.ActiveCfg = Debug|Win32
		{A3097F5B-252B-34B6-9EE1-0F80006C372F}.Eval|Win32.Build.0 = Debug|Win32
		{A3097F5B-252B-34B6-9EE1-0F80006C372F}.Eval|x64.ActiveCfg = Debug|x64
		{A3097F5B-252B-34B6-9EE1-0F80006C372F}.Eval|x64.Build.0 = Debug|x64
		{A3097F5B-252B-34B6-9EE1-0F80006C372F}.NoJimDebug|Win32.ActiveCfg = Debug|Win32
		{A3097F5B-252B-34B6-9EE1-0F80006C372F}.NoJimDebug|Win32.Build.0 = Debug|Win32
		{A3097F5B-252B-34B6-9EE1-0F80006C372F}.NoJimDebug|x64.ActiveCfg = Debug|x64
		{A3097F5B-252B-34B6-9EE1-0F80006C372F}.NoJimDebug|x64.Build.0 = Debug|x64
		{A3097F5B-252B-34B6-9EE1-0F80006C372F}.Release|Win32.ActiveCfg = Release|Win32
		{A3097F5B-252B-34B6-9EE1-0F80006C372F}.Release|x64.ActiveCfg = Release|x64
		{A3097F5B-252B-34B6-9EE1-0F80006C372F}.Release|x64.Build.0 = Release|x64
		{A3097F5B-252B-34B6-9EE1-0F80006C372F}.ReleaseMT|Win32.ActiveCfg = Release|Win32
		{A3097F5B-252B-34B6-9EE1-0F80006C372F}.ReleaseMT|Win32.Build.0 = Release|Win32
		{A3097F5B-252B-34B6-9EE1-0F80006C372F}.ReleaseMT|x64.ActiveCfg = Release|x64
		{A3097F5B-252B-34B6-9EE1-0F80006C372F}.ReleaseMT|x64.Build.0 = Release|x64
		{A3097F5B-252B-34B6-9EE1-0F80006C372F}.ReleaseST|Win32.ActiveCfg = Release|Win32
		{A3097F5B-252B-34B6-9EE1-0F80006C372F}.ReleaseST|Win32.Build.0 = Release|Win32
		{A3097F5B-252B-34B6-9EE1-0F80006C372F}.ReleaseST|x64.ActiveCfg = Release|x64
		{A3097F5B-252B-34B6-9EE1-0F80006C372F}.ReleaseST|x64.Build.0 = Release|x64
		{A3097F5B-252B-34B6-9EE1-0F80006C372F}.STDebug|Win32.ActiveCfg = Debug|Win32
		{A3097F5B-252B-34B6-9EE1-0F80006C372F}.STDebug|Win32.Build.0 = Debug|Win32
		{A3097F5B-252B-34B6-9EE1-0F80006C372F}.STDebug|x64.ActiveCfg = Debug|x64
		{A3097F5B-252B-34B6-9EE1-0F80006C372F}.STDebug|x64.Build.0 = Debug|x64
		{A3097F5B-252B-34B6-9EE1-0F80006C372F}.STRelease|Win32.ActiveCfg = Release|Win32
		{A3097F5B-252B-34B6-9EE1-0F80006C372F}.STRelease|Win32.Build.0 = Release|Win32
		{A3097F5B-252B-34B6-9EE1-0F80006C372F}.STRelease|x64.ActiveCfg = Release|x64
		{A3097F5B-252B-34B6-9EE1-0F80006C372F}.STRelease|x64.Build.0 = Release|x64
	EndGlobalSection
	GlobalSection(SolutionProperties) = preSolution
		HideSolutionNode = FALSE
	EndGlobalSection
	GlobalSection(ExtensibilityGlobals) = postSolution
		SolutionGuid = {6F950FC7-54E4-4881-936E-04B78B92813F}
	EndGlobalSection
EndGlobal
