<?xml version="1.0" encoding="utf-8"?>
<Project ToolsVersion="4.0" xmlns="http://schemas.microsoft.com/developer/msbuild/2003">
  <ItemGroup>
    <Filter Include="Source Files">
      <UniqueIdentifier>{77547bd8-993b-4276-807a-8551e6ac86ad}</UniqueIdentifier>
      <Extensions>cpp;c;cxx;rc;def;r;odl;idl;hpj;bat</Extensions>
    </Filter>
    <Filter Include="Generate">
      <UniqueIdentifier>{0be917ba-1c98-4819-ae0f-5867a1440456}</UniqueIdentifier>
    </Filter>
    <Filter Include="Utils">
      <UniqueIdentifier>{40e750ca-23f6-4a52-97f7-c559f20db7c3}</UniqueIdentifier>
    </Filter>
    <Filter Include="Parameters">
      <UniqueIdentifier>{ed262c8f-c188-454a-957d-90b6746b19a7}</UniqueIdentifier>
    </Filter>
    <Filter Include="Draw">
      <UniqueIdentifier>{8026eb31-bbbc-4a14-8fde-4f7f474064f8}</UniqueIdentifier>
    </Filter>
    <Filter Include="Draw\Textures">
      <UniqueIdentifier>{501bab9d-61ac-42e0-bb52-0a56750c8060}</UniqueIdentifier>
    </Filter>
    <Filter Include="Draw\POVRay">
      <UniqueIdentifier>{59f791b3-f83d-4477-8b9d-085c5a2b2591}</UniqueIdentifier>
    </Filter>
    <Filter Include="Resource Files">
      <UniqueIdentifier>{4afb1028-4846-4944-98e1-363911e6c529}</UniqueIdentifier>
      <Extensions>ico;cur;bmp;dlg;rc2;rct;bin;rgs;gif;jpg;jpeg;jpe</Extensions>
    </Filter>
    <Filter Include="Geometry">
      <UniqueIdentifier>{bda6e347-206b-44fb-80a5-e4a50ba80ead}</UniqueIdentifier>
    </Filter>
    <Filter Include="Geometry\Contour">
      <UniqueIdentifier>{2fe536db-632d-4029-8b57-4e48afcbc4ae}</UniqueIdentifier>
    </Filter>
    <Filter Include="Geometry\Surface">
      <UniqueIdentifier>{c784a44c-f0cc-455b-ab13-e0299eb360fb}</UniqueIdentifier>
    </Filter>
    <Filter Include="Environment">
      <UniqueIdentifier>{f99a04e8-519a-4f25-8247-6ff142b84601}</UniqueIdentifier>
    </Filter>
    <Filter Include="Environment\Tropism">
      <UniqueIdentifier>{fca48bf1-618a-4bfb-90f6-ac534b0dde49}</UniqueIdentifier>
    </Filter>
    <Filter Include="Environment\OpenLsystem">
      <UniqueIdentifier>{8c841beb-4b2e-4765-bb42-c4614218ee5a}</UniqueIdentifier>
    </Filter>
    <Filter Include="Environment\Communication">
      <UniqueIdentifier>{e9b39c62-f97c-43e1-ba56-0fab684b28ac}</UniqueIdentifier>
    </Filter>
    <Filter Include="Terrain">
      <UniqueIdentifier>{9c5cdeff-0969-478d-89e6-110be748213a}</UniqueIdentifier>
    </Filter>
    <Filter Include="Shaders">
      <UniqueIdentifier>{4b569919-ff12-4a99-bb51-57cd3949f272}</UniqueIdentifier>
    </Filter>
  </ItemGroup>
  <ItemGroup>
    <ClCompile Include="..\Lstudio\cmndefs.cpp">
      <Filter>Source Files</Filter>
    </ClCompile>
    <ClCompile Include="lpfg.cpp">
      <Filter>Source Files</Filter>
    </ClCompile>
    <ClCompile Include="lpfgparams.cpp">
      <Filter>Source Files</Filter>
    </ClCompile>
    <ClCompile Include="mainWin.cpp">
      <Filter>Source Files</Filter>
    </ClCompile>
    <ClCompile Include="interface.cpp">
      <Filter>Generate</Filter>
    </ClCompile>
    <ClCompile Include="lderive.cpp">
      <Filter>Generate</Filter>
    </ClCompile>
    <ClCompile Include="lengine.cpp">
      <Filter>Generate</Filter>
    </ClCompile>
    <ClCompile Include="linterpret.cpp">
      <Filter>Generate</Filter>
    </ClCompile>
    <ClCompile Include="lstring.cpp">
      <Filter>Generate</Filter>
    </ClCompile>
    <ClCompile Include="lstriter.cpp">
      <Filter>Generate</Filter>
    </ClCompile>
    <ClCompile Include="lsysdll.cpp">
      <Filter>Generate</Filter>
    </ClCompile>
    <ClCompile Include="mempool.cpp">
      <Filter>Generate</Filter>
    </ClCompile>
    <ClCompile Include="succstor.cpp">
      <Filter>Generate</Filter>
    </ClCompile>
    <ClCompile Include="ActiveFileMonitor.cpp">
      <Filter>Utils</Filter>
    </ClCompile>
    <ClCompile Include="ddb.cpp">
      <Filter>Utils</Filter>
    </ClCompile>
    <ClCompile Include="delay.cpp">
      <Filter>Utils</Filter>
    </ClCompile>
    <ClCompile Include="dynlib.cpp">
      <Filter>Utils</Filter>
    </ClCompile>
    <ClCompile Include="exception.cpp">
      <Filter>Utils</Filter>
    </ClCompile>
    <ClCompile Include="file.cpp">
      <Filter>Utils</Filter>
    </ClCompile>
    <ClCompile Include="glutils.cpp">
      <Filter>Utils</Filter>
    </ClCompile>
    <ClCompile Include="lock.cpp">
      <Filter>Utils</Filter>
    </ClCompile>
    <ClCompile Include="pipepair.cpp">
      <Filter>Utils</Filter>
    </ClCompile>
    <ClCompile Include="rect.cpp">
      <Filter>Utils</Filter>
    </ClCompile>
    <ClCompile Include="utils.cpp">
      <Filter>Utils</Filter>
    </ClCompile>
    <ClCompile Include="animparam.cpp">
      <Filter>Parameters</Filter>
    </ClCompile>
    <ClCompile Include="comlineparam.cpp">
      <Filter>Parameters</Filter>
    </ClCompile>
    <ClCompile Include="configfile.cpp">
      <Filter>Parameters</Filter>
    </ClCompile>
    <ClCompile Include="drawparam.cpp">
      <Filter>Parameters</Filter>
    </ClCompile>
    <ClCompile Include="envparams.cpp">
      <Filter>Parameters</Filter>
    </ClCompile>
    <ClCompile Include="winparams.cpp">
      <Filter>Parameters</Filter>
    </ClCompile>
    <ClCompile Include="colormap.cpp">
      <Filter>Draw</Filter>
    </ClCompile>
    <ClCompile Include="envturtle.cpp">
      <Filter>Draw</Filter>
    </ClCompile>
    <ClCompile Include="gencyldata.cpp">
      <Filter>Draw</Filter>
    </ClCompile>
    <ClCompile Include="gencyltrtl.cpp">
      <Filter>Draw</Filter>
    </ClCompile>
    <ClCompile Include="glenv.cpp">
      <Filter>Draw</Filter>
    </ClCompile>
    <ClCompile Include="glturtle.cpp">
      <Filter>Draw</Filter>
    </ClCompile>
    <ClCompile Include="lightsrc.cpp">
      <Filter>Draw</Filter>
    </ClCompile>
    <ClCompile Include="material.cpp">
      <Filter>Draw</Filter>
    </ClCompile>
    <ClCompile Include="materialset.cpp">
      <Filter>Draw</Filter>
    </ClCompile>
    <ClCompile Include="mesh.cpp">
      <Filter>Draw</Filter>
    </ClCompile>
    <ClCompile Include="numchecktrtl.cpp">
      <Filter>Draw</Filter>
    </ClCompile>
    <ClCompile Include="objout.cpp">
      <Filter>Draw</Filter>
    </ClCompile>
    <ClCompile Include="objturtle.cpp">
      <Filter>Draw</Filter>
    </ClCompile>
    <ClCompile Include="polygon.cpp">
      <Filter>Draw</Filter>
    </ClCompile>
    <ClCompile Include="povrayturtle.cpp">
      <Filter>Draw</Filter>
    </ClCompile>
    <ClCompile Include="psturtle.cpp">
      <Filter>Draw</Filter>
    </ClCompile>
    <ClCompile Include="turtle.cpp">
      <Filter>Draw</Filter>
    </ClCompile>
    <ClCompile Include="view.cpp">
      <Filter>Draw</Filter>
    </ClCompile>
    <ClCompile Include="viewtask.cpp">
      <Filter>Draw</Filter>
    </ClCompile>
    <ClCompile Include="vvturtle.cpp">
      <Filter>Draw</Filter>
    </ClCompile>
    <ClCompile Include="texture.cpp">
      <Filter>Draw\Textures</Filter>
    </ClCompile>
    <ClCompile Include="texturearr.cpp">
      <Filter>Draw\Textures</Filter>
    </ClCompile>
    <ClCompile Include="povmesh.cpp">
      <Filter>Draw\POVRay</Filter>
    </ClCompile>
    <ClCompile Include="povray.cpp">
      <Filter>Draw\POVRay</Filter>
    </ClCompile>
    <ClCompile Include="povtrngl.cpp">
      <Filter>Draw\POVRay</Filter>
    </ClCompile>
    <ClCompile Include="funcs.cpp">
      <Filter>Geometry</Filter>
    </ClCompile>
    <ClCompile Include="function.cpp">
      <Filter>Geometry</Filter>
    </ClCompile>
    <ClCompile Include="projection.cpp">
      <Filter>Geometry</Filter>
    </ClCompile>
    <ClCompile Include="vector3d.cpp">
      <Filter>Geometry</Filter>
    </ClCompile>
    <ClCompile Include="volume.cpp">
      <Filter>Geometry</Filter>
    </ClCompile>
    <ClCompile Include="contour.cpp">
      <Filter>Geometry\Contour</Filter>
    </ClCompile>
    <ClCompile Include="contourarr.cpp">
      <Filter>Geometry\Contour</Filter>
    </ClCompile>
    <ClCompile Include="b_wrapper.cpp">
      <Filter>Geometry\Surface</Filter>
    </ClCompile>
    <ClCompile Include="bsurfarr.cpp">
      <Filter>Geometry\Surface</Filter>
    </ClCompile>
    <ClCompile Include="patch.cpp">
      <Filter>Geometry\Surface</Filter>
    </ClCompile>
    <ClCompile Include="surface.cpp">
      <Filter>Geometry\Surface</Filter>
    </ClCompile>
    <ClCompile Include="surfarr.cpp">
      <Filter>Geometry\Surface</Filter>
    </ClCompile>
    <ClCompile Include="tropism.cpp">
      <Filter>Environment\Tropism</Filter>
    </ClCompile>
    <ClCompile Include="tropismarr.cpp">
      <Filter>Environment\Tropism</Filter>
    </ClCompile>
    <ClCompile Include="tropismdata.cpp">
      <Filter>Environment\Tropism</Filter>
    </ClCompile>
    <ClCompile Include="environment.cpp">
      <Filter>Environment\OpenLsystem</Filter>
    </ClCompile>
    <ClCompile Include="process.cpp">
      <Filter>Environment\Communication</Filter>
    </ClCompile>
    <ClCompile Include="semaphore.cpp">
      <Filter>Environment\Communication</Filter>
    </ClCompile>
    <ClCompile Include="terrain.cpp">
      <Filter>Terrain</Filter>
    </ClCompile>
    <ClCompile Include="terrainPatch.cpp">
      <Filter>Terrain</Filter>
    </ClCompile>
    <ClCompile Include="PerformanceMonitor.cpp">
      <Filter>Source Files</Filter>
    </ClCompile>
    <ClCompile Include="TextFileTurtle.cpp">
      <Filter>Source Files</Filter>
    </ClCompile>
    <ClCompile Include="ContextScanner.cpp">
      <Filter>Source Files</Filter>
    </ClCompile>
    <ClCompile Include="psout.cpp">
      <Filter>Source Files</Filter>
    </ClCompile>
    <ClCompile Include="rayshadeturtle.cpp">
      <Filter>Source Files</Filter>
    </ClCompile>
    <ClCompile Include="fg_geometry.c">
      <Filter>Geometry</Filter>
    </ClCompile>
    <ClCompile Include="..\libs\glew-1.5.4\src\glew.c">
      <Filter>Draw</Filter>
    </ClCompile>
  </ItemGroup>
  <ItemGroup>
    <ClInclude Include="include\lparams.h">
      <Filter>Source Files</Filter>
    </ClInclude>
    <ClInclude Include="lpfg.h">
      <Filter>Source Files</Filter>
    </ClInclude>
    <ClInclude Include="lpfgparams.h">
      <Filter>Source Files</Filter>
    </ClInclude>
    <ClInclude Include="gillespie.h">
      <Filter>Generate</Filter>
    </ClInclude>
    <ClInclude Include="interface.h">
      <Filter>Generate</Filter>
    </ClInclude>
    <ClInclude Include="lengine.h">
      <Filter>Generate</Filter>
    </ClInclude>
    <ClInclude Include="include\lintrfc.h">
      <Filter>Generate</Filter>
    </ClInclude>
    <ClInclude Include="lstring.h">
      <Filter>Generate</Filter>
    </ClInclude>
    <ClInclude Include="lstriter.h">
      <Filter>Generate</Filter>
    </ClInclude>
    <ClInclude Include="lsysdll.h">
      <Filter>Generate</Filter>
    </ClInclude>
    <ClInclude Include="mempool.h">
      <Filter>Generate</Filter>
    </ClInclude>
    <ClInclude Include="succstor.h">
      <Filter>Generate</Filter>
    </ClInclude>
    <ClInclude Include="ActiveFileMonitor.h">
      <Filter>Utils</Filter>
    </ClInclude>
    <ClInclude Include="asrt.h">
      <Filter>Utils</Filter>
    </ClInclude>
    <ClInclude Include="canvas.h">
      <Filter>Utils</Filter>
    </ClInclude>
    <ClInclude Include="ddb.h">
      <Filter>Utils</Filter>
    </ClInclude>
    <ClInclude Include="delay.h">
      <Filter>Utils</Filter>
    </ClInclude>
    <ClInclude Include="dynlib.h">
      <Filter>Utils</Filter>
    </ClInclude>
    <ClInclude Include="exception.h">
      <Filter>Utils</Filter>
    </ClInclude>
    <ClInclude Include="file.h">
      <Filter>Utils</Filter>
    </ClInclude>
    <ClInclude Include="glutils.h">
      <Filter>Utils</Filter>
    </ClInclude>
    <ClInclude Include="lock.h">
      <Filter>Utils</Filter>
    </ClInclude>
    <ClInclude Include="maxpath.h">
      <Filter>Utils</Filter>
    </ClInclude>
    <ClInclude Include="pipepair.h">
      <Filter>Utils</Filter>
    </ClInclude>
    <ClInclude Include="point.h">
      <Filter>Utils</Filter>
    </ClInclude>
    <ClInclude Include="rect.h">
      <Filter>Utils</Filter>
    </ClInclude>
    <ClInclude Include="utils.h">
      <Filter>Utils</Filter>
    </ClInclude>
    <ClInclude Include="animparam.h">
      <Filter>Parameters</Filter>
    </ClInclude>
    <ClInclude Include="clipping.h">
      <Filter>Parameters</Filter>
    </ClInclude>
    <ClInclude Include="comlineparam.h">
      <Filter>Parameters</Filter>
    </ClInclude>
    <ClInclude Include="configfile.h">
      <Filter>Parameters</Filter>
    </ClInclude>
    <ClInclude Include="drawparam.h">
      <Filter>Parameters</Filter>
    </ClInclude>
    <ClInclude Include="envparams.h">
      <Filter>Parameters</Filter>
    </ClInclude>
    <ClInclude Include="winparams.h">
      <Filter>Parameters</Filter>
    </ClInclude>
    <ClInclude Include="colormap.h">
      <Filter>Draw</Filter>
    </ClInclude>
    <ClInclude Include="gencyldata.h">
      <Filter>Draw</Filter>
    </ClInclude>
    <ClInclude Include="glenv.h">
      <Filter>Draw</Filter>
    </ClInclude>
    <ClInclude Include="lightsrc.h">
      <Filter>Draw</Filter>
    </ClInclude>
    <ClInclude Include="material.h">
      <Filter>Draw</Filter>
    </ClInclude>
    <ClInclude Include="materialset.h">
      <Filter>Draw</Filter>
    </ClInclude>
    <ClInclude Include="mesh.h">
      <Filter>Draw</Filter>
    </ClInclude>
    <ClInclude Include="objout.h">
      <Filter>Draw</Filter>
    </ClInclude>
    <ClInclude Include="polygon.h">
      <Filter>Draw</Filter>
    </ClInclude>
    <ClInclude Include="turtle.h">
      <Filter>Draw</Filter>
    </ClInclude>
    <ClInclude Include="view.h">
      <Filter>Draw</Filter>
    </ClInclude>
    <ClInclude Include="viewtask.h">
      <Filter>Draw</Filter>
    </ClInclude>
    <ClInclude Include="texture.h">
      <Filter>Draw\Textures</Filter>
    </ClInclude>
    <ClInclude Include="texturearr.h">
      <Filter>Draw\Textures</Filter>
    </ClInclude>
    <ClInclude Include="povray.h">
      <Filter>Draw\POVRay</Filter>
    </ClInclude>
    <ClInclude Include="resource.h">
      <Filter>Resource Files</Filter>
    </ClInclude>
    <ClInclude Include="funcs.h">
      <Filter>Geometry</Filter>
    </ClInclude>
    <ClInclude Include="function.h">
      <Filter>Geometry</Filter>
    </ClInclude>
    <ClInclude Include="matrix.h">
      <Filter>Geometry</Filter>
    </ClInclude>
    <ClInclude Include="projection.h">
      <Filter>Geometry</Filter>
    </ClInclude>
    <ClInclude Include="quaternion.h">
      <Filter>Geometry</Filter>
    </ClInclude>
    <ClInclude Include="vector3d.h">
      <Filter>Geometry</Filter>
    </ClInclude>
    <ClInclude Include="volume.h">
      <Filter>Geometry</Filter>
    </ClInclude>
    <ClInclude Include="contour.h">
      <Filter>Geometry\Contour</Filter>
    </ClInclude>
    <ClInclude Include="contourarr.h">
      <Filter>Geometry\Contour</Filter>
    </ClInclude>
    <ClInclude Include="b_wrapper.h">
      <Filter>Geometry\Surface</Filter>
    </ClInclude>
    <ClInclude Include="BsurfaceObj.h">
      <Filter>Geometry\Surface</Filter>
    </ClInclude>
    <ClInclude Include="bsurfarr.h">
      <Filter>Geometry\Surface</Filter>
    </ClInclude>
    <ClInclude Include="patch.h">
      <Filter>Geometry\Surface</Filter>
    </ClInclude>
    <ClInclude Include="surface.h">
      <Filter>Geometry\Surface</Filter>
    </ClInclude>
    <ClInclude Include="surfarr.h">
      <Filter>Geometry\Surface</Filter>
    </ClInclude>
    <ClInclude Include="uvprecision.h">
      <Filter>Geometry\Surface</Filter>
    </ClInclude>
    <ClInclude Include="tropism.h">
      <Filter>Environment\Tropism</Filter>
    </ClInclude>
    <ClInclude Include="tropismarr.h">
      <Filter>Environment\Tropism</Filter>
    </ClInclude>
    <ClInclude Include="tropismdata.h">
      <Filter>Environment\Tropism</Filter>
    </ClInclude>
    <ClInclude Include="environment.h">
      <Filter>Environment\OpenLsystem</Filter>
    </ClInclude>
    <ClInclude Include="process.h">
      <Filter>Environment\Communication</Filter>
    </ClInclude>
    <ClInclude Include="semaphore.h">
      <Filter>Environment\Communication</Filter>
    </ClInclude>
    <ClInclude Include="quadTree.h">
      <Filter>Terrain</Filter>
    </ClInclude>
    <ClInclude Include="terrain.h">
      <Filter>Terrain</Filter>
    </ClInclude>
    <ClInclude Include="terrainPatch.h">
      <Filter>Terrain</Filter>
    </ClInclude>
    <ClInclude Include="PerformanceMonitor.h" />
    <ClInclude Include="psout.h" />
    <ClInclude Include="fg_geometry.h">
      <Filter>Geometry</Filter>
    </ClInclude>
  </ItemGroup>
  <ItemGroup>
    <None Include="lpfgWin.imp">
      <Filter>Source Files</Filter>
    </None>
    <None Include="dynlibWin.imp">
      <Filter>Utils</Filter>
    </None>
    <None Include="utilsWin.imp">
      <Filter>Utils</Filter>
    </None>
    <None Include="viewWin.imp">
      <Filter>Draw</Filter>
    </None>
    <None Include="processWin.imp">
      <Filter>Environment\Communication</Filter>
    </None>
    <None Include="semaphoreWin.imp">
      <Filter>Environment\Communication</Filter>
    </None>
    <None Include="todo.txt" />
    <None Include="tofix.txt" />
    <None Include="shaders\main_fshader.glsl">
      <Filter>Shaders</Filter>
    </None>
    <None Include="shaders\main_vshader.glsl">
      <Filter>Shaders</Filter>
    </None>
    <None Include="shaders\shadow_fshader.glsl">
      <Filter>Shaders</Filter>
    </None>
    <None Include="shaders\shadow_vshader.glsl">
      <Filter>Shaders</Filter>
    </None>
  </ItemGroup>
  <ItemGroup>
    <ResourceCompile Include="Resources\lpfg.rc">
      <Filter>Resource Files</Filter>
    </ResourceCompile>
  </ItemGroup>
  <ItemGroup>
    <CustomBuild Include="StdModulesStruct.h" />
  </ItemGroup>
</Project>