Microsoft Visual Studio Solution File, Format Version 8.00
Project("{8BC9CEB8-8B4A-11D0-8D11-00A0C91BC942}") = "ThreeDConnectionDLL", "Connection3D\ThreeDConnectionDLL.vcproj", "{15197593-28F1-4635-88B5-105296FB983F}"
	ProjectSection(ProjectDependencies) = postProject
	EndProjectSection
EndProject
Project("{8BC9CEB8-8B4A-11D0-8D11-00A0C91BC942}") = "WinTablet", "WinTablet\WinTablet.vcproj", "{41050F28-1C74-4CBF-996D-F8441AEDEA03}"
	ProjectSection(ProjectDependencies) = postProject
	EndProjectSection
EndProject
Global
	GlobalSection(SolutionConfiguration) = preSolution
		Debug = Debug
		Release = Release
	EndGlobalSection
	GlobalSection(ProjectConfiguration) = postSolution
		{15197593-28F1-4635-88B5-105296FB983F}.Debug.ActiveCfg = Debug|Win32
		{15197593-28F1-4635-88B5-105296FB983F}.Debug.Build.0 = Debug|Win32
		{15197593-28F1-4635-88B5-105296FB983F}.Release.ActiveCfg = Release|Win32
		{15197593-28F1-4635-88B5-105296FB983F}.Release.Build.0 = Release|Win32
		{41050F28-1C74-4CBF-996D-F8441AEDEA03}.Debug.ActiveCfg = Debug|Win32
		{41050F28-1C74-4CBF-996D-F8441AEDEA03}.Debug.Build.0 = Debug|Win32
		{41050F28-1C74-4CBF-996D-F8441AEDEA03}.Release.ActiveCfg = Release|Win32
		{41050F28-1C74-4CBF-996D-F8441AEDEA03}.Release.Build.0 = Release|Win32
	EndGlobalSection
	GlobalSection(ExtensibilityGlobals) = postSolution
	EndGlobalSection
	GlobalSection(ExtensibilityAddIns) = postSolution
	EndGlobalSection
EndGlobal
